// !$*UTF8*$!
{
	archiveVersion = 1;
	classes = {
	};
	objectVersion = 46;
	objects = {

/* Begin PBXAggregateTarget section */
		7B56A389172EE3170021E5DC /* BuildSmartboardSDK */ = {
			isa = PBXAggregateTarget;
			buildConfigurationList = 7B56A38A172EE3170021E5DC /* Build configuration list for PBXAggregateTarget "BuildSmartboardSDK" */;
			buildPhases = (
				7B56A38D172EE33B0021E5DC /* ShellScript */,
			);
			dependencies = (
			);
			name = BuildSmartboardSDK;
			productName = BuildSmartboardSDK;
		};
/* End PBXAggregateTarget section */

/* Begin PBXBuildFile section */
		7B41CD5D172EFB780012FF63 /* InstructionGuide.rtf in Resources */ = {isa = PBXBuildFile; fileRef = 7B41CD5C172EFB780012FF63 /* InstructionGuide.rtf */; };
		7B56A355172EE09B0021E5DC /* UIKit.framework in Frameworks */ = {isa = PBXBuildFile; fileRef = 7B56A354172EE09B0021E5DC /* UIKit.framework */; };
		7B56A357172EE09B0021E5DC /* Foundation.framework in Frameworks */ = {isa = PBXBuildFile; fileRef = 7B56A356172EE09B0021E5DC /* Foundation.framework */; };
		7B56A359172EE09B0021E5DC /* CoreGraphics.framework in Frameworks */ = {isa = PBXBuildFile; fileRef = 7B56A358172EE09B0021E5DC /* CoreGraphics.framework */; };
		7B56A35F172EE09B0021E5DC /* InfoPlist.strings in Resources */ = {isa = PBXBuildFile; fileRef = 7B56A35D172EE09B0021E5DC /* InfoPlist.strings */; };
		7B56A361172EE09B0021E5DC /* main.m in Sources */ = {isa = PBXBuildFile; fileRef = 7B56A360172EE09B0021E5DC /* main.m */; };
		7B56A365172EE09B0021E5DC /* GSAppDelegate.m in Sources */ = {isa = PBXBuildFile; fileRef = 7B56A364172EE09B0021E5DC /* GSAppDelegate.m */; };
		7B56A367172EE09B0021E5DC /* Default.png in Resources */ = {isa = PBXBuildFile; fileRef = 7B56A366172EE09B0021E5DC /* Default.png */; };
		7B56A369172EE09B0021E5DC /* Default@2x.png in Resources */ = {isa = PBXBuildFile; fileRef = 7B56A368172EE09B0021E5DC /* Default@2x.png */; };
		7B56A36B172EE09B0021E5DC /* Default-568h@2x.png in Resources */ = {isa = PBXBuildFile; fileRef = 7B56A36A172EE09B0021E5DC /* Default-568h@2x.png */; };
		7B56A37B172EE1890021E5DC /* CoreFoundation.framework in Frameworks */ = {isa = PBXBuildFile; fileRef = 7B56A37A172EE1890021E5DC /* CoreFoundation.framework */; };
		7B56A397172EE66B0021E5DC /* Smartboard.h in Headers */ = {isa = PBXBuildFile; fileRef = 7B56A393172EE6590021E5DC /* Smartboard.h */; settings = {ATTRIBUTES = (Public, ); }; };
		7B56A3A3172EE6B40021E5DC /* GSObject.m in Sources */ = {isa = PBXBuildFile; fileRef = 7B56A39A172EE6B40021E5DC /* GSObject.m */; };
		7B56A3A4172EE6B40021E5DC /* GSParseQueryHelper.m in Sources */ = {isa = PBXBuildFile; fileRef = 7B56A39C172EE6B40021E5DC /* GSParseQueryHelper.m */; };
		7B56A3A5172EE6B40021E5DC /* GSSession.m in Sources */ = {isa = PBXBuildFile; fileRef = 7B56A39E172EE6B40021E5DC /* GSSession.m */; };
		7B56A3A6172EE6B40021E5DC /* GSUser.m in Sources */ = {isa = PBXBuildFile; fileRef = 7B56A3A0172EE6B40021E5DC /* GSUser.m */; };
		7B56A3A7172EE6B40021E5DC /* GSUtils.m in Sources */ = {isa = PBXBuildFile; fileRef = 7B56A3A2172EE6B40021E5DC /* GSUtils.m */; };
		7B56A3A8172EE7180021E5DC /* GSObject.m in Sources */ = {isa = PBXBuildFile; fileRef = 7B56A39A172EE6B40021E5DC /* GSObject.m */; };
		7B56A3A9172EE71B0021E5DC /* GSParseQueryHelper.m in Sources */ = {isa = PBXBuildFile; fileRef = 7B56A39C172EE6B40021E5DC /* GSParseQueryHelper.m */; };
		7B56A3AA172EE71C0021E5DC /* GSSession.m in Sources */ = {isa = PBXBuildFile; fileRef = 7B56A39E172EE6B40021E5DC /* GSSession.m */; };
		7B56A3AB172EE71F0021E5DC /* GSUser.m in Sources */ = {isa = PBXBuildFile; fileRef = 7B56A3A0172EE6B40021E5DC /* GSUser.m */; };
		7B56A3AC172EE7210021E5DC /* GSUtils.m in Sources */ = {isa = PBXBuildFile; fileRef = 7B56A3A2172EE6B40021E5DC /* GSUtils.m */; };
		7B56A3AE172EE7370021E5DC /* GSParseQueryHelper.h in Headers */ = {isa = PBXBuildFile; fileRef = 7B56A39B172EE6B40021E5DC /* GSParseQueryHelper.h */; };
		7B56A3AF172EE7450021E5DC /* GSObject.h in Headers */ = {isa = PBXBuildFile; fileRef = 7B56A399172EE6B40021E5DC /* GSObject.h */; settings = {ATTRIBUTES = (Public, ); }; };
		7B56A3B0172EE74A0021E5DC /* GSSession.h in Headers */ = {isa = PBXBuildFile; fileRef = 7B56A39D172EE6B40021E5DC /* GSSession.h */; settings = {ATTRIBUTES = (Public, ); }; };
		7B56A3B1172EE74D0021E5DC /* GSUtils.h in Headers */ = {isa = PBXBuildFile; fileRef = 7B56A3A1172EE6B40021E5DC /* GSUtils.h */; settings = {ATTRIBUTES = (Public, ); }; };
		7B56A3B2172EE7520021E5DC /* GSUser.h in Headers */ = {isa = PBXBuildFile; fileRef = 7B56A39F172EE6B40021E5DC /* GSUser.h */; settings = {ATTRIBUTES = (Public, ); }; };
		7B56A3B6172EE7A00021E5DC /* FacebookSDK.framework in Frameworks */ = {isa = PBXBuildFile; fileRef = 7B56A3B3172EE7A00021E5DC /* FacebookSDK.framework */; };
		7B56A3B7172EE7A00021E5DC /* Firebase.framework in Frameworks */ = {isa = PBXBuildFile; fileRef = 7B56A3B4172EE7A00021E5DC /* Firebase.framework */; };
		7B56A3B8172EE7A00021E5DC /* Parse.framework in Frameworks */ = {isa = PBXBuildFile; fileRef = 7B56A3B5172EE7A00021E5DC /* Parse.framework */; };
		7B56A3ED172EE7CA0021E5DC /* SVProgressHUD.bundle in Resources */ = {isa = PBXBuildFile; fileRef = 7B56A3E0172EE7CA0021E5DC /* SVProgressHUD.bundle */; };
		7B56A3EE172EE7CA0021E5DC /* GSSVProgressHUD.m in Sources */ = {isa = PBXBuildFile; fileRef = 7B56A3E2172EE7CA0021E5DC /* GSSVProgressHUD.m */; };
		7B56A3EF172EE7CA0021E5DC /* NSData+GSBase64.m in Sources */ = {isa = PBXBuildFile; fileRef = 7B56A3E5172EE7CA0021E5DC /* NSData+GSBase64.m */; };
		7B56A3F1172EE7E20021E5DC /* GSSVProgressHUD.h in Headers */ = {isa = PBXBuildFile; fileRef = 7B56A3E1172EE7CA0021E5DC /* GSSVProgressHUD.h */; };
		7B56A3F2172EE7E60021E5DC /* GSSVProgressHUD.m in Sources */ = {isa = PBXBuildFile; fileRef = 7B56A3E2172EE7CA0021E5DC /* GSSVProgressHUD.m */; };
		7B56A3F4172EE7F40021E5DC /* NSData+GSBase64.m in Sources */ = {isa = PBXBuildFile; fileRef = 7B56A3E5172EE7CA0021E5DC /* NSData+GSBase64.m */; };
		7B56A3F5172EE7F70021E5DC /* NSData+GSBase64.h in Headers */ = {isa = PBXBuildFile; fileRef = 7B56A3E4172EE7CA0021E5DC /* NSData+GSBase64.h */; };
		7B56A3F8172EE8670021E5DC /* GSLogInViewController.m in Sources */ = {isa = PBXBuildFile; fileRef = 7B56A3F7172EE8670021E5DC /* GSLogInViewController.m */; };
		7B56A3F9172EE86E0021E5DC /* GSLogInViewController.m in Sources */ = {isa = PBXBuildFile; fileRef = 7B56A3F7172EE8670021E5DC /* GSLogInViewController.m */; };
		7B56A3FA172EE8740021E5DC /* GSLogInViewController.h in Headers */ = {isa = PBXBuildFile; fileRef = 7B56A3F6172EE8670021E5DC /* GSLogInViewController.h */; settings = {ATTRIBUTES = (Public, ); }; };
		7B56A405172EEB620021E5DC /* FacebookSDK.framework in Frameworks */ = {isa = PBXBuildFile; fileRef = 7B56A402172EEB620021E5DC /* FacebookSDK.framework */; };
		7B56A406172EEB620021E5DC /* Firebase.framework in Frameworks */ = {isa = PBXBuildFile; fileRef = 7B56A403172EEB620021E5DC /* Firebase.framework */; };
		7B56A407172EEB620021E5DC /* Parse.framework in Frameworks */ = {isa = PBXBuildFile; fileRef = 7B56A404172EEB620021E5DC /* Parse.framework */; };
		7B56A40E172EED0F0021E5DC /* FacebookSDK.framework in Resources */ = {isa = PBXBuildFile; fileRef = 7B56A402172EEB620021E5DC /* FacebookSDK.framework */; };
		7B56A40F172EED0F0021E5DC /* Firebase.framework in Resources */ = {isa = PBXBuildFile; fileRef = 7B56A403172EEB620021E5DC /* Firebase.framework */; };
		7B56A410172EED0F0021E5DC /* Parse.framework in Resources */ = {isa = PBXBuildFile; fileRef = 7B56A404172EEB620021E5DC /* Parse.framework */; };
		A9B8D9FC1730883E00E7308F /* GSSignUpViewController.m in Sources */ = {isa = PBXBuildFile; fileRef = A9B8D9FA1730883E00E7308F /* GSSignUpViewController.m */; };
		A9B8D9FD1730887400E7308F /* GSSignUpViewController.h in Headers */ = {isa = PBXBuildFile; fileRef = A9B8D9F91730883E00E7308F /* GSSignUpViewController.h */; settings = {ATTRIBUTES = (Public, ); }; };
		A9B8DA0417308BB400E7308F /* GSTheme.h in Headers */ = {isa = PBXBuildFile; fileRef = A9B8D9FE17308BB400E7308F /* GSTheme.h */; };
		A9B8DA0517308BB400E7308F /* GSTheme.m in Sources */ = {isa = PBXBuildFile; fileRef = A9B8D9FF17308BB400E7308F /* GSTheme.m */; };
		A9B8DA0617308BB400E7308F /* UIColor+GSExpanded.h in Headers */ = {isa = PBXBuildFile; fileRef = A9B8DA0017308BB400E7308F /* UIColor+GSExpanded.h */; };
		A9B8DA0717308BB400E7308F /* UIColor+GSExpanded.m in Sources */ = {isa = PBXBuildFile; fileRef = A9B8DA0117308BB400E7308F /* UIColor+GSExpanded.m */; };
		A9B8DA0817308BB400E7308F /* UITextField+GSCustomPlaceholderTextColor.h in Headers */ = {isa = PBXBuildFile; fileRef = A9B8DA0217308BB400E7308F /* UITextField+GSCustomPlaceholderTextColor.h */; };
		A9B8DA0917308BB400E7308F /* UITextField+GSCustomPlaceholderTextColor.m in Sources */ = {isa = PBXBuildFile; fileRef = A9B8DA0317308BB400E7308F /* UITextField+GSCustomPlaceholderTextColor.m */; };
		A9B8DA2117308DFD00E7308F /* LICENSE in Resources */ = {isa = PBXBuildFile; fileRef = A9B8DA0C17308DFD00E7308F /* LICENSE */; };
		A9B8DA2217308DFD00E7308F /* CoreTextUtils.h in Headers */ = {isa = PBXBuildFile; fileRef = A9B8DA0E17308DFD00E7308F /* CoreTextUtils.h */; };
		A9B8DA2317308DFD00E7308F /* CoreTextUtils.m in Sources */ = {isa = PBXBuildFile; fileRef = A9B8DA0F17308DFD00E7308F /* CoreTextUtils.m */; };
		A9B8DA2417308DFD00E7308F /* NSAttributedString+Attributes.h in Headers */ = {isa = PBXBuildFile; fileRef = A9B8DA1117308DFD00E7308F /* NSAttributedString+Attributes.h */; };
		A9B8DA2517308DFD00E7308F /* NSAttributedString+Attributes.m in Sources */ = {isa = PBXBuildFile; fileRef = A9B8DA1217308DFD00E7308F /* NSAttributedString+Attributes.m */; };
		A9B8DA2617308DFD00E7308F /* NSTextCheckingResult+ExtendedURL.h in Headers */ = {isa = PBXBuildFile; fileRef = A9B8DA1317308DFD00E7308F /* NSTextCheckingResult+ExtendedURL.h */; };
		A9B8DA2717308DFD00E7308F /* NSTextCheckingResult+ExtendedURL.m in Sources */ = {isa = PBXBuildFile; fileRef = A9B8DA1417308DFD00E7308F /* NSTextCheckingResult+ExtendedURL.m */; };
		A9B8DA2817308DFD00E7308F /* OHAttributedLabel.h in Headers */ = {isa = PBXBuildFile; fileRef = A9B8DA1517308DFD00E7308F /* OHAttributedLabel.h */; };
		A9B8DA2917308DFD00E7308F /* OHAttributedLabel.m in Sources */ = {isa = PBXBuildFile; fileRef = A9B8DA1617308DFD00E7308F /* OHAttributedLabel.m */; };
		A9B8DA2A17308DFD00E7308F /* OHParagraphStyle.h in Headers */ = {isa = PBXBuildFile; fileRef = A9B8DA1717308DFD00E7308F /* OHParagraphStyle.h */; };
		A9B8DA2B17308DFD00E7308F /* OHParagraphStyle.m in Sources */ = {isa = PBXBuildFile; fileRef = A9B8DA1817308DFD00E7308F /* OHParagraphStyle.m */; };
		A9B8DA2C17308DFD00E7308F /* OHASBasicHTMLParser.h in Headers */ = {isa = PBXBuildFile; fileRef = A9B8DA1A17308DFD00E7308F /* OHASBasicHTMLParser.h */; };
		A9B8DA2D17308DFD00E7308F /* OHASBasicHTMLParser.m in Sources */ = {isa = PBXBuildFile; fileRef = A9B8DA1B17308DFD00E7308F /* OHASBasicHTMLParser.m */; };
		A9B8DA2E17308DFD00E7308F /* OHASBasicMarkupParser.h in Headers */ = {isa = PBXBuildFile; fileRef = A9B8DA1C17308DFD00E7308F /* OHASBasicMarkupParser.h */; };
		A9B8DA2F17308DFD00E7308F /* OHASBasicMarkupParser.m in Sources */ = {isa = PBXBuildFile; fileRef = A9B8DA1D17308DFD00E7308F /* OHASBasicMarkupParser.m */; };
		A9B8DA3017308DFD00E7308F /* OHASMarkupParserBase.h in Headers */ = {isa = PBXBuildFile; fileRef = A9B8DA1E17308DFD00E7308F /* OHASMarkupParserBase.h */; };
		A9B8DA3117308DFD00E7308F /* OHASMarkupParserBase.m in Sources */ = {isa = PBXBuildFile; fileRef = A9B8DA1F17308DFD00E7308F /* OHASMarkupParserBase.m */; };
		A9B8DA3217308DFD00E7308F /* README.md in Resources */ = {isa = PBXBuildFile; fileRef = A9B8DA2017308DFD00E7308F /* README.md */; };
/* End PBXBuildFile section */

/* Begin PBXFileReference section */
		7B41CD5C172EFB780012FF63 /* InstructionGuide.rtf */ = {isa = PBXFileReference; fileEncoding = 4; lastKnownFileType = text.rtf; path = InstructionGuide.rtf; sourceTree = "<group>"; };
		7B56A351172EE09B0021E5DC /* SmartboardSDK.app */ = {isa = PBXFileReference; explicitFileType = wrapper.application; includeInIndex = 0; path = SmartboardSDK.app; sourceTree = BUILT_PRODUCTS_DIR; };
		7B56A354172EE09B0021E5DC /* UIKit.framework */ = {isa = PBXFileReference; lastKnownFileType = wrapper.framework; name = UIKit.framework; path = System/Library/Frameworks/UIKit.framework; sourceTree = SDKROOT; };
		7B56A356172EE09B0021E5DC /* Foundation.framework */ = {isa = PBXFileReference; lastKnownFileType = wrapper.framework; name = Foundation.framework; path = System/Library/Frameworks/Foundation.framework; sourceTree = SDKROOT; };
		7B56A358172EE09B0021E5DC /* CoreGraphics.framework */ = {isa = PBXFileReference; lastKnownFileType = wrapper.framework; name = CoreGraphics.framework; path = System/Library/Frameworks/CoreGraphics.framework; sourceTree = SDKROOT; };
		7B56A35C172EE09B0021E5DC /* SmartboardSDK-Info.plist */ = {isa = PBXFileReference; lastKnownFileType = text.plist.xml; path = "SmartboardSDK-Info.plist"; sourceTree = "<group>"; };
		7B56A35E172EE09B0021E5DC /* en */ = {isa = PBXFileReference; lastKnownFileType = text.plist.strings; name = en; path = en.lproj/InfoPlist.strings; sourceTree = "<group>"; };
		7B56A360172EE09B0021E5DC /* main.m */ = {isa = PBXFileReference; lastKnownFileType = sourcecode.c.objc; path = main.m; sourceTree = "<group>"; };
		7B56A362172EE09B0021E5DC /* SmartboardSDK-Prefix.pch */ = {isa = PBXFileReference; lastKnownFileType = sourcecode.c.h; path = "SmartboardSDK-Prefix.pch"; sourceTree = "<group>"; };
		7B56A363172EE09B0021E5DC /* GSAppDelegate.h */ = {isa = PBXFileReference; lastKnownFileType = sourcecode.c.h; path = GSAppDelegate.h; sourceTree = "<group>"; };
		7B56A364172EE09B0021E5DC /* GSAppDelegate.m */ = {isa = PBXFileReference; lastKnownFileType = sourcecode.c.objc; path = GSAppDelegate.m; sourceTree = "<group>"; };
		7B56A366172EE09B0021E5DC /* Default.png */ = {isa = PBXFileReference; lastKnownFileType = image.png; path = Default.png; sourceTree = "<group>"; };
		7B56A368172EE09B0021E5DC /* Default@2x.png */ = {isa = PBXFileReference; lastKnownFileType = image.png; path = "Default@2x.png"; sourceTree = "<group>"; };
		7B56A36A172EE09B0021E5DC /* Default-568h@2x.png */ = {isa = PBXFileReference; lastKnownFileType = image.png; path = "Default-568h@2x.png"; sourceTree = "<group>"; };
		7B56A379172EE1890021E5DC /* Smartboard.framework */ = {isa = PBXFileReference; explicitFileType = wrapper.cfbundle; includeInIndex = 0; path = Smartboard.framework; sourceTree = BUILT_PRODUCTS_DIR; };
		7B56A37A172EE1890021E5DC /* CoreFoundation.framework */ = {isa = PBXFileReference; lastKnownFileType = wrapper.framework; name = CoreFoundation.framework; path = System/Library/Frameworks/CoreFoundation.framework; sourceTree = SDKROOT; };
		7B56A37E172EE1890021E5DC /* SmartboardSDKBundle-Info.plist */ = {isa = PBXFileReference; lastKnownFileType = text.plist.xml; path = "SmartboardSDKBundle-Info.plist"; sourceTree = "<group>"; };
		7B56A380172EE1890021E5DC /* en */ = {isa = PBXFileReference; lastKnownFileType = text.plist.strings; name = en; path = en.lproj/InfoPlist.strings; sourceTree = "<group>"; };
		7B56A382172EE1890021E5DC /* SmartboardSDKBundle-Prefix.pch */ = {isa = PBXFileReference; lastKnownFileType = sourcecode.c.h; path = "SmartboardSDKBundle-Prefix.pch"; sourceTree = "<group>"; };
		7B56A393172EE6590021E5DC /* Smartboard.h */ = {isa = PBXFileReference; fileEncoding = 4; lastKnownFileType = sourcecode.c.h; path = Smartboard.h; sourceTree = "<group>"; };
		7B56A399172EE6B40021E5DC /* GSObject.h */ = {isa = PBXFileReference; fileEncoding = 4; lastKnownFileType = sourcecode.c.h; path = GSObject.h; sourceTree = "<group>"; };
		7B56A39A172EE6B40021E5DC /* GSObject.m */ = {isa = PBXFileReference; fileEncoding = 4; lastKnownFileType = sourcecode.c.objc; path = GSObject.m; sourceTree = "<group>"; };
		7B56A39B172EE6B40021E5DC /* GSParseQueryHelper.h */ = {isa = PBXFileReference; fileEncoding = 4; lastKnownFileType = sourcecode.c.h; path = GSParseQueryHelper.h; sourceTree = "<group>"; };
		7B56A39C172EE6B40021E5DC /* GSParseQueryHelper.m */ = {isa = PBXFileReference; fileEncoding = 4; lastKnownFileType = sourcecode.c.objc; path = GSParseQueryHelper.m; sourceTree = "<group>"; };
		7B56A39D172EE6B40021E5DC /* GSSession.h */ = {isa = PBXFileReference; fileEncoding = 4; lastKnownFileType = sourcecode.c.h; path = GSSession.h; sourceTree = "<group>"; };
		7B56A39E172EE6B40021E5DC /* GSSession.m */ = {isa = PBXFileReference; fileEncoding = 4; lastKnownFileType = sourcecode.c.objc; path = GSSession.m; sourceTree = "<group>"; };
		7B56A39F172EE6B40021E5DC /* GSUser.h */ = {isa = PBXFileReference; fileEncoding = 4; lastKnownFileType = sourcecode.c.h; path = GSUser.h; sourceTree = "<group>"; };
		7B56A3A0172EE6B40021E5DC /* GSUser.m */ = {isa = PBXFileReference; fileEncoding = 4; lastKnownFileType = sourcecode.c.objc; path = GSUser.m; sourceTree = "<group>"; };
		7B56A3A1172EE6B40021E5DC /* GSUtils.h */ = {isa = PBXFileReference; fileEncoding = 4; lastKnownFileType = sourcecode.c.h; path = GSUtils.h; sourceTree = "<group>"; };
		7B56A3A2172EE6B40021E5DC /* GSUtils.m */ = {isa = PBXFileReference; fileEncoding = 4; lastKnownFileType = sourcecode.c.objc; path = GSUtils.m; sourceTree = "<group>"; };
		7B56A3B3172EE7A00021E5DC /* FacebookSDK.framework */ = {isa = PBXFileReference; lastKnownFileType = wrapper.framework; name = FacebookSDK.framework; path = SmartboardSDK/SDKs/FacebookSDK.framework; sourceTree = "<group>"; };
		7B56A3B4172EE7A00021E5DC /* Firebase.framework */ = {isa = PBXFileReference; lastKnownFileType = wrapper.framework; name = Firebase.framework; path = SmartboardSDK/SDKs/Firebase.framework; sourceTree = "<group>"; };
		7B56A3B5172EE7A00021E5DC /* Parse.framework */ = {isa = PBXFileReference; lastKnownFileType = wrapper.framework; name = Parse.framework; path = SmartboardSDK/SDKs/Parse.framework; sourceTree = "<group>"; };
		7B56A3E0172EE7CA0021E5DC /* SVProgressHUD.bundle */ = {isa = PBXFileReference; lastKnownFileType = "wrapper.plug-in"; path = SVProgressHUD.bundle; sourceTree = "<group>"; };
		7B56A3E1172EE7CA0021E5DC /* GSSVProgressHUD.h */ = {isa = PBXFileReference; fileEncoding = 4; lastKnownFileType = sourcecode.c.h; path = GSSVProgressHUD.h; sourceTree = "<group>"; };
		7B56A3E2172EE7CA0021E5DC /* GSSVProgressHUD.m */ = {isa = PBXFileReference; fileEncoding = 4; lastKnownFileType = sourcecode.c.objc; path = GSSVProgressHUD.m; sourceTree = "<group>"; };
		7B56A3E4172EE7CA0021E5DC /* NSData+GSBase64.h */ = {isa = PBXFileReference; fileEncoding = 4; lastKnownFileType = sourcecode.c.h; path = "NSData+GSBase64.h"; sourceTree = "<group>"; };
		7B56A3E5172EE7CA0021E5DC /* NSData+GSBase64.m */ = {isa = PBXFileReference; fileEncoding = 4; lastKnownFileType = sourcecode.c.objc; path = "NSData+GSBase64.m"; sourceTree = "<group>"; };
		7B56A3F6172EE8670021E5DC /* GSLogInViewController.h */ = {isa = PBXFileReference; fileEncoding = 4; lastKnownFileType = sourcecode.c.h; path = GSLogInViewController.h; sourceTree = "<group>"; };
		7B56A3F7172EE8670021E5DC /* GSLogInViewController.m */ = {isa = PBXFileReference; fileEncoding = 4; lastKnownFileType = sourcecode.c.objc; path = GSLogInViewController.m; sourceTree = "<group>"; };
		7B56A402172EEB620021E5DC /* FacebookSDK.framework */ = {isa = PBXFileReference; lastKnownFileType = wrapper.framework; path = FacebookSDK.framework; sourceTree = "<group>"; };
		7B56A403172EEB620021E5DC /* Firebase.framework */ = {isa = PBXFileReference; lastKnownFileType = wrapper.framework; path = Firebase.framework; sourceTree = "<group>"; };
		7B56A404172EEB620021E5DC /* Parse.framework */ = {isa = PBXFileReference; lastKnownFileType = wrapper.framework; path = Parse.framework; sourceTree = "<group>"; };
		A9B8D9F91730883E00E7308F /* GSSignUpViewController.h */ = {isa = PBXFileReference; fileEncoding = 4; lastKnownFileType = sourcecode.c.h; path = GSSignUpViewController.h; sourceTree = "<group>"; };
		A9B8D9FA1730883E00E7308F /* GSSignUpViewController.m */ = {isa = PBXFileReference; fileEncoding = 4; lastKnownFileType = sourcecode.c.objc; path = GSSignUpViewController.m; sourceTree = "<group>"; };
		A9B8D9FE17308BB400E7308F /* GSTheme.h */ = {isa = PBXFileReference; fileEncoding = 4; lastKnownFileType = sourcecode.c.h; path = GSTheme.h; sourceTree = "<group>"; };
		A9B8D9FF17308BB400E7308F /* GSTheme.m */ = {isa = PBXFileReference; fileEncoding = 4; lastKnownFileType = sourcecode.c.objc; path = GSTheme.m; sourceTree = "<group>"; };
		A9B8DA0017308BB400E7308F /* UIColor+GSExpanded.h */ = {isa = PBXFileReference; fileEncoding = 4; lastKnownFileType = sourcecode.c.h; path = "UIColor+GSExpanded.h"; sourceTree = "<group>"; };
		A9B8DA0117308BB400E7308F /* UIColor+GSExpanded.m */ = {isa = PBXFileReference; fileEncoding = 4; lastKnownFileType = sourcecode.c.objc; path = "UIColor+GSExpanded.m"; sourceTree = "<group>"; };
		A9B8DA0217308BB400E7308F /* UITextField+GSCustomPlaceholderTextColor.h */ = {isa = PBXFileReference; fileEncoding = 4; lastKnownFileType = sourcecode.c.h; path = "UITextField+GSCustomPlaceholderTextColor.h"; sourceTree = "<group>"; };
		A9B8DA0317308BB400E7308F /* UITextField+GSCustomPlaceholderTextColor.m */ = {isa = PBXFileReference; fileEncoding = 4; lastKnownFileType = sourcecode.c.objc; path = "UITextField+GSCustomPlaceholderTextColor.m"; sourceTree = "<group>"; };
		A9B8DA0C17308DFD00E7308F /* LICENSE */ = {isa = PBXFileReference; fileEncoding = 4; lastKnownFileType = text; path = LICENSE; sourceTree = "<group>"; };
		A9B8DA0E17308DFD00E7308F /* CoreTextUtils.h */ = {isa = PBXFileReference; fileEncoding = 4; lastKnownFileType = sourcecode.c.h; path = CoreTextUtils.h; sourceTree = "<group>"; };
		A9B8DA0F17308DFD00E7308F /* CoreTextUtils.m */ = {isa = PBXFileReference; fileEncoding = 4; lastKnownFileType = sourcecode.c.objc; path = CoreTextUtils.m; sourceTree = "<group>"; };
		A9B8DA1117308DFD00E7308F /* NSAttributedString+Attributes.h */ = {isa = PBXFileReference; fileEncoding = 4; lastKnownFileType = sourcecode.c.h; path = "NSAttributedString+Attributes.h"; sourceTree = "<group>"; };
		A9B8DA1217308DFD00E7308F /* NSAttributedString+Attributes.m */ = {isa = PBXFileReference; fileEncoding = 4; lastKnownFileType = sourcecode.c.objc; path = "NSAttributedString+Attributes.m"; sourceTree = "<group>"; };
		A9B8DA1317308DFD00E7308F /* NSTextCheckingResult+ExtendedURL.h */ = {isa = PBXFileReference; fileEncoding = 4; lastKnownFileType = sourcecode.c.h; path = "NSTextCheckingResult+ExtendedURL.h"; sourceTree = "<group>"; };
		A9B8DA1417308DFD00E7308F /* NSTextCheckingResult+ExtendedURL.m */ = {isa = PBXFileReference; fileEncoding = 4; lastKnownFileType = sourcecode.c.objc; path = "NSTextCheckingResult+ExtendedURL.m"; sourceTree = "<group>"; };
		A9B8DA1517308DFD00E7308F /* OHAttributedLabel.h */ = {isa = PBXFileReference; fileEncoding = 4; lastKnownFileType = sourcecode.c.h; path = OHAttributedLabel.h; sourceTree = "<group>"; };
		A9B8DA1617308DFD00E7308F /* OHAttributedLabel.m */ = {isa = PBXFileReference; fileEncoding = 4; lastKnownFileType = sourcecode.c.objc; path = OHAttributedLabel.m; sourceTree = "<group>"; };
		A9B8DA1717308DFD00E7308F /* OHParagraphStyle.h */ = {isa = PBXFileReference; fileEncoding = 4; lastKnownFileType = sourcecode.c.h; path = OHParagraphStyle.h; sourceTree = "<group>"; };
		A9B8DA1817308DFD00E7308F /* OHParagraphStyle.m */ = {isa = PBXFileReference; fileEncoding = 4; lastKnownFileType = sourcecode.c.objc; path = OHParagraphStyle.m; sourceTree = "<group>"; };
		A9B8DA1A17308DFD00E7308F /* OHASBasicHTMLParser.h */ = {isa = PBXFileReference; fileEncoding = 4; lastKnownFileType = sourcecode.c.h; path = OHASBasicHTMLParser.h; sourceTree = "<group>"; };
		A9B8DA1B17308DFD00E7308F /* OHASBasicHTMLParser.m */ = {isa = PBXFileReference; fileEncoding = 4; lastKnownFileType = sourcecode.c.objc; path = OHASBasicHTMLParser.m; sourceTree = "<group>"; };
		A9B8DA1C17308DFD00E7308F /* OHASBasicMarkupParser.h */ = {isa = PBXFileReference; fileEncoding = 4; lastKnownFileType = sourcecode.c.h; path = OHASBasicMarkupParser.h; sourceTree = "<group>"; };
		A9B8DA1D17308DFD00E7308F /* OHASBasicMarkupParser.m */ = {isa = PBXFileReference; fileEncoding = 4; lastKnownFileType = sourcecode.c.objc; path = OHASBasicMarkupParser.m; sourceTree = "<group>"; };
		A9B8DA1E17308DFD00E7308F /* OHASMarkupParserBase.h */ = {isa = PBXFileReference; fileEncoding = 4; lastKnownFileType = sourcecode.c.h; path = OHASMarkupParserBase.h; sourceTree = "<group>"; };
		A9B8DA1F17308DFD00E7308F /* OHASMarkupParserBase.m */ = {isa = PBXFileReference; fileEncoding = 4; lastKnownFileType = sourcecode.c.objc; path = OHASMarkupParserBase.m; sourceTree = "<group>"; };
		A9B8DA2017308DFD00E7308F /* README.md */ = {isa = PBXFileReference; fileEncoding = 4; lastKnownFileType = text; path = README.md; sourceTree = "<group>"; };
/* End PBXFileReference section */

/* Begin PBXFrameworksBuildPhase section */
		7B56A34E172EE09B0021E5DC /* Frameworks */ = {
			isa = PBXFrameworksBuildPhase;
			buildActionMask = 2147483647;
			files = (
				7B56A355172EE09B0021E5DC /* UIKit.framework in Frameworks */,
				7B56A357172EE09B0021E5DC /* Foundation.framework in Frameworks */,
				7B56A359172EE09B0021E5DC /* CoreGraphics.framework in Frameworks */,
				7B56A405172EEB620021E5DC /* FacebookSDK.framework in Frameworks */,
				7B56A406172EEB620021E5DC /* Firebase.framework in Frameworks */,
				7B56A407172EEB620021E5DC /* Parse.framework in Frameworks */,
			);
			runOnlyForDeploymentPostprocessing = 0;
		};
		7B56A376172EE1890021E5DC /* Frameworks */ = {
			isa = PBXFrameworksBuildPhase;
			buildActionMask = 2147483647;
			files = (
				7B56A3B6172EE7A00021E5DC /* FacebookSDK.framework in Frameworks */,
				7B56A3B7172EE7A00021E5DC /* Firebase.framework in Frameworks */,
				7B56A3B8172EE7A00021E5DC /* Parse.framework in Frameworks */,
				7B56A37B172EE1890021E5DC /* CoreFoundation.framework in Frameworks */,
			);
			runOnlyForDeploymentPostprocessing = 0;
		};
/* End PBXFrameworksBuildPhase section */

/* Begin PBXGroup section */
		7B56A348172EE09B0021E5DC = {
			isa = PBXGroup;
			children = (
				7B56A35A172EE09B0021E5DC /* SmartboardSDK */,
				7B56A37C172EE1890021E5DC /* SmartboardSDKBundle */,
				7B56A353172EE09B0021E5DC /* Frameworks */,
				7B56A352172EE09B0021E5DC /* Products */,
			);
			sourceTree = "<group>";
		};
		7B56A352172EE09B0021E5DC /* Products */ = {
			isa = PBXGroup;
			children = (
				7B56A351172EE09B0021E5DC /* SmartboardSDK.app */,
				7B56A379172EE1890021E5DC /* Smartboard.framework */,
			);
			name = Products;
			sourceTree = "<group>";
		};
		7B56A353172EE09B0021E5DC /* Frameworks */ = {
			isa = PBXGroup;
			children = (
				7B56A3B3172EE7A00021E5DC /* FacebookSDK.framework */,
				7B56A3B4172EE7A00021E5DC /* Firebase.framework */,
				7B56A3B5172EE7A00021E5DC /* Parse.framework */,
				7B56A354172EE09B0021E5DC /* UIKit.framework */,
				7B56A356172EE09B0021E5DC /* Foundation.framework */,
				7B56A358172EE09B0021E5DC /* CoreGraphics.framework */,
				7B56A37A172EE1890021E5DC /* CoreFoundation.framework */,
			);
			name = Frameworks;
			sourceTree = "<group>";
		};
		7B56A35A172EE09B0021E5DC /* SmartboardSDK */ = {
			isa = PBXGroup;
			children = (
				7B41CD5C172EFB780012FF63 /* InstructionGuide.rtf */,
				7B56A371172EE0E30021E5DC /* Class */,
				7B56A363172EE09B0021E5DC /* GSAppDelegate.h */,
				7B56A364172EE09B0021E5DC /* GSAppDelegate.m */,
				7B56A35B172EE09B0021E5DC /* Supporting Files */,
			);
			path = SmartboardSDK;
			sourceTree = "<group>";
		};
		7B56A35B172EE09B0021E5DC /* Supporting Files */ = {
			isa = PBXGroup;
			children = (
				7B56A35C172EE09B0021E5DC /* SmartboardSDK-Info.plist */,
				7B56A35D172EE09B0021E5DC /* InfoPlist.strings */,
				7B56A360172EE09B0021E5DC /* main.m */,
				7B56A362172EE09B0021E5DC /* SmartboardSDK-Prefix.pch */,
				7B56A366172EE09B0021E5DC /* Default.png */,
				7B56A368172EE09B0021E5DC /* Default@2x.png */,
				7B56A36A172EE09B0021E5DC /* Default-568h@2x.png */,
			);
			name = "Supporting Files";
			sourceTree = "<group>";
		};
		7B56A371172EE0E30021E5DC /* Class */ = {
			isa = PBXGroup;
			children = (
				7B56A393172EE6590021E5DC /* Smartboard.h */,
				7B56A398172EE6B40021E5DC /* SourceCode */,
				7B56A401172EEB620021E5DC /* SDKs */,
				7B56A3D4172EE7CA0021E5DC /* Support */,
			);
			name = Class;
			sourceTree = "<group>";
		};
		7B56A37C172EE1890021E5DC /* SmartboardSDKBundle */ = {
			isa = PBXGroup;
			children = (
				7B56A37D172EE1890021E5DC /* Supporting Files */,
			);
			path = SmartboardSDKBundle;
			sourceTree = "<group>";
		};
		7B56A37D172EE1890021E5DC /* Supporting Files */ = {
			isa = PBXGroup;
			children = (
				7B56A37E172EE1890021E5DC /* SmartboardSDKBundle-Info.plist */,
				7B56A37F172EE1890021E5DC /* InfoPlist.strings */,
				7B56A382172EE1890021E5DC /* SmartboardSDKBundle-Prefix.pch */,
			);
			name = "Supporting Files";
			sourceTree = "<group>";
		};
		7B56A398172EE6B40021E5DC /* SourceCode */ = {
			isa = PBXGroup;
			children = (
				7B56A3F6172EE8670021E5DC /* GSLogInViewController.h */,
				7B56A3F7172EE8670021E5DC /* GSLogInViewController.m */,
				A9B8D9F91730883E00E7308F /* GSSignUpViewController.h */,
				A9B8D9FA1730883E00E7308F /* GSSignUpViewController.m */,
				7B56A399172EE6B40021E5DC /* GSObject.h */,
				7B56A39A172EE6B40021E5DC /* GSObject.m */,
				7B56A39B172EE6B40021E5DC /* GSParseQueryHelper.h */,
				7B56A39C172EE6B40021E5DC /* GSParseQueryHelper.m */,
				7B56A39D172EE6B40021E5DC /* GSSession.h */,
				7B56A39E172EE6B40021E5DC /* GSSession.m */,
				7B56A39F172EE6B40021E5DC /* GSUser.h */,
				7B56A3A0172EE6B40021E5DC /* GSUser.m */,
				7B56A3A1172EE6B40021E5DC /* GSUtils.h */,
				7B56A3A2172EE6B40021E5DC /* GSUtils.m */,
			);
			path = SourceCode;
			sourceTree = "<group>";
		};
		7B56A3D4172EE7CA0021E5DC /* Support */ = {
			isa = PBXGroup;
			children = (
				A9B8DA0A17308DFD00E7308F /* OHAttributedLabel */,
				7B56A3D8172EE7CA0021E5DC /* SVProgressHUD */,
				7B56A3E3172EE7CA0021E5DC /* Utils */,
			);
			path = Support;
			sourceTree = "<group>";
		};
		7B56A3D8172EE7CA0021E5DC /* SVProgressHUD */ = {
			isa = PBXGroup;
			children = (
				7B56A3E0172EE7CA0021E5DC /* SVProgressHUD.bundle */,
				7B56A3E1172EE7CA0021E5DC /* GSSVProgressHUD.h */,
				7B56A3E2172EE7CA0021E5DC /* GSSVProgressHUD.m */,
			);
			path = SVProgressHUD;
			sourceTree = "<group>";
		};
		7B56A3E3172EE7CA0021E5DC /* Utils */ = {
			isa = PBXGroup;
			children = (
				A9B8D9FE17308BB400E7308F /* GSTheme.h */,
				A9B8D9FF17308BB400E7308F /* GSTheme.m */,
				A9B8DA0017308BB400E7308F /* UIColor+GSExpanded.h */,
				A9B8DA0117308BB400E7308F /* UIColor+GSExpanded.m */,
				A9B8DA0217308BB400E7308F /* UITextField+GSCustomPlaceholderTextColor.h */,
				A9B8DA0317308BB400E7308F /* UITextField+GSCustomPlaceholderTextColor.m */,
				7B56A3E4172EE7CA0021E5DC /* NSData+GSBase64.h */,
				7B56A3E5172EE7CA0021E5DC /* NSData+GSBase64.m */,
			);
			path = Utils;
			sourceTree = "<group>";
		};
		7B56A401172EEB620021E5DC /* SDKs */ = {
			isa = PBXGroup;
			children = (
				7B56A402172EEB620021E5DC /* FacebookSDK.framework */,
				7B56A403172EEB620021E5DC /* Firebase.framework */,
				7B56A404172EEB620021E5DC /* Parse.framework */,
			);
			path = SDKs;
			sourceTree = "<group>";
		};
		A9B8DA0A17308DFD00E7308F /* OHAttributedLabel */ = {
			isa = PBXGroup;
			children = (
				A9B8DA0B17308DFD00E7308F /* OHAttributedLabel */,
				A9B8DA2017308DFD00E7308F /* README.md */,
			);
			path = OHAttributedLabel;
			sourceTree = "<group>";
		};
		A9B8DA0B17308DFD00E7308F /* OHAttributedLabel */ = {
			isa = PBXGroup;
			children = (
				A9B8DA0C17308DFD00E7308F /* LICENSE */,
				A9B8DA0D17308DFD00E7308F /* PrivateUtils */,
				A9B8DA1017308DFD00E7308F /* Source */,
				A9B8DA1917308DFD00E7308F /* TagParsers */,
			);
			path = OHAttributedLabel;
			sourceTree = "<group>";
		};
		A9B8DA0D17308DFD00E7308F /* PrivateUtils */ = {
			isa = PBXGroup;
			children = (
				A9B8DA0E17308DFD00E7308F /* CoreTextUtils.h */,
				A9B8DA0F17308DFD00E7308F /* CoreTextUtils.m */,
			);
			path = PrivateUtils;
			sourceTree = "<group>";
		};
		A9B8DA1017308DFD00E7308F /* Source */ = {
			isa = PBXGroup;
			children = (
				A9B8DA1117308DFD00E7308F /* NSAttributedString+Attributes.h */,
				A9B8DA1217308DFD00E7308F /* NSAttributedString+Attributes.m */,
				A9B8DA1317308DFD00E7308F /* NSTextCheckingResult+ExtendedURL.h */,
				A9B8DA1417308DFD00E7308F /* NSTextCheckingResult+ExtendedURL.m */,
				A9B8DA1517308DFD00E7308F /* OHAttributedLabel.h */,
				A9B8DA1617308DFD00E7308F /* OHAttributedLabel.m */,
				A9B8DA1717308DFD00E7308F /* OHParagraphStyle.h */,
				A9B8DA1817308DFD00E7308F /* OHParagraphStyle.m */,
			);
			path = Source;
			sourceTree = "<group>";
		};
		A9B8DA1917308DFD00E7308F /* TagParsers */ = {
			isa = PBXGroup;
			children = (
				A9B8DA1A17308DFD00E7308F /* OHASBasicHTMLParser.h */,
				A9B8DA1B17308DFD00E7308F /* OHASBasicHTMLParser.m */,
				A9B8DA1C17308DFD00E7308F /* OHASBasicMarkupParser.h */,
				A9B8DA1D17308DFD00E7308F /* OHASBasicMarkupParser.m */,
				A9B8DA1E17308DFD00E7308F /* OHASMarkupParserBase.h */,
				A9B8DA1F17308DFD00E7308F /* OHASMarkupParserBase.m */,
			);
			path = TagParsers;
			sourceTree = "<group>";
		};
/* End PBXGroup section */

/* Begin PBXHeadersBuildPhase section */
		7B56A386172EE2D70021E5DC /* Headers */ = {
			isa = PBXHeadersBuildPhase;
			buildActionMask = 2147483647;
			files = (
				7B56A397172EE66B0021E5DC /* Smartboard.h in Headers */,
				7B56A3AF172EE7450021E5DC /* GSObject.h in Headers */,
				7B56A3B1172EE74D0021E5DC /* GSUtils.h in Headers */,
				7B56A3B2172EE7520021E5DC /* GSUser.h in Headers */,
				7B56A3B0172EE74A0021E5DC /* GSSession.h in Headers */,
				7B56A3FA172EE8740021E5DC /* GSLogInViewController.h in Headers */,
				A9B8D9FD1730887400E7308F /* GSSignUpViewController.h in Headers */,
				7B56A3F5172EE7F70021E5DC /* NSData+GSBase64.h in Headers */,
				7B56A3AE172EE7370021E5DC /* GSParseQueryHelper.h in Headers */,
				7B56A3F1172EE7E20021E5DC /* GSSVProgressHUD.h in Headers */,
				A9B8DA0417308BB400E7308F /* GSTheme.h in Headers */,
				A9B8DA0617308BB400E7308F /* UIColor+GSExpanded.h in Headers */,
				A9B8DA0817308BB400E7308F /* UITextField+GSCustomPlaceholderTextColor.h in Headers */,
				A9B8DA2217308DFD00E7308F /* CoreTextUtils.h in Headers */,
				A9B8DA2417308DFD00E7308F /* NSAttributedString+Attributes.h in Headers */,
				A9B8DA2617308DFD00E7308F /* NSTextCheckingResult+ExtendedURL.h in Headers */,
				A9B8DA2817308DFD00E7308F /* OHAttributedLabel.h in Headers */,
				A9B8DA2A17308DFD00E7308F /* OHParagraphStyle.h in Headers */,
				A9B8DA2C17308DFD00E7308F /* OHASBasicHTMLParser.h in Headers */,
				A9B8DA2E17308DFD00E7308F /* OHASBasicMarkupParser.h in Headers */,
				A9B8DA3017308DFD00E7308F /* OHASMarkupParserBase.h in Headers */,
			);
			runOnlyForDeploymentPostprocessing = 0;
		};
/* End PBXHeadersBuildPhase section */

/* Begin PBXNativeTarget section */
		7B56A350172EE09B0021E5DC /* SmartboardSDK */ = {
			isa = PBXNativeTarget;
			buildConfigurationList = 7B56A36E172EE09B0021E5DC /* Build configuration list for PBXNativeTarget "SmartboardSDK" */;
			buildPhases = (
				7B56A34D172EE09B0021E5DC /* Sources */,
				7B56A34E172EE09B0021E5DC /* Frameworks */,
				7B56A34F172EE09B0021E5DC /* Resources */,
			);
			buildRules = (
			);
			dependencies = (
			);
			name = SmartboardSDK;
			productName = SmartboardSDK;
			productReference = 7B56A351172EE09B0021E5DC /* SmartboardSDK.app */;
			productType = "com.apple.product-type.application";
		};
		7B56A378172EE1890021E5DC /* Smartboard */ = {
			isa = PBXNativeTarget;
			buildConfigurationList = 7B56A383172EE1890021E5DC /* Build configuration list for PBXNativeTarget "Smartboard" */;
			buildPhases = (
				7B56A375172EE1890021E5DC /* Sources */,
				7B56A376172EE1890021E5DC /* Frameworks */,
				7B56A377172EE1890021E5DC /* Resources */,
				7B56A386172EE2D70021E5DC /* Headers */,
			);
			buildRules = (
			);
			dependencies = (
			);
			name = Smartboard;
			productName = SmartboardSDKBundle;
			productReference = 7B56A379172EE1890021E5DC /* Smartboard.framework */;
			productType = "com.apple.product-type.bundle";
		};
/* End PBXNativeTarget section */

/* Begin PBXProject section */
		7B56A349172EE09B0021E5DC /* Project object */ = {
			isa = PBXProject;
			attributes = {
				CLASSPREFIX = GS;
				LastUpgradeCheck = 0460;
				ORGANIZATIONNAME = "Greengar Studios";
			};
			buildConfigurationList = 7B56A34C172EE09B0021E5DC /* Build configuration list for PBXProject "SmartboardSDK" */;
			compatibilityVersion = "Xcode 3.2";
			developmentRegion = English;
			hasScannedForEncodings = 0;
			knownRegions = (
				en,
			);
			mainGroup = 7B56A348172EE09B0021E5DC;
			productRefGroup = 7B56A352172EE09B0021E5DC /* Products */;
			projectDirPath = "";
			projectRoot = "";
			targets = (
				7B56A350172EE09B0021E5DC /* SmartboardSDK */,
				7B56A378172EE1890021E5DC /* Smartboard */,
				7B56A389172EE3170021E5DC /* BuildSmartboardSDK */,
			);
		};
/* End PBXProject section */

/* Begin PBXResourcesBuildPhase section */
		7B56A34F172EE09B0021E5DC /* Resources */ = {
			isa = PBXResourcesBuildPhase;
			buildActionMask = 2147483647;
			files = (
				7B56A35F172EE09B0021E5DC /* InfoPlist.strings in Resources */,
				7B56A367172EE09B0021E5DC /* Default.png in Resources */,
				7B56A369172EE09B0021E5DC /* Default@2x.png in Resources */,
				7B56A36B172EE09B0021E5DC /* Default-568h@2x.png in Resources */,
				7B56A3ED172EE7CA0021E5DC /* SVProgressHUD.bundle in Resources */,
				7B41CD5D172EFB780012FF63 /* InstructionGuide.rtf in Resources */,
			);
			runOnlyForDeploymentPostprocessing = 0;
		};
		7B56A377172EE1890021E5DC /* Resources */ = {
			isa = PBXResourcesBuildPhase;
			buildActionMask = 2147483647;
			files = (
				7B56A40E172EED0F0021E5DC /* FacebookSDK.framework in Resources */,
				7B56A40F172EED0F0021E5DC /* Firebase.framework in Resources */,
				7B56A410172EED0F0021E5DC /* Parse.framework in Resources */,
				A9B8DA2117308DFD00E7308F /* LICENSE in Resources */,
				A9B8DA3217308DFD00E7308F /* README.md in Resources */,
			);
			runOnlyForDeploymentPostprocessing = 0;
		};
/* End PBXResourcesBuildPhase section */

/* Begin PBXShellScriptBuildPhase section */
		7B56A38D172EE33B0021E5DC /* ShellScript */ = {
			isa = PBXShellScriptBuildPhase;
			buildActionMask = 2147483647;
			files = (
			);
			inputPaths = (
			);
			outputPaths = (
			);
			runOnlyForDeploymentPostprocessing = 0;
			shellPath = /bin/sh;
			shellScript = "# Sets the target folders and the final framework product.\nFMK_NAME=Smartboard\nFMK_VERSION=1\n\n# Install dir will be the final output to the framework.\n# The following line create it in the root folder of the current project.\nINSTALL_DIR=${SRCROOT}/Products/${FMK_NAME}.framework\n\n# Working dir will be deleted after the framework creation.\nWRK_DIR=build\nDEVICE_DIR=${WRK_DIR}/Release-iphoneos/${FMK_NAME}.framework\nSIMULATOR_DIR=${WRK_DIR}/Release-iphonesimulator/${FMK_NAME}.framework\n\n# Building both architectures.\nxcodebuild -configuration \"Release\" -target \"${FMK_NAME}\" -sdk iphoneos\nxcodebuild -configuration \"Release\" -target \"${FMK_NAME}\" -sdk iphonesimulator\n\n# Cleaning the oldest.\nif [ -d \"${INSTALL_DIR}\" ]\nthen\nrm -rf \"${INSTALL_DIR}\"\nfi\n\n# Creates and renews the final product folder.\nmkdir -p \"${INSTALL_DIR}\"\nmkdir -p \"${INSTALL_DIR}/Versions\"\nmkdir -p \"${INSTALL_DIR}/Versions/${FMK_VERSION}\"\nmkdir -p \"${INSTALL_DIR}/Versions/${FMK_VERSION}/Resources\"\nmkdir -p \"${INSTALL_DIR}/Versions/${FMK_VERSION}/Headers\"\n\n# Creates the internal links.\n# It MUST uses relative path, otherwise will not work when the folder is copied/moved.\nln -s \"${FMK_VERSION}\" \"${INSTALL_DIR}/Versions/Current\"\nln -s \"Versions/Current/Headers\" \"${INSTALL_DIR}/Headers\"\nln -s \"Versions/Current/Resources\" \"${INSTALL_DIR}/Resources\"\nln -s \"Versions/Current/${FMK_NAME}\" \"${INSTALL_DIR}/${FMK_NAME}\"\n\n# Copies the headers and resources files to the final product folder.\ncp -R \"${DEVICE_DIR}/Headers/\" \"${INSTALL_DIR}/Versions/${FMK_VERSION}/Headers/\"\ncp -R \"${DEVICE_DIR}/\" \"${INSTALL_DIR}/Versions/${FMK_VERSION}/Resources/\"\n\n# Removes the binary and header from the resources folder.\nrm -r \"${INSTALL_DIR}/Versions/${FMK_VERSION}/Resources/Headers\" \"${INSTALL_DIR}/Versions/${FMK_VERSION}/Resources/${FMK_NAME}\"\n\n# Uses the Lipo Tool to merge both binary files (i386 + armv6/armv7) into one Universal final product.\nlipo -create \"${DEVICE_DIR}/${FMK_NAME}\" \"${SIMULATOR_DIR}/${FMK_NAME}\" -output \"${INSTALL_DIR}/Versions/${FMK_VERSION}/${FMK_NAME}\"\n\nrm -r \"${WRK_DIR}\"";
		};
/* End PBXShellScriptBuildPhase section */

/* Begin PBXSourcesBuildPhase section */
		7B56A34D172EE09B0021E5DC /* Sources */ = {
			isa = PBXSourcesBuildPhase;
			buildActionMask = 2147483647;
			files = (
				7B56A361172EE09B0021E5DC /* main.m in Sources */,
				7B56A365172EE09B0021E5DC /* GSAppDelegate.m in Sources */,
				7B56A3A3172EE6B40021E5DC /* GSObject.m in Sources */,
				7B56A3A4172EE6B40021E5DC /* GSParseQueryHelper.m in Sources */,
				7B56A3A5172EE6B40021E5DC /* GSSession.m in Sources */,
				7B56A3A6172EE6B40021E5DC /* GSUser.m in Sources */,
				7B56A3A7172EE6B40021E5DC /* GSUtils.m in Sources */,
				7B56A3EE172EE7CA0021E5DC /* GSSVProgressHUD.m in Sources */,
				7B56A3EF172EE7CA0021E5DC /* NSData+GSBase64.m in Sources */,
				7B56A3F8172EE8670021E5DC /* GSLogInViewController.m in Sources */,
			);
			runOnlyForDeploymentPostprocessing = 0;
		};
		7B56A375172EE1890021E5DC /* Sources */ = {
			isa = PBXSourcesBuildPhase;
			buildActionMask = 2147483647;
			files = (
				7B56A3A8172EE7180021E5DC /* GSObject.m in Sources */,
				7B56A3AC172EE7210021E5DC /* GSUtils.m in Sources */,
				7B56A3F2172EE7E60021E5DC /* GSSVProgressHUD.m in Sources */,
				7B56A3A9172EE71B0021E5DC /* GSParseQueryHelper.m in Sources */,
				7B56A3AB172EE71F0021E5DC /* GSUser.m in Sources */,
				7B56A3F4172EE7F40021E5DC /* NSData+GSBase64.m in Sources */,
				7B56A3AA172EE71C0021E5DC /* GSSession.m in Sources */,
				7B56A3F9172EE86E0021E5DC /* GSLogInViewController.m in Sources */,
				A9B8D9FC1730883E00E7308F /* GSSignUpViewController.m in Sources */,
				A9B8DA0517308BB400E7308F /* GSTheme.m in Sources */,
				A9B8DA0717308BB400E7308F /* UIColor+GSExpanded.m in Sources */,
				A9B8DA0917308BB400E7308F /* UITextField+GSCustomPlaceholderTextColor.m in Sources */,
				A9B8DA2317308DFD00E7308F /* CoreTextUtils.m in Sources */,
				A9B8DA2517308DFD00E7308F /* NSAttributedString+Attributes.m in Sources */,
				A9B8DA2717308DFD00E7308F /* NSTextCheckingResult+ExtendedURL.m in Sources */,
				A9B8DA2917308DFD00E7308F /* OHAttributedLabel.m in Sources */,
				A9B8DA2B17308DFD00E7308F /* OHParagraphStyle.m in Sources */,
				A9B8DA2D17308DFD00E7308F /* OHASBasicHTMLParser.m in Sources */,
				A9B8DA2F17308DFD00E7308F /* OHASBasicMarkupParser.m in Sources */,
				A9B8DA3117308DFD00E7308F /* OHASMarkupParserBase.m in Sources */,
			);
			runOnlyForDeploymentPostprocessing = 0;
		};
/* End PBXSourcesBuildPhase section */

/* Begin PBXVariantGroup section */
		7B56A35D172EE09B0021E5DC /* InfoPlist.strings */ = {
			isa = PBXVariantGroup;
			children = (
				7B56A35E172EE09B0021E5DC /* en */,
			);
			name = InfoPlist.strings;
			sourceTree = "<group>";
		};
		7B56A37F172EE1890021E5DC /* InfoPlist.strings */ = {
			isa = PBXVariantGroup;
			children = (
				7B56A380172EE1890021E5DC /* en */,
			);
			name = InfoPlist.strings;
			sourceTree = "<group>";
		};
/* End PBXVariantGroup section */

/* Begin XCBuildConfiguration section */
		7B56A36C172EE09B0021E5DC /* Debug */ = {
			isa = XCBuildConfiguration;
			buildSettings = {
				ALWAYS_SEARCH_USER_PATHS = NO;
				CLANG_CXX_LANGUAGE_STANDARD = "gnu++0x";
				CLANG_CXX_LIBRARY = "libc++";
				CLANG_ENABLE_OBJC_ARC = YES;
				CLANG_WARN_CONSTANT_CONVERSION = YES;
				CLANG_WARN_EMPTY_BODY = YES;
				CLANG_WARN_ENUM_CONVERSION = YES;
				CLANG_WARN_INT_CONVERSION = YES;
				CLANG_WARN__DUPLICATE_METHOD_MATCH = YES;
				"CODE_SIGN_IDENTITY[sdk=iphoneos*]" = "iPhone Developer";
				COPY_PHASE_STRIP = NO;
				GCC_C_LANGUAGE_STANDARD = gnu99;
				GCC_DYNAMIC_NO_PIC = NO;
				GCC_OPTIMIZATION_LEVEL = 0;
				GCC_PREPROCESSOR_DEFINITIONS = (
					"DEBUG=1",
					"$(inherited)",
				);
				GCC_SYMBOLS_PRIVATE_EXTERN = NO;
				GCC_WARN_ABOUT_RETURN_TYPE = YES;
				GCC_WARN_UNINITIALIZED_AUTOS = YES;
				GCC_WARN_UNUSED_VARIABLE = YES;
				IPHONEOS_DEPLOYMENT_TARGET = 6.1;
				ONLY_ACTIVE_ARCH = YES;
				SDKROOT = iphoneos;
			};
			name = Debug;
		};
		7B56A36D172EE09B0021E5DC /* Release */ = {
			isa = XCBuildConfiguration;
			buildSettings = {
				ALWAYS_SEARCH_USER_PATHS = NO;
				CLANG_CXX_LANGUAGE_STANDARD = "gnu++0x";
				CLANG_CXX_LIBRARY = "libc++";
				CLANG_ENABLE_OBJC_ARC = YES;
				CLANG_WARN_CONSTANT_CONVERSION = YES;
				CLANG_WARN_EMPTY_BODY = YES;
				CLANG_WARN_ENUM_CONVERSION = YES;
				CLANG_WARN_INT_CONVERSION = YES;
				CLANG_WARN__DUPLICATE_METHOD_MATCH = YES;
				"CODE_SIGN_IDENTITY[sdk=iphoneos*]" = "iPhone Developer";
				COPY_PHASE_STRIP = YES;
				GCC_C_LANGUAGE_STANDARD = gnu99;
				GCC_WARN_ABOUT_RETURN_TYPE = YES;
				GCC_WARN_UNINITIALIZED_AUTOS = YES;
				GCC_WARN_UNUSED_VARIABLE = YES;
				IPHONEOS_DEPLOYMENT_TARGET = 6.1;
				OTHER_CFLAGS = "-DNS_BLOCK_ASSERTIONS=1";
				SDKROOT = iphoneos;
				VALIDATE_PRODUCT = YES;
			};
			name = Release;
		};
		7B56A36F172EE09B0021E5DC /* Debug */ = {
			isa = XCBuildConfiguration;
			buildSettings = {
				FRAMEWORK_SEARCH_PATHS = (
					"$(inherited)",
					"\"$(SRCROOT)/SmartboardSDK/SDKs\"",
				);
				GCC_PRECOMPILE_PREFIX_HEADER = YES;
				GCC_PREFIX_HEADER = "SmartboardSDK/SmartboardSDK-Prefix.pch";
				INFOPLIST_FILE = "SmartboardSDK/SmartboardSDK-Info.plist";
				PRODUCT_NAME = "$(TARGET_NAME)";
				WRAPPER_EXTENSION = app;
			};
			name = Debug;
		};
		7B56A370172EE09B0021E5DC /* Release */ = {
			isa = XCBuildConfiguration;
			buildSettings = {
				FRAMEWORK_SEARCH_PATHS = (
					"$(inherited)",
					"\"$(SRCROOT)/SmartboardSDK/SDKs\"",
				);
				GCC_PRECOMPILE_PREFIX_HEADER = YES;
				GCC_PREFIX_HEADER = "SmartboardSDK/SmartboardSDK-Prefix.pch";
				INFOPLIST_FILE = "SmartboardSDK/SmartboardSDK-Info.plist";
				PRODUCT_NAME = "$(TARGET_NAME)";
				WRAPPER_EXTENSION = app;
			};
			name = Release;
		};
		7B56A384172EE1890021E5DC /* Debug */ = {
			isa = XCBuildConfiguration;
			buildSettings = {
				ARCHS = "$(ARCHS_STANDARD_32_BIT)";
				COMBINE_HIDPI_IMAGES = YES;
				DEAD_CODE_STRIPPING = NO;
				FRAMEWORK_SEARCH_PATHS = (
					"$(inherited)",
					"\"$(SRCROOT)/SmartboardSDK/SDKs\"",
				);
				GCC_ENABLE_OBJC_EXCEPTIONS = YES;
				GCC_PRECOMPILE_PREFIX_HEADER = YES;
				GCC_PREFIX_HEADER = "SmartboardSDKBundle/SmartboardSDKBundle-Prefix.pch";
				GCC_VERSION = com.apple.compilers.llvm.clang.1_0;
				GCC_WARN_64_TO_32_BIT_CONVERSION = YES;
				INFOPLIST_FILE = "SmartboardSDKBundle/SmartboardSDKBundle-Info.plist";
				INFOPLIST_OUTPUT_FORMAT = "same-as-input";
				INSTALL_PATH = "$(LOCAL_LIBRARY_DIR)/Bundles";
				IPHONEOS_DEPLOYMENT_TARGET = 5.0;
				LINK_WITH_STANDARD_LIBRARIES = NO;
				MACH_O_TYPE = mh_object;
				MACOSX_DEPLOYMENT_TARGET = 10.6;
				ONLY_ACTIVE_ARCH = NO;
				OTHER_LDFLAGS = "-ObjC";
				PRODUCT_NAME = Smartboard;
				SDKROOT = iphoneos;
				STRINGS_FILE_OUTPUT_ENCODING = "UTF-8";
				VALIDATE_PRODUCT = NO;
				WRAPPER_EXTENSION = framework;
			};
			name = Debug;
		};
		7B56A385172EE1890021E5DC /* Release */ = {
			isa = XCBuildConfiguration;
			buildSettings = {
				ARCHS = "$(ARCHS_STANDARD_32_BIT)";
				COMBINE_HIDPI_IMAGES = YES;
				DEAD_CODE_STRIPPING = NO;
				DEBUG_INFORMATION_FORMAT = "dwarf-with-dsym";
				FRAMEWORK_SEARCH_PATHS = (
					"$(inherited)",
					"\"$(SRCROOT)/SmartboardSDK/SDKs\"",
				);
				GCC_ENABLE_OBJC_EXCEPTIONS = YES;
				GCC_PRECOMPILE_PREFIX_HEADER = YES;
				GCC_PREFIX_HEADER = "SmartboardSDKBundle/SmartboardSDKBundle-Prefix.pch";
				GCC_VERSION = com.apple.compilers.llvm.clang.1_0;
				GCC_WARN_64_TO_32_BIT_CONVERSION = YES;
				INFOPLIST_FILE = "SmartboardSDKBundle/SmartboardSDKBundle-Info.plist";
				INFOPLIST_OUTPUT_FORMAT = "same-as-input";
				INSTALL_PATH = "$(LOCAL_LIBRARY_DIR)/Bundles";
				IPHONEOS_DEPLOYMENT_TARGET = 5.0;
				LINK_WITH_STANDARD_LIBRARIES = NO;
				MACH_O_TYPE = mh_object;
				MACOSX_DEPLOYMENT_TARGET = 10.6;
				ONLY_ACTIVE_ARCH = NO;
				OTHER_LDFLAGS = "-ObjC";
				PRODUCT_NAME = Smartboard;
				SDKROOT = iphoneos;
				STRINGS_FILE_OUTPUT_ENCODING = "UTF-8";
				VALIDATE_PRODUCT = NO;
				WRAPPER_EXTENSION = framework;
			};
			name = Release;
		};
		7B56A38B172EE3170021E5DC /* Debug */ = {
			isa = XCBuildConfiguration;
			buildSettings = {
				PRODUCT_NAME = "$(TARGET_NAME)";
			};
			name = Debug;
		};
		7B56A38C172EE3170021E5DC /* Release */ = {
			isa = XCBuildConfiguration;
			buildSettings = {
				PRODUCT_NAME = "$(TARGET_NAME)";
			};
			name = Release;
		};
/* End XCBuildConfiguration section */

/* Begin XCConfigurationList section */
		7B56A34C172EE09B0021E5DC /* Build configuration list for PBXProject "SmartboardSDK" */ = {
			isa = XCConfigurationList;
			buildConfigurations = (
				7B56A36C172EE09B0021E5DC /* Debug */,
				7B56A36D172EE09B0021E5DC /* Release */,
			);
			defaultConfigurationIsVisible = 0;
			defaultConfigurationName = Release;
		};
		7B56A36E172EE09B0021E5DC /* Build configuration list for PBXNativeTarget "SmartboardSDK" */ = {
			isa = XCConfigurationList;
			buildConfigurations = (
				7B56A36F172EE09B0021E5DC /* Debug */,
				7B56A370172EE09B0021E5DC /* Release */,
			);
			defaultConfigurationIsVisible = 0;
			defaultConfigurationName = Release;
		};
		7B56A383172EE1890021E5DC /* Build configuration list for PBXNativeTarget "Smartboard" */ = {
			isa = XCConfigurationList;
			buildConfigurations = (
				7B56A384172EE1890021E5DC /* Debug */,
				7B56A385172EE1890021E5DC /* Release */,
			);
			defaultConfigurationIsVisible = 0;
			defaultConfigurationName = Release;
		};
		7B56A38A172EE3170021E5DC /* Build configuration list for PBXAggregateTarget "BuildSmartboardSDK" */ = {
			isa = XCConfigurationList;
			buildConfigurations = (
				7B56A38B172EE3170021E5DC /* Debug */,
				7B56A38C172EE3170021E5DC /* Release */,
			);
			defaultConfigurationIsVisible = 0;
			defaultConfigurationName = Release;
		};
/* End XCConfigurationList section */
	};
	rootObject = 7B56A349172EE09B0021E5DC /* Project object */;
}
