// !$*UTF8*$!
{
	archiveVersion = 1;
	classes = {
	};
	objectVersion = 46;
	objects = {

/* Begin PBXBuildFile section */
		7B346713171CDA0A00B73449 /* GMGridView.m in Sources */ = {isa = PBXBuildFile; fileRef = 7B346709171CDA0A00B73449 /* GMGridView.m */; };
		7B346714171CDA0A00B73449 /* GMGridViewCell.m in Sources */ = {isa = PBXBuildFile; fileRef = 7B34670C171CDA0A00B73449 /* GMGridViewCell.m */; };
		7B346715171CDA0A00B73449 /* GMGridViewLayoutStrategies.m in Sources */ = {isa = PBXBuildFile; fileRef = 7B34670E171CDA0A00B73449 /* GMGridViewLayoutStrategies.m */; };
		7B346716171CDA0A00B73449 /* UIGestureRecognizer+GMGridViewAdditions.m in Sources */ = {isa = PBXBuildFile; fileRef = 7B346710171CDA0A00B73449 /* UIGestureRecognizer+GMGridViewAdditions.m */; };
		7B346717171CDA0A00B73449 /* UIView+GMGridViewAdditions.m in Sources */ = {isa = PBXBuildFile; fileRef = 7B346712171CDA0A00B73449 /* UIView+GMGridViewAdditions.m */; };
		7B34671A171CE2E400B73449 /* CPUser.m in Sources */ = {isa = PBXBuildFile; fileRef = 7B346719171CE2E400B73449 /* CPUser.m */; };
		7B34672A171CE35E00B73449 /* EGOCache.m in Sources */ = {isa = PBXBuildFile; fileRef = 7B34671E171CE35E00B73449 /* EGOCache.m */; settings = {COMPILER_FLAGS = "-fno-objc-arc"; }; };
		7B34672B171CE35E00B73449 /* EGOImageButton.m in Sources */ = {isa = PBXBuildFile; fileRef = 7B346721171CE35E00B73449 /* EGOImageButton.m */; settings = {COMPILER_FLAGS = "-fno-objc-arc"; }; };
		7B34672C171CE35E00B73449 /* EGOImageLoadConnection.m in Sources */ = {isa = PBXBuildFile; fileRef = 7B346724171CE35E00B73449 /* EGOImageLoadConnection.m */; settings = {COMPILER_FLAGS = "-fno-objc-arc"; }; };
		7B34672D171CE35E00B73449 /* EGOImageLoader.m in Sources */ = {isa = PBXBuildFile; fileRef = 7B346726171CE35E00B73449 /* EGOImageLoader.m */; settings = {COMPILER_FLAGS = "-fno-objc-arc"; }; };
		7B34672E171CE35E00B73449 /* EGOImageView.m in Sources */ = {isa = PBXBuildFile; fileRef = 7B346729171CE35E00B73449 /* EGOImageView.m */; settings = {COMPILER_FLAGS = "-fno-objc-arc"; }; };
		7B346730171CE81900B73449 /* QuartzCore.framework in Frameworks */ = {isa = PBXBuildFile; fileRef = 7B34672F171CE81900B73449 /* QuartzCore.framework */; };
		7B38C65A171CA43F00B53A52 /* DataManager.m in Sources */ = {isa = PBXBuildFile; fileRef = 7B38C659171CA43F00B53A52 /* DataManager.m */; };
		A99F71CC1717535000172B13 /* UIKit.framework in Frameworks */ = {isa = PBXBuildFile; fileRef = A99F71CB1717535000172B13 /* UIKit.framework */; };
		A99F71CE1717535000172B13 /* Foundation.framework in Frameworks */ = {isa = PBXBuildFile; fileRef = A99F71CD1717535000172B13 /* Foundation.framework */; };
		A99F71D01717535000172B13 /* CoreGraphics.framework in Frameworks */ = {isa = PBXBuildFile; fileRef = A99F71CF1717535000172B13 /* CoreGraphics.framework */; };
		A99F71D61717535000172B13 /* InfoPlist.strings in Resources */ = {isa = PBXBuildFile; fileRef = A99F71D41717535000172B13 /* InfoPlist.strings */; };
		A99F71D81717535000172B13 /* main.m in Sources */ = {isa = PBXBuildFile; fileRef = A99F71D71717535000172B13 /* main.m */; };
		A99F71DC1717535000172B13 /* CPAppDelegate.m in Sources */ = {isa = PBXBuildFile; fileRef = A99F71DB1717535000172B13 /* CPAppDelegate.m */; };
		A99F71DE1717535000172B13 /* Default.png in Resources */ = {isa = PBXBuildFile; fileRef = A99F71DD1717535000172B13 /* Default.png */; };
		A99F71E01717535000172B13 /* Default@2x.png in Resources */ = {isa = PBXBuildFile; fileRef = A99F71DF1717535000172B13 /* Default@2x.png */; };
		A99F71E21717535000172B13 /* Default-568h@2x.png in Resources */ = {isa = PBXBuildFile; fileRef = A99F71E11717535000172B13 /* Default-568h@2x.png */; };
		A99F71E51717535000172B13 /* MainStoryboard_iPhone.storyboard in Resources */ = {isa = PBXBuildFile; fileRef = A99F71E31717535000172B13 /* MainStoryboard_iPhone.storyboard */; };
		A99F71E81717535000172B13 /* MainStoryboard_iPad.storyboard in Resources */ = {isa = PBXBuildFile; fileRef = A99F71E61717535000172B13 /* MainStoryboard_iPad.storyboard */; };
		A99F71EB1717535000172B13 /* CPViewController.m in Sources */ = {isa = PBXBuildFile; fileRef = A99F71EA1717535000172B13 /* CPViewController.m */; };
		A99F71F31717535000172B13 /* SenTestingKit.framework in Frameworks */ = {isa = PBXBuildFile; fileRef = A99F71F21717535000172B13 /* SenTestingKit.framework */; };
		A99F71F41717535000172B13 /* UIKit.framework in Frameworks */ = {isa = PBXBuildFile; fileRef = A99F71CB1717535000172B13 /* UIKit.framework */; };
		A99F71F51717535000172B13 /* Foundation.framework in Frameworks */ = {isa = PBXBuildFile; fileRef = A99F71CD1717535000172B13 /* Foundation.framework */; };
		A99F71FD1717535000172B13 /* InfoPlist.strings in Resources */ = {isa = PBXBuildFile; fileRef = A99F71FB1717535000172B13 /* InfoPlist.strings */; };
		A99F72001717535000172B13 /* copypasteTests.m in Sources */ = {isa = PBXBuildFile; fileRef = A99F71FF1717535000172B13 /* copypasteTests.m */; };
		A99F720A17177F0100172B13 /* Parse.framework in Frameworks */ = {isa = PBXBuildFile; fileRef = A99F720917177F0100172B13 /* Parse.framework */; };
		A99F720C17179B2E00172B13 /* AudioToolbox.framework in Frameworks */ = {isa = PBXBuildFile; fileRef = A99F720B17179B2E00172B13 /* AudioToolbox.framework */; };
/* End PBXBuildFile section */

/* Begin PBXContainerItemProxy section */
		A99F71F61717535000172B13 /* PBXContainerItemProxy */ = {
			isa = PBXContainerItemProxy;
			containerPortal = A99F71C01717534F00172B13 /* Project object */;
			proxyType = 1;
			remoteGlobalIDString = A99F71C71717535000172B13;
			remoteInfo = copypaste;
		};
/* End PBXContainerItemProxy section */

/* Begin PBXFileReference section */
		7B346707171CDA0A00B73449 /* GMGridView-Constants.h */ = {isa = PBXFileReference; fileEncoding = 4; lastKnownFileType = sourcecode.c.h; path = "GMGridView-Constants.h"; sourceTree = "<group>"; };
		7B346708171CDA0A00B73449 /* GMGridView.h */ = {isa = PBXFileReference; fileEncoding = 4; lastKnownFileType = sourcecode.c.h; path = GMGridView.h; sourceTree = "<group>"; };
		7B346709171CDA0A00B73449 /* GMGridView.m */ = {isa = PBXFileReference; fileEncoding = 4; lastKnownFileType = sourcecode.c.objc; path = GMGridView.m; sourceTree = "<group>"; };
		7B34670A171CDA0A00B73449 /* GMGridViewCell+Extended.h */ = {isa = PBXFileReference; fileEncoding = 4; lastKnownFileType = sourcecode.c.h; path = "GMGridViewCell+Extended.h"; sourceTree = "<group>"; };
		7B34670B171CDA0A00B73449 /* GMGridViewCell.h */ = {isa = PBXFileReference; fileEncoding = 4; lastKnownFileType = sourcecode.c.h; path = GMGridViewCell.h; sourceTree = "<group>"; };
		7B34670C171CDA0A00B73449 /* GMGridViewCell.m */ = {isa = PBXFileReference; fileEncoding = 4; lastKnownFileType = sourcecode.c.objc; path = GMGridViewCell.m; sourceTree = "<group>"; };
		7B34670D171CDA0A00B73449 /* GMGridViewLayoutStrategies.h */ = {isa = PBXFileReference; fileEncoding = 4; lastKnownFileType = sourcecode.c.h; path = GMGridViewLayoutStrategies.h; sourceTree = "<group>"; };
		7B34670E171CDA0A00B73449 /* GMGridViewLayoutStrategies.m */ = {isa = PBXFileReference; fileEncoding = 4; lastKnownFileType = sourcecode.c.objc; path = GMGridViewLayoutStrategies.m; sourceTree = "<group>"; };
		7B34670F171CDA0A00B73449 /* UIGestureRecognizer+GMGridViewAdditions.h */ = {isa = PBXFileReference; fileEncoding = 4; lastKnownFileType = sourcecode.c.h; path = "UIGestureRecognizer+GMGridViewAdditions.h"; sourceTree = "<group>"; };
		7B346710171CDA0A00B73449 /* UIGestureRecognizer+GMGridViewAdditions.m */ = {isa = PBXFileReference; fileEncoding = 4; lastKnownFileType = sourcecode.c.objc; path = "UIGestureRecognizer+GMGridViewAdditions.m"; sourceTree = "<group>"; };
		7B346711171CDA0A00B73449 /* UIView+GMGridViewAdditions.h */ = {isa = PBXFileReference; fileEncoding = 4; lastKnownFileType = sourcecode.c.h; path = "UIView+GMGridViewAdditions.h"; sourceTree = "<group>"; };
		7B346712171CDA0A00B73449 /* UIView+GMGridViewAdditions.m */ = {isa = PBXFileReference; fileEncoding = 4; lastKnownFileType = sourcecode.c.objc; path = "UIView+GMGridViewAdditions.m"; sourceTree = "<group>"; };
		7B346718171CE2E400B73449 /* CPUser.h */ = {isa = PBXFileReference; fileEncoding = 4; lastKnownFileType = sourcecode.c.h; path = CPUser.h; sourceTree = "<group>"; };
		7B346719171CE2E400B73449 /* CPUser.m */ = {isa = PBXFileReference; fileEncoding = 4; lastKnownFileType = sourcecode.c.objc; path = CPUser.m; sourceTree = "<group>"; };
		7B34671D171CE35E00B73449 /* EGOCache.h */ = {isa = PBXFileReference; fileEncoding = 4; lastKnownFileType = sourcecode.c.h; path = EGOCache.h; sourceTree = "<group>"; };
		7B34671E171CE35E00B73449 /* EGOCache.m */ = {isa = PBXFileReference; fileEncoding = 4; lastKnownFileType = sourcecode.c.objc; path = EGOCache.m; sourceTree = "<group>"; };
		7B346720171CE35E00B73449 /* EGOImageButton.h */ = {isa = PBXFileReference; fileEncoding = 4; lastKnownFileType = sourcecode.c.h; path = EGOImageButton.h; sourceTree = "<group>"; };
		7B346721171CE35E00B73449 /* EGOImageButton.m */ = {isa = PBXFileReference; fileEncoding = 4; lastKnownFileType = sourcecode.c.objc; path = EGOImageButton.m; sourceTree = "<group>"; };
		7B346723171CE35E00B73449 /* EGOImageLoadConnection.h */ = {isa = PBXFileReference; fileEncoding = 4; lastKnownFileType = sourcecode.c.h; path = EGOImageLoadConnection.h; sourceTree = "<group>"; };
		7B346724171CE35E00B73449 /* EGOImageLoadConnection.m */ = {isa = PBXFileReference; fileEncoding = 4; lastKnownFileType = sourcecode.c.objc; path = EGOImageLoadConnection.m; sourceTree = "<group>"; };
		7B346725171CE35E00B73449 /* EGOImageLoader.h */ = {isa = PBXFileReference; fileEncoding = 4; lastKnownFileType = sourcecode.c.h; path = EGOImageLoader.h; sourceTree = "<group>"; };
		7B346726171CE35E00B73449 /* EGOImageLoader.m */ = {isa = PBXFileReference; fileEncoding = 4; lastKnownFileType = sourcecode.c.objc; path = EGOImageLoader.m; sourceTree = "<group>"; };
		7B346728171CE35E00B73449 /* EGOImageView.h */ = {isa = PBXFileReference; fileEncoding = 4; lastKnownFileType = sourcecode.c.h; path = EGOImageView.h; sourceTree = "<group>"; };
		7B346729171CE35E00B73449 /* EGOImageView.m */ = {isa = PBXFileReference; fileEncoding = 4; lastKnownFileType = sourcecode.c.objc; path = EGOImageView.m; sourceTree = "<group>"; };
		7B34672F171CE81900B73449 /* QuartzCore.framework */ = {isa = PBXFileReference; lastKnownFileType = wrapper.framework; name = QuartzCore.framework; path = System/Library/Frameworks/QuartzCore.framework; sourceTree = SDKROOT; };
		7B38C658171CA43F00B53A52 /* DataManager.h */ = {isa = PBXFileReference; fileEncoding = 4; lastKnownFileType = sourcecode.c.h; path = DataManager.h; sourceTree = "<group>"; };
		7B38C659171CA43F00B53A52 /* DataManager.m */ = {isa = PBXFileReference; fileEncoding = 4; lastKnownFileType = sourcecode.c.objc; path = DataManager.m; sourceTree = "<group>"; };
		A99F71C81717535000172B13 /* copypaste.app */ = {isa = PBXFileReference; explicitFileType = wrapper.application; includeInIndex = 0; path = copypaste.app; sourceTree = BUILT_PRODUCTS_DIR; };
		A99F71CB1717535000172B13 /* UIKit.framework */ = {isa = PBXFileReference; lastKnownFileType = wrapper.framework; name = UIKit.framework; path = System/Library/Frameworks/UIKit.framework; sourceTree = SDKROOT; };
		A99F71CD1717535000172B13 /* Foundation.framework */ = {isa = PBXFileReference; lastKnownFileType = wrapper.framework; name = Foundation.framework; path = System/Library/Frameworks/Foundation.framework; sourceTree = SDKROOT; };
		A99F71CF1717535000172B13 /* CoreGraphics.framework */ = {isa = PBXFileReference; lastKnownFileType = wrapper.framework; name = CoreGraphics.framework; path = System/Library/Frameworks/CoreGraphics.framework; sourceTree = SDKROOT; };
		A99F71D31717535000172B13 /* copypaste-Info.plist */ = {isa = PBXFileReference; lastKnownFileType = text.plist.xml; path = "copypaste-Info.plist"; sourceTree = "<group>"; };
		A99F71D51717535000172B13 /* en */ = {isa = PBXFileReference; lastKnownFileType = text.plist.strings; name = en; path = en.lproj/InfoPlist.strings; sourceTree = "<group>"; };
		A99F71D71717535000172B13 /* main.m */ = {isa = PBXFileReference; lastKnownFileType = sourcecode.c.objc; path = main.m; sourceTree = "<group>"; };
		A99F71D91717535000172B13 /* copypaste-Prefix.pch */ = {isa = PBXFileReference; lastKnownFileType = sourcecode.c.h; path = "copypaste-Prefix.pch"; sourceTree = "<group>"; };
		A99F71DA1717535000172B13 /* CPAppDelegate.h */ = {isa = PBXFileReference; lastKnownFileType = sourcecode.c.h; path = CPAppDelegate.h; sourceTree = "<group>"; };
		A99F71DB1717535000172B13 /* CPAppDelegate.m */ = {isa = PBXFileReference; lastKnownFileType = sourcecode.c.objc; path = CPAppDelegate.m; sourceTree = "<group>"; };
		A99F71DD1717535000172B13 /* Default.png */ = {isa = PBXFileReference; lastKnownFileType = image.png; path = Default.png; sourceTree = "<group>"; };
		A99F71DF1717535000172B13 /* Default@2x.png */ = {isa = PBXFileReference; lastKnownFileType = image.png; path = "Default@2x.png"; sourceTree = "<group>"; };
		A99F71E11717535000172B13 /* Default-568h@2x.png */ = {isa = PBXFileReference; lastKnownFileType = image.png; path = "Default-568h@2x.png"; sourceTree = "<group>"; };
		A99F71E41717535000172B13 /* en */ = {isa = PBXFileReference; lastKnownFileType = file.storyboard; name = en; path = en.lproj/MainStoryboard_iPhone.storyboard; sourceTree = "<group>"; };
		A99F71E71717535000172B13 /* en */ = {isa = PBXFileReference; lastKnownFileType = file.storyboard; name = en; path = en.lproj/MainStoryboard_iPad.storyboard; sourceTree = "<group>"; };
		A99F71E91717535000172B13 /* CPViewController.h */ = {isa = PBXFileReference; lastKnownFileType = sourcecode.c.h; path = CPViewController.h; sourceTree = "<group>"; };
		A99F71EA1717535000172B13 /* CPViewController.m */ = {isa = PBXFileReference; lastKnownFileType = sourcecode.c.objc; path = CPViewController.m; sourceTree = "<group>"; };
		A99F71F11717535000172B13 /* copypasteTests.octest */ = {isa = PBXFileReference; explicitFileType = wrapper.cfbundle; includeInIndex = 0; path = copypasteTests.octest; sourceTree = BUILT_PRODUCTS_DIR; };
		A99F71F21717535000172B13 /* SenTestingKit.framework */ = {isa = PBXFileReference; lastKnownFileType = wrapper.framework; name = SenTestingKit.framework; path = Library/Frameworks/SenTestingKit.framework; sourceTree = DEVELOPER_DIR; };
		A99F71FA1717535000172B13 /* copypasteTests-Info.plist */ = {isa = PBXFileReference; lastKnownFileType = text.plist.xml; path = "copypasteTests-Info.plist"; sourceTree = "<group>"; };
		A99F71FC1717535000172B13 /* en */ = {isa = PBXFileReference; lastKnownFileType = text.plist.strings; name = en; path = en.lproj/InfoPlist.strings; sourceTree = "<group>"; };
		A99F71FE1717535000172B13 /* copypasteTests.h */ = {isa = PBXFileReference; lastKnownFileType = sourcecode.c.h; path = copypasteTests.h; sourceTree = "<group>"; };
		A99F71FF1717535000172B13 /* copypasteTests.m */ = {isa = PBXFileReference; lastKnownFileType = sourcecode.c.objc; path = copypasteTests.m; sourceTree = "<group>"; };
		A99F720917177F0100172B13 /* Parse.framework */ = {isa = PBXFileReference; lastKnownFileType = wrapper.framework; name = Parse.framework; path = copypaste/SDKs/Parse.framework; sourceTree = "<group>"; };
		A99F720B17179B2E00172B13 /* AudioToolbox.framework */ = {isa = PBXFileReference; lastKnownFileType = wrapper.framework; name = AudioToolbox.framework; path = System/Library/Frameworks/AudioToolbox.framework; sourceTree = SDKROOT; };
/* End PBXFileReference section */

/* Begin PBXFrameworksBuildPhase section */
		A99F71C51717535000172B13 /* Frameworks */ = {
			isa = PBXFrameworksBuildPhase;
			buildActionMask = 2147483647;
			files = (
				7B346730171CE81900B73449 /* QuartzCore.framework in Frameworks */,
				A99F720C17179B2E00172B13 /* AudioToolbox.framework in Frameworks */,
				A99F71CC1717535000172B13 /* UIKit.framework in Frameworks */,
				A99F71CE1717535000172B13 /* Foundation.framework in Frameworks */,
				A99F71D01717535000172B13 /* CoreGraphics.framework in Frameworks */,
				A99F720A17177F0100172B13 /* Parse.framework in Frameworks */,
			);
			runOnlyForDeploymentPostprocessing = 0;
		};
		A99F71ED1717535000172B13 /* Frameworks */ = {
			isa = PBXFrameworksBuildPhase;
			buildActionMask = 2147483647;
			files = (
				A99F71F31717535000172B13 /* SenTestingKit.framework in Frameworks */,
				A99F71F41717535000172B13 /* UIKit.framework in Frameworks */,
				A99F71F51717535000172B13 /* Foundation.framework in Frameworks */,
			);
			runOnlyForDeploymentPostprocessing = 0;
		};
/* End PBXFrameworksBuildPhase section */

/* Begin PBXGroup section */
		7B346705171CDA0A00B73449 /* Support */ = {
			isa = PBXGroup;
			children = (
				7B34671B171CE35E00B73449 /* EGOImageLoading */,
				7B346706171CDA0A00B73449 /* GMGridView */,
			);
			path = Support;
			sourceTree = "<group>";
		};
		7B346706171CDA0A00B73449 /* GMGridView */ = {
			isa = PBXGroup;
			children = (
				7B346707171CDA0A00B73449 /* GMGridView-Constants.h */,
				7B346708171CDA0A00B73449 /* GMGridView.h */,
				7B346709171CDA0A00B73449 /* GMGridView.m */,
				7B34670A171CDA0A00B73449 /* GMGridViewCell+Extended.h */,
				7B34670B171CDA0A00B73449 /* GMGridViewCell.h */,
				7B34670C171CDA0A00B73449 /* GMGridViewCell.m */,
				7B34670D171CDA0A00B73449 /* GMGridViewLayoutStrategies.h */,
				7B34670E171CDA0A00B73449 /* GMGridViewLayoutStrategies.m */,
				7B34670F171CDA0A00B73449 /* UIGestureRecognizer+GMGridViewAdditions.h */,
				7B346710171CDA0A00B73449 /* UIGestureRecognizer+GMGridViewAdditions.m */,
				7B346711171CDA0A00B73449 /* UIView+GMGridViewAdditions.h */,
				7B346712171CDA0A00B73449 /* UIView+GMGridViewAdditions.m */,
			);
			path = GMGridView;
			sourceTree = "<group>";
		};
		7B34671B171CE35E00B73449 /* EGOImageLoading */ = {
			isa = PBXGroup;
			children = (
				7B34671C171CE35E00B73449 /* EGOCache */,
				7B34671F171CE35E00B73449 /* EGOImageButton */,
				7B346722171CE35E00B73449 /* EGOImageLoader */,
				7B346727171CE35E00B73449 /* EGOImageView */,
			);
			path = EGOImageLoading;
			sourceTree = "<group>";
		};
		7B34671C171CE35E00B73449 /* EGOCache */ = {
			isa = PBXGroup;
			children = (
				7B34671D171CE35E00B73449 /* EGOCache.h */,
				7B34671E171CE35E00B73449 /* EGOCache.m */,
			);
			path = EGOCache;
			sourceTree = "<group>";
		};
		7B34671F171CE35E00B73449 /* EGOImageButton */ = {
			isa = PBXGroup;
			children = (
				7B346720171CE35E00B73449 /* EGOImageButton.h */,
				7B346721171CE35E00B73449 /* EGOImageButton.m */,
			);
			path = EGOImageButton;
			sourceTree = "<group>";
		};
		7B346722171CE35E00B73449 /* EGOImageLoader */ = {
			isa = PBXGroup;
			children = (
				7B346723171CE35E00B73449 /* EGOImageLoadConnection.h */,
				7B346724171CE35E00B73449 /* EGOImageLoadConnection.m */,
				7B346725171CE35E00B73449 /* EGOImageLoader.h */,
				7B346726171CE35E00B73449 /* EGOImageLoader.m */,
			);
			path = EGOImageLoader;
			sourceTree = "<group>";
		};
		7B346727171CE35E00B73449 /* EGOImageView */ = {
			isa = PBXGroup;
			children = (
				7B346728171CE35E00B73449 /* EGOImageView.h */,
				7B346729171CE35E00B73449 /* EGOImageView.m */,
			);
			path = EGOImageView;
			sourceTree = "<group>";
		};
		A99F71BF1717534F00172B13 = {
			isa = PBXGroup;
			children = (
				A99F720B17179B2E00172B13 /* AudioToolbox.framework */,
				A99F71D11717535000172B13 /* copypaste */,
				A99F71F81717535000172B13 /* copypasteTests */,
				A99F71CA1717535000172B13 /* Frameworks */,
				A99F71C91717535000172B13 /* Products */,
			);
			sourceTree = "<group>";
		};
		A99F71C91717535000172B13 /* Products */ = {
			isa = PBXGroup;
			children = (
				A99F71C81717535000172B13 /* copypaste.app */,
				A99F71F11717535000172B13 /* copypasteTests.octest */,
			);
			name = Products;
			sourceTree = "<group>";
		};
		A99F71CA1717535000172B13 /* Frameworks */ = {
			isa = PBXGroup;
			children = (
				7B34672F171CE81900B73449 /* QuartzCore.framework */,
				A99F720917177F0100172B13 /* Parse.framework */,
				A99F71CB1717535000172B13 /* UIKit.framework */,
				A99F71CD1717535000172B13 /* Foundation.framework */,
				A99F71CF1717535000172B13 /* CoreGraphics.framework */,
				A99F71F21717535000172B13 /* SenTestingKit.framework */,
			);
			name = Frameworks;
			sourceTree = "<group>";
		};
		A99F71D11717535000172B13 /* copypaste */ = {
			isa = PBXGroup;
			children = (
				A99F71DA1717535000172B13 /* CPAppDelegate.h */,
				A99F71DB1717535000172B13 /* CPAppDelegate.m */,
				A99F71E31717535000172B13 /* MainStoryboard_iPhone.storyboard */,
				A99F71E61717535000172B13 /* MainStoryboard_iPad.storyboard */,
				A99F71E91717535000172B13 /* CPViewController.h */,
				A99F71EA1717535000172B13 /* CPViewController.m */,
				7B38C658171CA43F00B53A52 /* DataManager.h */,
				7B38C659171CA43F00B53A52 /* DataManager.m */,
				7B346718171CE2E400B73449 /* CPUser.h */,
				7B346719171CE2E400B73449 /* CPUser.m */,
				7B346705171CDA0A00B73449 /* Support */,
				A99F71D21717535000172B13 /* Supporting Files */,
			);
			path = copypaste;
			sourceTree = "<group>";
		};
		A99F71D21717535000172B13 /* Supporting Files */ = {
			isa = PBXGroup;
			children = (
				A99F71D31717535000172B13 /* copypaste-Info.plist */,
				A99F71D41717535000172B13 /* InfoPlist.strings */,
				A99F71D71717535000172B13 /* main.m */,
				A99F71D91717535000172B13 /* copypaste-Prefix.pch */,
				A99F71DD1717535000172B13 /* Default.png */,
				A99F71DF1717535000172B13 /* Default@2x.png */,
				A99F71E11717535000172B13 /* Default-568h@2x.png */,
			);
			name = "Supporting Files";
			sourceTree = "<group>";
		};
		A99F71F81717535000172B13 /* copypasteTests */ = {
			isa = PBXGroup;
			children = (
				A99F71FE1717535000172B13 /* copypasteTests.h */,
				A99F71FF1717535000172B13 /* copypasteTests.m */,
				A99F71F91717535000172B13 /* Supporting Files */,
			);
			path = copypasteTests;
			sourceTree = "<group>";
		};
		A99F71F91717535000172B13 /* Supporting Files */ = {
			isa = PBXGroup;
			children = (
				A99F71FA1717535000172B13 /* copypasteTests-Info.plist */,
				A99F71FB1717535000172B13 /* InfoPlist.strings */,
			);
			name = "Supporting Files";
			sourceTree = "<group>";
		};
/* End PBXGroup section */

/* Begin PBXNativeTarget section */
		A99F71C71717535000172B13 /* copypaste */ = {
			isa = PBXNativeTarget;
			buildConfigurationList = A99F72031717535000172B13 /* Build configuration list for PBXNativeTarget "copypaste" */;
			buildPhases = (
				A99F71C41717535000172B13 /* Sources */,
				A99F71C51717535000172B13 /* Frameworks */,
				A99F71C61717535000172B13 /* Resources */,
			);
			buildRules = (
			);
			dependencies = (
			);
			name = copypaste;
			productName = copypaste;
			productReference = A99F71C81717535000172B13 /* copypaste.app */;
			productType = "com.apple.product-type.application";
		};
		A99F71F01717535000172B13 /* copypasteTests */ = {
			isa = PBXNativeTarget;
			buildConfigurationList = A99F72061717535000172B13 /* Build configuration list for PBXNativeTarget "copypasteTests" */;
			buildPhases = (
				A99F71EC1717535000172B13 /* Sources */,
				A99F71ED1717535000172B13 /* Frameworks */,
				A99F71EE1717535000172B13 /* Resources */,
				A99F71EF1717535000172B13 /* ShellScript */,
			);
			buildRules = (
			);
			dependencies = (
				A99F71F71717535000172B13 /* PBXTargetDependency */,
			);
			name = copypasteTests;
			productName = copypasteTests;
			productReference = A99F71F11717535000172B13 /* copypasteTests.octest */;
			productType = "com.apple.product-type.bundle";
		};
/* End PBXNativeTarget section */

/* Begin PBXProject section */
		A99F71C01717534F00172B13 /* Project object */ = {
			isa = PBXProject;
			attributes = {
				CLASSPREFIX = CP;
				LastUpgradeCheck = 0460;
				ORGANIZATIONNAME = Greengar;
			};
			buildConfigurationList = A99F71C31717534F00172B13 /* Build configuration list for PBXProject "copypaste" */;
			compatibilityVersion = "Xcode 3.2";
			developmentRegion = English;
			hasScannedForEncodings = 0;
			knownRegions = (
				en,
			);
			mainGroup = A99F71BF1717534F00172B13;
			productRefGroup = A99F71C91717535000172B13 /* Products */;
			projectDirPath = "";
			projectRoot = "";
			targets = (
				A99F71C71717535000172B13 /* copypaste */,
				A99F71F01717535000172B13 /* copypasteTests */,
			);
		};
/* End PBXProject section */

/* Begin PBXResourcesBuildPhase section */
		A99F71C61717535000172B13 /* Resources */ = {
			isa = PBXResourcesBuildPhase;
			buildActionMask = 2147483647;
			files = (
				A99F71D61717535000172B13 /* InfoPlist.strings in Resources */,
				A99F71DE1717535000172B13 /* Default.png in Resources */,
				A99F71E01717535000172B13 /* Default@2x.png in Resources */,
				A99F71E21717535000172B13 /* Default-568h@2x.png in Resources */,
				A99F71E51717535000172B13 /* MainStoryboard_iPhone.storyboard in Resources */,
				A99F71E81717535000172B13 /* MainStoryboard_iPad.storyboard in Resources */,
			);
			runOnlyForDeploymentPostprocessing = 0;
		};
		A99F71EE1717535000172B13 /* Resources */ = {
			isa = PBXResourcesBuildPhase;
			buildActionMask = 2147483647;
			files = (
				A99F71FD1717535000172B13 /* InfoPlist.strings in Resources */,
			);
			runOnlyForDeploymentPostprocessing = 0;
		};
/* End PBXResourcesBuildPhase section */

/* Begin PBXShellScriptBuildPhase section */
		A99F71EF1717535000172B13 /* ShellScript */ = {
			isa = PBXShellScriptBuildPhase;
			buildActionMask = 2147483647;
			files = (
			);
			inputPaths = (
			);
			outputPaths = (
			);
			runOnlyForDeploymentPostprocessing = 0;
			shellPath = /bin/sh;
			shellScript = "# Run the unit tests in this test bundle.\n\"${SYSTEM_DEVELOPER_DIR}/Tools/RunUnitTests\"\n";
		};
/* End PBXShellScriptBuildPhase section */

/* Begin PBXSourcesBuildPhase section */
		A99F71C41717535000172B13 /* Sources */ = {
			isa = PBXSourcesBuildPhase;
			buildActionMask = 2147483647;
			files = (
				A99F71D81717535000172B13 /* main.m in Sources */,
				A99F71DC1717535000172B13 /* CPAppDelegate.m in Sources */,
				A99F71EB1717535000172B13 /* CPViewController.m in Sources */,
				7B38C65A171CA43F00B53A52 /* DataManager.m in Sources */,
				7B346713171CDA0A00B73449 /* GMGridView.m in Sources */,
				7B346714171CDA0A00B73449 /* GMGridViewCell.m in Sources */,
				7B346715171CDA0A00B73449 /* GMGridViewLayoutStrategies.m in Sources */,
				7B346716171CDA0A00B73449 /* UIGestureRecognizer+GMGridViewAdditions.m in Sources */,
				7B346717171CDA0A00B73449 /* UIView+GMGridViewAdditions.m in Sources */,
				7B34671A171CE2E400B73449 /* CPUser.m in Sources */,
				7B34672A171CE35E00B73449 /* EGOCache.m in Sources */,
				7B34672B171CE35E00B73449 /* EGOImageButton.m in Sources */,
				7B34672C171CE35E00B73449 /* EGOImageLoadConnection.m in Sources */,
				7B34672D171CE35E00B73449 /* EGOImageLoader.m in Sources */,
				7B34672E171CE35E00B73449 /* EGOImageView.m in Sources */,
			);
			runOnlyForDeploymentPostprocessing = 0;
		};
		A99F71EC1717535000172B13 /* Sources */ = {
			isa = PBXSourcesBuildPhase;
			buildActionMask = 2147483647;
			files = (
				A99F72001717535000172B13 /* copypasteTests.m in Sources */,
			);
			runOnlyForDeploymentPostprocessing = 0;
		};
/* End PBXSourcesBuildPhase section */

/* Begin PBXTargetDependency section */
		A99F71F71717535000172B13 /* PBXTargetDependency */ = {
			isa = PBXTargetDependency;
			target = A99F71C71717535000172B13 /* copypaste */;
			targetProxy = A99F71F61717535000172B13 /* PBXContainerItemProxy */;
		};
/* End PBXTargetDependency section */

/* Begin PBXVariantGroup section */
		A99F71D41717535000172B13 /* InfoPlist.strings */ = {
			isa = PBXVariantGroup;
			children = (
				A99F71D51717535000172B13 /* en */,
			);
			name = InfoPlist.strings;
			sourceTree = "<group>";
		};
		A99F71E31717535000172B13 /* MainStoryboard_iPhone.storyboard */ = {
			isa = PBXVariantGroup;
			children = (
				A99F71E41717535000172B13 /* en */,
			);
			name = MainStoryboard_iPhone.storyboard;
			sourceTree = "<group>";
		};
		A99F71E61717535000172B13 /* MainStoryboard_iPad.storyboard */ = {
			isa = PBXVariantGroup;
			children = (
				A99F71E71717535000172B13 /* en */,
			);
			name = MainStoryboard_iPad.storyboard;
			sourceTree = "<group>";
		};
		A99F71FB1717535000172B13 /* InfoPlist.strings */ = {
			isa = PBXVariantGroup;
			children = (
				A99F71FC1717535000172B13 /* en */,
			);
			name = InfoPlist.strings;
			sourceTree = "<group>";
		};
/* End PBXVariantGroup section */

/* Begin XCBuildConfiguration section */
		A99F72011717535000172B13 /* Debug */ = {
			isa = XCBuildConfiguration;
			buildSettings = {
				ALWAYS_SEARCH_USER_PATHS = NO;
				CLANG_CXX_LANGUAGE_STANDARD = "gnu++0x";
				CLANG_CXX_LIBRARY = "libc++";
				CLANG_ENABLE_OBJC_ARC = YES;
				CLANG_WARN_CONSTANT_CONVERSION = YES;
				CLANG_WARN_EMPTY_BODY = YES;
				CLANG_WARN_ENUM_CONVERSION = YES;
				CLANG_WARN_INT_CONVERSION = YES;
				CLANG_WARN__DUPLICATE_METHOD_MATCH = YES;
				"CODE_SIGN_IDENTITY[sdk=iphoneos*]" = "iPhone Developer";
				COPY_PHASE_STRIP = NO;
				GCC_C_LANGUAGE_STANDARD = gnu99;
				GCC_DYNAMIC_NO_PIC = NO;
				GCC_OPTIMIZATION_LEVEL = 0;
				GCC_PREPROCESSOR_DEFINITIONS = (
					"DEBUG=1",
					"$(inherited)",
				);
				GCC_SYMBOLS_PRIVATE_EXTERN = NO;
				GCC_WARN_ABOUT_RETURN_TYPE = YES;
				GCC_WARN_UNINITIALIZED_AUTOS = YES;
				GCC_WARN_UNUSED_VARIABLE = YES;
				IPHONEOS_DEPLOYMENT_TARGET = 5.0;
				ONLY_ACTIVE_ARCH = YES;
				SDKROOT = iphoneos;
				TARGETED_DEVICE_FAMILY = "1,2";
			};
			name = Debug;
		};
		A99F72021717535000172B13 /* Release */ = {
			isa = XCBuildConfiguration;
			buildSettings = {
				ALWAYS_SEARCH_USER_PATHS = NO;
				CLANG_CXX_LANGUAGE_STANDARD = "gnu++0x";
				CLANG_CXX_LIBRARY = "libc++";
				CLANG_ENABLE_OBJC_ARC = YES;
				CLANG_WARN_CONSTANT_CONVERSION = YES;
				CLANG_WARN_EMPTY_BODY = YES;
				CLANG_WARN_ENUM_CONVERSION = YES;
				CLANG_WARN_INT_CONVERSION = YES;
				CLANG_WARN__DUPLICATE_METHOD_MATCH = YES;
				"CODE_SIGN_IDENTITY[sdk=iphoneos*]" = "iPhone Developer";
				COPY_PHASE_STRIP = YES;
				GCC_C_LANGUAGE_STANDARD = gnu99;
				GCC_WARN_ABOUT_RETURN_TYPE = YES;
				GCC_WARN_UNINITIALIZED_AUTOS = YES;
				GCC_WARN_UNUSED_VARIABLE = YES;
				IPHONEOS_DEPLOYMENT_TARGET = 5.0;
				OTHER_CFLAGS = "-DNS_BLOCK_ASSERTIONS=1";
				SDKROOT = iphoneos;
				TARGETED_DEVICE_FAMILY = "1,2";
				VALIDATE_PRODUCT = YES;
			};
			name = Release;
		};
		A99F72041717535000172B13 /* Debug */ = {
			isa = XCBuildConfiguration;
			buildSettings = {
				FRAMEWORK_SEARCH_PATHS = (
					"$(inherited)",
					"\"$(SRCROOT)/copypaste/SDKs\"",
				);
				GCC_PRECOMPILE_PREFIX_HEADER = YES;
				GCC_PREFIX_HEADER = "copypaste/copypaste-Prefix.pch";
				INFOPLIST_FILE = "copypaste/copypaste-Info.plist";
				PRODUCT_NAME = "$(TARGET_NAME)";
				WRAPPER_EXTENSION = app;
			};
			name = Debug;
		};
		A99F72051717535000172B13 /* Release */ = {
			isa = XCBuildConfiguration;
			buildSettings = {
				FRAMEWORK_SEARCH_PATHS = (
					"$(inherited)",
					"\"$(SRCROOT)/copypaste/SDKs\"",
				);
				GCC_PRECOMPILE_PREFIX_HEADER = YES;
				GCC_PREFIX_HEADER = "copypaste/copypaste-Prefix.pch";
				INFOPLIST_FILE = "copypaste/copypaste-Info.plist";
				PRODUCT_NAME = "$(TARGET_NAME)";
				WRAPPER_EXTENSION = app;
			};
			name = Release;
		};
		A99F72071717535000172B13 /* Debug */ = {
			isa = XCBuildConfiguration;
			buildSettings = {
				BUNDLE_LOADER = "$(BUILT_PRODUCTS_DIR)/copypaste.app/copypaste";
				FRAMEWORK_SEARCH_PATHS = (
					"\"$(SDKROOT)/Developer/Library/Frameworks\"",
					"\"$(DEVELOPER_LIBRARY_DIR)/Frameworks\"",
				);
				GCC_PRECOMPILE_PREFIX_HEADER = YES;
				GCC_PREFIX_HEADER = "copypaste/copypaste-Prefix.pch";
				INFOPLIST_FILE = "copypasteTests/copypasteTests-Info.plist";
				PRODUCT_NAME = "$(TARGET_NAME)";
				TEST_HOST = "$(BUNDLE_LOADER)";
				WRAPPER_EXTENSION = octest;
			};
			name = Debug;
		};
		A99F72081717535000172B13 /* Release */ = {
			isa = XCBuildConfiguration;
			buildSettings = {
				BUNDLE_LOADER = "$(BUILT_PRODUCTS_DIR)/copypaste.app/copypaste";
				FRAMEWORK_SEARCH_PATHS = (
					"\"$(SDKROOT)/Developer/Library/Frameworks\"",
					"\"$(DEVELOPER_LIBRARY_DIR)/Frameworks\"",
				);
				GCC_PRECOMPILE_PREFIX_HEADER = YES;
				GCC_PREFIX_HEADER = "copypaste/copypaste-Prefix.pch";
				INFOPLIST_FILE = "copypasteTests/copypasteTests-Info.plist";
				PRODUCT_NAME = "$(TARGET_NAME)";
				TEST_HOST = "$(BUNDLE_LOADER)";
				WRAPPER_EXTENSION = octest;
			};
			name = Release;
		};
/* End XCBuildConfiguration section */

/* Begin XCConfigurationList section */
		A99F71C31717534F00172B13 /* Build configuration list for PBXProject "copypaste" */ = {
			isa = XCConfigurationList;
			buildConfigurations = (
				A99F72011717535000172B13 /* Debug */,
				A99F72021717535000172B13 /* Release */,
			);
			defaultConfigurationIsVisible = 0;
			defaultConfigurationName = Release;
		};
		A99F72031717535000172B13 /* Build configuration list for PBXNativeTarget "copypaste" */ = {
			isa = XCConfigurationList;
			buildConfigurations = (
				A99F72041717535000172B13 /* Debug */,
				A99F72051717535000172B13 /* Release */,
			);
			defaultConfigurationIsVisible = 0;
			defaultConfigurationName = Release;
		};
		A99F72061717535000172B13 /* Build configuration list for PBXNativeTarget "copypasteTests" */ = {
			isa = XCConfigurationList;
			buildConfigurations = (
				A99F72071717535000172B13 /* Debug */,
				A99F72081717535000172B13 /* Release */,
			);
			defaultConfigurationIsVisible = 0;
			defaultConfigurationName = Release;
		};
/* End XCConfigurationList section */
	};
	rootObject = A99F71C01717534F00172B13 /* Project object */;
}
