// !$*UTF8*$!
{
	archiveVersion = 1;
	classes = {
	};
	objectVersion = 46;
	objects = {

/* Begin PBXBuildFile section */
		7B0B98C71720E985006B4EBA /* FacebookSDK.framework in Frameworks */ = {isa = PBXBuildFile; fileRef = 7B737880171E034E004A16F4 /* FacebookSDK.framework */; };
		7B0B98CB1720E9B4006B4EBA /* CFNetwork.framework in Frameworks */ = {isa = PBXBuildFile; fileRef = 7B0B98CA1720E9B4006B4EBA /* CFNetwork.framework */; };
		7B0B98CF1720E9C3006B4EBA /* Accounts.framework in Frameworks */ = {isa = PBXBuildFile; fileRef = 7B0B98CE1720E9C3006B4EBA /* Accounts.framework */; settings = {ATTRIBUTES = (Weak, ); }; };
		7B0B98D11720EA61006B4EBA /* MobileCoreServices.framework in Frameworks */ = {isa = PBXBuildFile; fileRef = 7B0B98D01720EA61006B4EBA /* MobileCoreServices.framework */; };
		7B0B98D31720EA86006B4EBA /* StoreKit.framework in Frameworks */ = {isa = PBXBuildFile; fileRef = 7B0B98D21720EA86006B4EBA /* StoreKit.framework */; };
		7B0B98D51720EA9B006B4EBA /* CoreLocation.framework in Frameworks */ = {isa = PBXBuildFile; fileRef = 7B0B98D41720EA9B006B4EBA /* CoreLocation.framework */; };
		7B0B98D61720EADC006B4EBA /* AdSupport.framework in Frameworks */ = {isa = PBXBuildFile; fileRef = 7B0B98CC1720E9BB006B4EBA /* AdSupport.framework */; settings = {ATTRIBUTES = (Weak, ); }; };
		7B2CD3891725AADB006380F3 /* CPLogInViewController.m in Sources */ = {isa = PBXBuildFile; fileRef = 7B2CD3881725AADB006380F3 /* CPLogInViewController.m */; };
		7B2CD39B1725B865006380F3 /* background.png in Resources */ = {isa = PBXBuildFile; fileRef = 7B2CD38E1725B865006380F3 /* background.png */; };
		7B2CD39C1725B865006380F3 /* background@2x.png in Resources */ = {isa = PBXBuildFile; fileRef = 7B2CD38F1725B865006380F3 /* background@2x.png */; };
		7B2CD39D1725B865006380F3 /* gear.png in Resources */ = {isa = PBXBuildFile; fileRef = 7B2CD3901725B865006380F3 /* gear.png */; };
		7B2CD39E1725B865006380F3 /* gear@2x.png in Resources */ = {isa = PBXBuildFile; fileRef = 7B2CD3911725B865006380F3 /* gear@2x.png */; };
		7B2CD39F1725B865006380F3 /* header.png in Resources */ = {isa = PBXBuildFile; fileRef = 7B2CD3921725B865006380F3 /* header.png */; };
		7B2CD3A01725B865006380F3 /* header@2x.png in Resources */ = {isa = PBXBuildFile; fileRef = 7B2CD3931725B865006380F3 /* header@2x.png */; };
		7B2CD3A31725B865006380F3 /* pasteboard.png in Resources */ = {isa = PBXBuildFile; fileRef = 7B2CD3961725B865006380F3 /* pasteboard.png */; };
		7B2CD3A41725B865006380F3 /* pasteboard@2x.png in Resources */ = {isa = PBXBuildFile; fileRef = 7B2CD3971725B865006380F3 /* pasteboard@2x.png */; };
		7B2CD3A51725B865006380F3 /* person-background.png in Resources */ = {isa = PBXBuildFile; fileRef = 7B2CD3981725B865006380F3 /* person-background.png */; };
		7B2CD3A61725B865006380F3 /* person-background@2x.png in Resources */ = {isa = PBXBuildFile; fileRef = 7B2CD3991725B865006380F3 /* person-background@2x.png */; };
		7B2CD3AA17260F9B006380F3 /* CPPasteboardView.m in Sources */ = {isa = PBXBuildFile; fileRef = 7B2CD3A917260F9B006380F3 /* CPPasteboardView.m */; };
		7B346713171CDA0A00B73449 /* GMGridView.m in Sources */ = {isa = PBXBuildFile; fileRef = 7B346709171CDA0A00B73449 /* GMGridView.m */; };
		7B346714171CDA0A00B73449 /* GMGridViewCell.m in Sources */ = {isa = PBXBuildFile; fileRef = 7B34670C171CDA0A00B73449 /* GMGridViewCell.m */; };
		7B346715171CDA0A00B73449 /* GMGridViewLayoutStrategies.m in Sources */ = {isa = PBXBuildFile; fileRef = 7B34670E171CDA0A00B73449 /* GMGridViewLayoutStrategies.m */; };
		7B346716171CDA0A00B73449 /* UIGestureRecognizer+GMGridViewAdditions.m in Sources */ = {isa = PBXBuildFile; fileRef = 7B346710171CDA0A00B73449 /* UIGestureRecognizer+GMGridViewAdditions.m */; };
		7B346717171CDA0A00B73449 /* UIView+GMGridViewAdditions.m in Sources */ = {isa = PBXBuildFile; fileRef = 7B346712171CDA0A00B73449 /* UIView+GMGridViewAdditions.m */; };
		7B34672A171CE35E00B73449 /* EGOCache.m in Sources */ = {isa = PBXBuildFile; fileRef = 7B34671E171CE35E00B73449 /* EGOCache.m */; settings = {COMPILER_FLAGS = "-fno-objc-arc"; }; };
		7B34672B171CE35E00B73449 /* EGOImageButton.m in Sources */ = {isa = PBXBuildFile; fileRef = 7B346721171CE35E00B73449 /* EGOImageButton.m */; settings = {COMPILER_FLAGS = "-fno-objc-arc"; }; };
		7B34672C171CE35E00B73449 /* EGOImageLoadConnection.m in Sources */ = {isa = PBXBuildFile; fileRef = 7B346724171CE35E00B73449 /* EGOImageLoadConnection.m */; settings = {COMPILER_FLAGS = "-fno-objc-arc"; }; };
		7B34672D171CE35E00B73449 /* EGOImageLoader.m in Sources */ = {isa = PBXBuildFile; fileRef = 7B346726171CE35E00B73449 /* EGOImageLoader.m */; settings = {COMPILER_FLAGS = "-fno-objc-arc"; }; };
		7B34672E171CE35E00B73449 /* EGOImageView.m in Sources */ = {isa = PBXBuildFile; fileRef = 7B346729171CE35E00B73449 /* EGOImageView.m */; settings = {COMPILER_FLAGS = "-fno-objc-arc"; }; };
		7B346730171CE81900B73449 /* QuartzCore.framework in Frameworks */ = {isa = PBXBuildFile; fileRef = 7B34672F171CE81900B73449 /* QuartzCore.framework */; };
		7B38C65A171CA43F00B53A52 /* DataManager.m in Sources */ = {isa = PBXBuildFile; fileRef = 7B38C659171CA43F00B53A52 /* DataManager.m */; };
		7B41E4841729CADA002157DF /* CPUser.m in Sources */ = {isa = PBXBuildFile; fileRef = 7B41E4831729CADA002157DF /* CPUser.m */; };
		7B4574EA17287D2500675AE5 /* CPMessage.m in Sources */ = {isa = PBXBuildFile; fileRef = 7B4574E917287D2500675AE5 /* CPMessage.m */; };
		7B4574EF172884EE00675AE5 /* GSSUtils.m in Sources */ = {isa = PBXBuildFile; fileRef = 7B4574EE172884EE00675AE5 /* GSSUtils.m */; };
		7B4574F317288AEE00675AE5 /* CPMessageView.m in Sources */ = {isa = PBXBuildFile; fileRef = 7B4574F217288AEE00675AE5 /* CPMessageView.m */; };
		7B4575161728A72500675AE5 /* popoverArrowDown.png in Resources */ = {isa = PBXBuildFile; fileRef = 7B4574FE1728A72500675AE5 /* popoverArrowDown.png */; };
		7B4575171728A72500675AE5 /* popoverArrowDown@2x.png in Resources */ = {isa = PBXBuildFile; fileRef = 7B4574FF1728A72500675AE5 /* popoverArrowDown@2x.png */; };
		7B4575181728A72500675AE5 /* popoverArrowDownSimple.png in Resources */ = {isa = PBXBuildFile; fileRef = 7B4575001728A72500675AE5 /* popoverArrowDownSimple.png */; };
		7B4575191728A72500675AE5 /* popoverArrowLeft.png in Resources */ = {isa = PBXBuildFile; fileRef = 7B4575011728A72500675AE5 /* popoverArrowLeft.png */; };
		7B45751A1728A72500675AE5 /* popoverArrowLeft@2x.png in Resources */ = {isa = PBXBuildFile; fileRef = 7B4575021728A72500675AE5 /* popoverArrowLeft@2x.png */; };
		7B45751B1728A72500675AE5 /* popoverArrowLeftSimple.png in Resources */ = {isa = PBXBuildFile; fileRef = 7B4575031728A72500675AE5 /* popoverArrowLeftSimple.png */; };
		7B45751C1728A72500675AE5 /* popoverArrowRight.png in Resources */ = {isa = PBXBuildFile; fileRef = 7B4575041728A72500675AE5 /* popoverArrowRight.png */; };
		7B45751D1728A72500675AE5 /* popoverArrowRight@2x.png in Resources */ = {isa = PBXBuildFile; fileRef = 7B4575051728A72500675AE5 /* popoverArrowRight@2x.png */; };
		7B45751E1728A72500675AE5 /* popoverArrowRightSimple.png in Resources */ = {isa = PBXBuildFile; fileRef = 7B4575061728A72500675AE5 /* popoverArrowRightSimple.png */; };
		7B45751F1728A72500675AE5 /* popoverArrowUp.png in Resources */ = {isa = PBXBuildFile; fileRef = 7B4575071728A72500675AE5 /* popoverArrowUp.png */; };
		7B4575201728A72500675AE5 /* popoverArrowUp@2x.png in Resources */ = {isa = PBXBuildFile; fileRef = 7B4575081728A72500675AE5 /* popoverArrowUp@2x.png */; };
		7B4575211728A72500675AE5 /* popoverArrowUpSimple.png in Resources */ = {isa = PBXBuildFile; fileRef = 7B4575091728A72500675AE5 /* popoverArrowUpSimple.png */; };
		7B4575221728A72500675AE5 /* popoverBg.png in Resources */ = {isa = PBXBuildFile; fileRef = 7B45750A1728A72500675AE5 /* popoverBg.png */; };
		7B4575231728A72500675AE5 /* popoverBg@2x.png in Resources */ = {isa = PBXBuildFile; fileRef = 7B45750B1728A72500675AE5 /* popoverBg@2x.png */; };
		7B4575241728A72500675AE5 /* popoverBgSimple.png in Resources */ = {isa = PBXBuildFile; fileRef = 7B45750C1728A72500675AE5 /* popoverBgSimple.png */; };
		7B4575251728A72500675AE5 /* UIBarButtonItem+WEPopover.m in Sources */ = {isa = PBXBuildFile; fileRef = 7B45750E1728A72500675AE5 /* UIBarButtonItem+WEPopover.m */; settings = {COMPILER_FLAGS = "-fno-objc-arc"; }; };
		7B4575261728A72500675AE5 /* WEPopoverContainerView.m in Sources */ = {isa = PBXBuildFile; fileRef = 7B4575101728A72500675AE5 /* WEPopoverContainerView.m */; settings = {COMPILER_FLAGS = "-fno-objc-arc"; }; };
		7B4575271728A72500675AE5 /* WEPopoverController.m in Sources */ = {isa = PBXBuildFile; fileRef = 7B4575121728A72500675AE5 /* WEPopoverController.m */; settings = {COMPILER_FLAGS = "-fno-objc-arc"; }; };
		7B4575281728A72500675AE5 /* WETouchableView.m in Sources */ = {isa = PBXBuildFile; fileRef = 7B4575151728A72500675AE5 /* WETouchableView.m */; settings = {COMPILER_FLAGS = "-fno-objc-arc"; }; };
		7B45752C1728A7E000675AE5 /* CPProfileViewController.m in Sources */ = {isa = PBXBuildFile; fileRef = 7B45752B1728A7E000675AE5 /* CPProfileViewController.m */; };
		7B4B76A31727459000B1D810 /* Firebase.framework in Frameworks */ = {isa = PBXBuildFile; fileRef = 7B4B76A21727459000B1D810 /* Firebase.framework */; };
		7B4B76A7172745BF00B1D810 /* libicucore.dylib in Frameworks */ = {isa = PBXBuildFile; fileRef = 7B4B76A6172745BF00B1D810 /* libicucore.dylib */; };
		7B4B76BC1727628F00B1D810 /* NSData+Base64.m in Sources */ = {isa = PBXBuildFile; fileRef = 7B4B76BB1727628F00B1D810 /* NSData+Base64.m */; };
		7B4B76C01727684400B1D810 /* CPTextView.m in Sources */ = {isa = PBXBuildFile; fileRef = 7B4B76BF1727684400B1D810 /* CPTextView.m */; };
		7B737885171E0398004A16F4 /* Social.framework in Frameworks */ = {isa = PBXBuildFile; fileRef = 7B737884171E0398004A16F4 /* Social.framework */; settings = {ATTRIBUTES = (Weak, ); }; };
		7B73788A171E04FC004A16F4 /* FacebookSDKResources.bundle in Resources */ = {isa = PBXBuildFile; fileRef = 7B737889171E04FC004A16F4 /* FacebookSDKResources.bundle */; };
		7B737896171E109D004A16F4 /* Reachability.m in Sources */ = {isa = PBXBuildFile; fileRef = 7B737895171E109D004A16F4 /* Reachability.m */; settings = {COMPILER_FLAGS = "-fno-objc-arc"; }; };
		7B73789A171E1148004A16F4 /* SystemConfiguration.framework in Frameworks */ = {isa = PBXBuildFile; fileRef = 7B737899171E1148004A16F4 /* SystemConfiguration.framework */; };
		7BA18EEC1721C5E000B88255 /* GSSParseQueryHelper.m in Sources */ = {isa = PBXBuildFile; fileRef = 7BA18EEB1721C5E000B88255 /* GSSParseQueryHelper.m */; };
		7BAD0E70172856D700A474AB /* comment.png in Resources */ = {isa = PBXBuildFile; fileRef = 7BAD0E67172856D700A474AB /* comment.png */; };
		7BAD0E71172856D700A474AB /* comment@2x.png in Resources */ = {isa = PBXBuildFile; fileRef = 7BAD0E68172856D700A474AB /* comment@2x.png */; };
		7BAD0E72172856D700A474AB /* friend.png in Resources */ = {isa = PBXBuildFile; fileRef = 7BAD0E69172856D700A474AB /* friend.png */; };
		7BAD0E73172856D700A474AB /* friend@2x.png in Resources */ = {isa = PBXBuildFile; fileRef = 7BAD0E6A172856D700A474AB /* friend@2x.png */; };
		7BAD0E74172856D700A474AB /* love.png in Resources */ = {isa = PBXBuildFile; fileRef = 7BAD0E6B172856D700A474AB /* love.png */; };
		7BAD0E75172856D700A474AB /* love@2x.png in Resources */ = {isa = PBXBuildFile; fileRef = 7BAD0E6C172856D700A474AB /* love@2x.png */; };
		7BAD0E76172856D700A474AB /* SVProgressHUD.bundle in Resources */ = {isa = PBXBuildFile; fileRef = 7BAD0E6D172856D700A474AB /* SVProgressHUD.bundle */; };
		7BAD0E77172856D700A474AB /* SVProgressHUD.m in Sources */ = {isa = PBXBuildFile; fileRef = 7BAD0E6F172856D700A474AB /* SVProgressHUD.m */; settings = {COMPILER_FLAGS = "-fno-objc-arc"; }; };
		7BD22225171F324500E66FD5 /* .gitmodules in Resources */ = {isa = PBXBuildFile; fileRef = 7BD22206171F324500E66FD5 /* .gitmodules */; };
		7BD22226171F324500E66FD5 /* OAuth2Client.framework-Info.plist in Resources */ = {isa = PBXBuildFile; fileRef = 7BD22207171F324500E66FD5 /* OAuth2Client.framework-Info.plist */; };
		7BD22227171F324500E66FD5 /* README.md in Resources */ = {isa = PBXBuildFile; fileRef = 7BD2220B171F324500E66FD5 /* README.md */; };
		7BD22228171F324500E66FD5 /* NSString+NXOAuth2.m in Sources */ = {isa = PBXBuildFile; fileRef = 7BD2220E171F324500E66FD5 /* NSString+NXOAuth2.m */; settings = {COMPILER_FLAGS = "-fno-objc-arc"; }; };
		7BD22229171F324500E66FD5 /* NSURL+NXOAuth2.m in Sources */ = {isa = PBXBuildFile; fileRef = 7BD22210171F324500E66FD5 /* NSURL+NXOAuth2.m */; settings = {COMPILER_FLAGS = "-fno-objc-arc"; }; };
		7BD2222A171F324500E66FD5 /* NXOAuth2AccessToken.m in Sources */ = {isa = PBXBuildFile; fileRef = 7BD22214171F324500E66FD5 /* NXOAuth2AccessToken.m */; settings = {COMPILER_FLAGS = "-fno-objc-arc"; }; };
		7BD2222B171F324500E66FD5 /* NXOAuth2Client.m in Sources */ = {isa = PBXBuildFile; fileRef = 7BD22216171F324500E66FD5 /* NXOAuth2Client.m */; settings = {COMPILER_FLAGS = "-fno-objc-arc"; }; };
		7BD2222C171F324500E66FD5 /* NXOAuth2Connection.m in Sources */ = {isa = PBXBuildFile; fileRef = 7BD2221A171F324500E66FD5 /* NXOAuth2Connection.m */; settings = {COMPILER_FLAGS = "-fno-objc-arc"; }; };
		7BD2222D171F324500E66FD5 /* NXOAuth2Constants.m in Sources */ = {isa = PBXBuildFile; fileRef = 7BD2221D171F324500E66FD5 /* NXOAuth2Constants.m */; };
		7BD2222E171F324500E66FD5 /* NXOAuth2FileStreamWrapper.m in Sources */ = {isa = PBXBuildFile; fileRef = 7BD2221F171F324500E66FD5 /* NXOAuth2FileStreamWrapper.m */; settings = {COMPILER_FLAGS = "-fno-objc-arc"; }; };
		7BD2222F171F324500E66FD5 /* NXOAuth2PostBodyPart.m in Sources */ = {isa = PBXBuildFile; fileRef = 7BD22221171F324500E66FD5 /* NXOAuth2PostBodyPart.m */; settings = {COMPILER_FLAGS = "-fno-objc-arc"; }; };
		7BD22230171F324500E66FD5 /* NXOAuth2PostBodyStream.m in Sources */ = {isa = PBXBuildFile; fileRef = 7BD22223171F324500E66FD5 /* NXOAuth2PostBodyStream.m */; settings = {COMPILER_FLAGS = "-fno-objc-arc"; }; };
		7BD22238171F33ED00E66FD5 /* Security.framework in Frameworks */ = {isa = PBXBuildFile; fileRef = 7BD22237171F33ED00E66FD5 /* Security.framework */; };
		7BD2224D171F396100E66FD5 /* GSSUser.m in Sources */ = {isa = PBXBuildFile; fileRef = 7BD2224C171F396100E66FD5 /* GSSUser.m */; };
		7BD22268171F40E900E66FD5 /* NSObject+SBJson.m in Sources */ = {isa = PBXBuildFile; fileRef = 7BD22250171F40E900E66FD5 /* NSObject+SBJson.m */; settings = {COMPILER_FLAGS = "-fno-objc-arc"; }; };
		7BD22269171F40E900E66FD5 /* SBJsonParser.m in Sources */ = {isa = PBXBuildFile; fileRef = 7BD22253171F40E900E66FD5 /* SBJsonParser.m */; };
		7BD2226A171F40E900E66FD5 /* SBJsonStreamParser.m in Sources */ = {isa = PBXBuildFile; fileRef = 7BD22255171F40E900E66FD5 /* SBJsonStreamParser.m */; settings = {COMPILER_FLAGS = "-fno-objc-arc"; }; };
		7BD2226B171F40E900E66FD5 /* SBJsonStreamParserAccumulator.m in Sources */ = {isa = PBXBuildFile; fileRef = 7BD22257171F40E900E66FD5 /* SBJsonStreamParserAccumulator.m */; };
		7BD2226C171F40E900E66FD5 /* SBJsonStreamParserAdapter.m in Sources */ = {isa = PBXBuildFile; fileRef = 7BD22259171F40E900E66FD5 /* SBJsonStreamParserAdapter.m */; };
		7BD2226D171F40E900E66FD5 /* SBJsonStreamParserState.m in Sources */ = {isa = PBXBuildFile; fileRef = 7BD2225B171F40E900E66FD5 /* SBJsonStreamParserState.m */; };
		7BD2226E171F40E900E66FD5 /* SBJsonStreamWriter.m in Sources */ = {isa = PBXBuildFile; fileRef = 7BD2225D171F40E900E66FD5 /* SBJsonStreamWriter.m */; settings = {COMPILER_FLAGS = "-fno-objc-arc"; }; };
		7BD2226F171F40E900E66FD5 /* SBJsonStreamWriterAccumulator.m in Sources */ = {isa = PBXBuildFile; fileRef = 7BD2225F171F40E900E66FD5 /* SBJsonStreamWriterAccumulator.m */; };
		7BD22270171F40E900E66FD5 /* SBJsonStreamWriterState.m in Sources */ = {isa = PBXBuildFile; fileRef = 7BD22261171F40E900E66FD5 /* SBJsonStreamWriterState.m */; };
		7BD22271171F40E900E66FD5 /* SBJsonTokeniser.m in Sources */ = {isa = PBXBuildFile; fileRef = 7BD22263171F40E900E66FD5 /* SBJsonTokeniser.m */; };
		7BD22272171F40E900E66FD5 /* SBJsonUTF8Stream.m in Sources */ = {isa = PBXBuildFile; fileRef = 7BD22265171F40E900E66FD5 /* SBJsonUTF8Stream.m */; };
		7BD22273171F40E900E66FD5 /* SBJsonWriter.m in Sources */ = {isa = PBXBuildFile; fileRef = 7BD22267171F40E900E66FD5 /* SBJsonWriter.m */; };
		7BD2227C171F435600E66FD5 /* GSSSession.m in Sources */ = {isa = PBXBuildFile; fileRef = 7BD2227B171F435600E66FD5 /* GSSSession.m */; };
		A9130A78172874D90079A261 /* pastebutton.png in Resources */ = {isa = PBXBuildFile; fileRef = A9130A76172874D90079A261 /* pastebutton.png */; };
		A9130A79172874D90079A261 /* pastebutton@2x.png in Resources */ = {isa = PBXBuildFile; fileRef = A9130A77172874D90079A261 /* pastebutton@2x.png */; };
		A9130A7C17288AD30079A261 /* header-clipboard3.png in Resources */ = {isa = PBXBuildFile; fileRef = A9130A7A17288AD30079A261 /* header-clipboard3.png */; };
		A9130A7D17288AD30079A261 /* header-clipboard3@2x.png in Resources */ = {isa = PBXBuildFile; fileRef = A9130A7B17288AD30079A261 /* header-clipboard3@2x.png */; };
		A945DFD117260B7900F69D40 /* background-548h@2x.png in Resources */ = {isa = PBXBuildFile; fileRef = A945DFD017260B7900F69D40 /* background-548h@2x.png */; };
		A99F71CC1717535000172B13 /* UIKit.framework in Frameworks */ = {isa = PBXBuildFile; fileRef = A99F71CB1717535000172B13 /* UIKit.framework */; };
		A99F71CE1717535000172B13 /* Foundation.framework in Frameworks */ = {isa = PBXBuildFile; fileRef = A99F71CD1717535000172B13 /* Foundation.framework */; };
		A99F71D01717535000172B13 /* CoreGraphics.framework in Frameworks */ = {isa = PBXBuildFile; fileRef = A99F71CF1717535000172B13 /* CoreGraphics.framework */; };
		A99F71D61717535000172B13 /* InfoPlist.strings in Resources */ = {isa = PBXBuildFile; fileRef = A99F71D41717535000172B13 /* InfoPlist.strings */; };
		A99F71D81717535000172B13 /* main.m in Sources */ = {isa = PBXBuildFile; fileRef = A99F71D71717535000172B13 /* main.m */; };
		A99F71DC1717535000172B13 /* CPAppDelegate.m in Sources */ = {isa = PBXBuildFile; fileRef = A99F71DB1717535000172B13 /* CPAppDelegate.m */; };
		A99F71DE1717535000172B13 /* Default.png in Resources */ = {isa = PBXBuildFile; fileRef = A99F71DD1717535000172B13 /* Default.png */; };
		A99F71E01717535000172B13 /* Default@2x.png in Resources */ = {isa = PBXBuildFile; fileRef = A99F71DF1717535000172B13 /* Default@2x.png */; };
		A99F71E21717535000172B13 /* Default-568h@2x.png in Resources */ = {isa = PBXBuildFile; fileRef = A99F71E11717535000172B13 /* Default-568h@2x.png */; };
		A99F71E51717535000172B13 /* MainStoryboard_iPhone.storyboard in Resources */ = {isa = PBXBuildFile; fileRef = A99F71E31717535000172B13 /* MainStoryboard_iPhone.storyboard */; };
		A99F71E81717535000172B13 /* MainStoryboard_iPad.storyboard in Resources */ = {isa = PBXBuildFile; fileRef = A99F71E61717535000172B13 /* MainStoryboard_iPad.storyboard */; };
		A99F71EB1717535000172B13 /* CPViewController.m in Sources */ = {isa = PBXBuildFile; fileRef = A99F71EA1717535000172B13 /* CPViewController.m */; };
		A99F71F31717535000172B13 /* SenTestingKit.framework in Frameworks */ = {isa = PBXBuildFile; fileRef = A99F71F21717535000172B13 /* SenTestingKit.framework */; };
		A99F71F41717535000172B13 /* UIKit.framework in Frameworks */ = {isa = PBXBuildFile; fileRef = A99F71CB1717535000172B13 /* UIKit.framework */; };
		A99F71F51717535000172B13 /* Foundation.framework in Frameworks */ = {isa = PBXBuildFile; fileRef = A99F71CD1717535000172B13 /* Foundation.framework */; };
		A99F71FD1717535000172B13 /* InfoPlist.strings in Resources */ = {isa = PBXBuildFile; fileRef = A99F71FB1717535000172B13 /* InfoPlist.strings */; };
		A99F72001717535000172B13 /* copypasteTests.m in Sources */ = {isa = PBXBuildFile; fileRef = A99F71FF1717535000172B13 /* copypasteTests.m */; };
		A99F720A17177F0100172B13 /* Parse.framework in Frameworks */ = {isa = PBXBuildFile; fileRef = A99F720917177F0100172B13 /* Parse.framework */; };
		A99F720C17179B2E00172B13 /* AudioToolbox.framework in Frameworks */ = {isa = PBXBuildFile; fileRef = A99F720B17179B2E00172B13 /* AudioToolbox.framework */; };
/* End PBXBuildFile section */

/* Begin PBXContainerItemProxy section */
		7BD22233171F324600E66FD5 /* PBXContainerItemProxy */ = {
			isa = PBXContainerItemProxy;
			containerPortal = 7BD22208171F324500E66FD5 /* OAuth2Client.xcodeproj */;
			proxyType = 2;
			remoteGlobalIDString = 942FFCD612315E0A00E6C65E;
			remoteInfo = OAuth2Client.framework;
		};
		7BD22235171F324600E66FD5 /* PBXContainerItemProxy */ = {
			isa = PBXContainerItemProxy;
			containerPortal = 7BD22208171F324500E66FD5 /* OAuth2Client.xcodeproj */;
			proxyType = 2;
			remoteGlobalIDString = D2AAC07E0554694100DB518D;
			remoteInfo = OAuth2Client;
		};
		A99F71F61717535000172B13 /* PBXContainerItemProxy */ = {
			isa = PBXContainerItemProxy;
			containerPortal = A99F71C01717534F00172B13 /* Project object */;
			proxyType = 1;
			remoteGlobalIDString = A99F71C71717535000172B13;
			remoteInfo = copypaste;
		};
/* End PBXContainerItemProxy section */

/* Begin PBXFileReference section */
		7B0B98CA1720E9B4006B4EBA /* CFNetwork.framework */ = {isa = PBXFileReference; lastKnownFileType = wrapper.framework; name = CFNetwork.framework; path = System/Library/Frameworks/CFNetwork.framework; sourceTree = SDKROOT; };
		7B0B98CC1720E9BB006B4EBA /* AdSupport.framework */ = {isa = PBXFileReference; lastKnownFileType = wrapper.framework; name = AdSupport.framework; path = System/Library/Frameworks/AdSupport.framework; sourceTree = SDKROOT; };
		7B0B98CE1720E9C3006B4EBA /* Accounts.framework */ = {isa = PBXFileReference; lastKnownFileType = wrapper.framework; name = Accounts.framework; path = System/Library/Frameworks/Accounts.framework; sourceTree = SDKROOT; };
		7B0B98D01720EA61006B4EBA /* MobileCoreServices.framework */ = {isa = PBXFileReference; lastKnownFileType = wrapper.framework; name = MobileCoreServices.framework; path = System/Library/Frameworks/MobileCoreServices.framework; sourceTree = SDKROOT; };
		7B0B98D21720EA86006B4EBA /* StoreKit.framework */ = {isa = PBXFileReference; lastKnownFileType = wrapper.framework; name = StoreKit.framework; path = System/Library/Frameworks/StoreKit.framework; sourceTree = SDKROOT; };
		7B0B98D41720EA9B006B4EBA /* CoreLocation.framework */ = {isa = PBXFileReference; lastKnownFileType = wrapper.framework; name = CoreLocation.framework; path = System/Library/Frameworks/CoreLocation.framework; sourceTree = SDKROOT; };
		7B2CD3871725AADB006380F3 /* CPLogInViewController.h */ = {isa = PBXFileReference; fileEncoding = 4; lastKnownFileType = sourcecode.c.h; path = CPLogInViewController.h; sourceTree = "<group>"; };
		7B2CD3881725AADB006380F3 /* CPLogInViewController.m */ = {isa = PBXFileReference; fileEncoding = 4; lastKnownFileType = sourcecode.c.objc; path = CPLogInViewController.m; sourceTree = "<group>"; };
		7B2CD38E1725B865006380F3 /* background.png */ = {isa = PBXFileReference; lastKnownFileType = image.png; path = background.png; sourceTree = "<group>"; };
		7B2CD38F1725B865006380F3 /* background@2x.png */ = {isa = PBXFileReference; lastKnownFileType = image.png; path = "background@2x.png"; sourceTree = "<group>"; };
		7B2CD3901725B865006380F3 /* gear.png */ = {isa = PBXFileReference; lastKnownFileType = image.png; path = gear.png; sourceTree = "<group>"; };
		7B2CD3911725B865006380F3 /* gear@2x.png */ = {isa = PBXFileReference; lastKnownFileType = image.png; path = "gear@2x.png"; sourceTree = "<group>"; };
		7B2CD3921725B865006380F3 /* header.png */ = {isa = PBXFileReference; lastKnownFileType = image.png; path = header.png; sourceTree = "<group>"; };
		7B2CD3931725B865006380F3 /* header@2x.png */ = {isa = PBXFileReference; lastKnownFileType = image.png; path = "header@2x.png"; sourceTree = "<group>"; };
		7B2CD3961725B865006380F3 /* pasteboard.png */ = {isa = PBXFileReference; lastKnownFileType = image.png; path = pasteboard.png; sourceTree = "<group>"; };
		7B2CD3971725B865006380F3 /* pasteboard@2x.png */ = {isa = PBXFileReference; lastKnownFileType = image.png; path = "pasteboard@2x.png"; sourceTree = "<group>"; };
		7B2CD3981725B865006380F3 /* person-background.png */ = {isa = PBXFileReference; lastKnownFileType = image.png; path = "person-background.png"; sourceTree = "<group>"; };
		7B2CD3991725B865006380F3 /* person-background@2x.png */ = {isa = PBXFileReference; lastKnownFileType = image.png; path = "person-background@2x.png"; sourceTree = "<group>"; };
		7B2CD3A817260F9B006380F3 /* CPPasteboardView.h */ = {isa = PBXFileReference; fileEncoding = 4; lastKnownFileType = sourcecode.c.h; path = CPPasteboardView.h; sourceTree = "<group>"; };
		7B2CD3A917260F9B006380F3 /* CPPasteboardView.m */ = {isa = PBXFileReference; fileEncoding = 4; lastKnownFileType = sourcecode.c.objc; path = CPPasteboardView.m; sourceTree = "<group>"; };
		7B346707171CDA0A00B73449 /* GMGridView-Constants.h */ = {isa = PBXFileReference; fileEncoding = 4; lastKnownFileType = sourcecode.c.h; path = "GMGridView-Constants.h"; sourceTree = "<group>"; };
		7B346708171CDA0A00B73449 /* GMGridView.h */ = {isa = PBXFileReference; fileEncoding = 4; lastKnownFileType = sourcecode.c.h; path = GMGridView.h; sourceTree = "<group>"; };
		7B346709171CDA0A00B73449 /* GMGridView.m */ = {isa = PBXFileReference; fileEncoding = 4; lastKnownFileType = sourcecode.c.objc; path = GMGridView.m; sourceTree = "<group>"; };
		7B34670A171CDA0A00B73449 /* GMGridViewCell+Extended.h */ = {isa = PBXFileReference; fileEncoding = 4; lastKnownFileType = sourcecode.c.h; path = "GMGridViewCell+Extended.h"; sourceTree = "<group>"; };
		7B34670B171CDA0A00B73449 /* GMGridViewCell.h */ = {isa = PBXFileReference; fileEncoding = 4; lastKnownFileType = sourcecode.c.h; path = GMGridViewCell.h; sourceTree = "<group>"; };
		7B34670C171CDA0A00B73449 /* GMGridViewCell.m */ = {isa = PBXFileReference; fileEncoding = 4; lastKnownFileType = sourcecode.c.objc; path = GMGridViewCell.m; sourceTree = "<group>"; };
		7B34670D171CDA0A00B73449 /* GMGridViewLayoutStrategies.h */ = {isa = PBXFileReference; fileEncoding = 4; lastKnownFileType = sourcecode.c.h; path = GMGridViewLayoutStrategies.h; sourceTree = "<group>"; };
		7B34670E171CDA0A00B73449 /* GMGridViewLayoutStrategies.m */ = {isa = PBXFileReference; fileEncoding = 4; lastKnownFileType = sourcecode.c.objc; path = GMGridViewLayoutStrategies.m; sourceTree = "<group>"; };
		7B34670F171CDA0A00B73449 /* UIGestureRecognizer+GMGridViewAdditions.h */ = {isa = PBXFileReference; fileEncoding = 4; lastKnownFileType = sourcecode.c.h; path = "UIGestureRecognizer+GMGridViewAdditions.h"; sourceTree = "<group>"; };
		7B346710171CDA0A00B73449 /* UIGestureRecognizer+GMGridViewAdditions.m */ = {isa = PBXFileReference; fileEncoding = 4; lastKnownFileType = sourcecode.c.objc; path = "UIGestureRecognizer+GMGridViewAdditions.m"; sourceTree = "<group>"; };
		7B346711171CDA0A00B73449 /* UIView+GMGridViewAdditions.h */ = {isa = PBXFileReference; fileEncoding = 4; lastKnownFileType = sourcecode.c.h; path = "UIView+GMGridViewAdditions.h"; sourceTree = "<group>"; };
		7B346712171CDA0A00B73449 /* UIView+GMGridViewAdditions.m */ = {isa = PBXFileReference; fileEncoding = 4; lastKnownFileType = sourcecode.c.objc; path = "UIView+GMGridViewAdditions.m"; sourceTree = "<group>"; };
		7B34671D171CE35E00B73449 /* EGOCache.h */ = {isa = PBXFileReference; fileEncoding = 4; lastKnownFileType = sourcecode.c.h; path = EGOCache.h; sourceTree = "<group>"; };
		7B34671E171CE35E00B73449 /* EGOCache.m */ = {isa = PBXFileReference; fileEncoding = 4; lastKnownFileType = sourcecode.c.objc; path = EGOCache.m; sourceTree = "<group>"; };
		7B346720171CE35E00B73449 /* EGOImageButton.h */ = {isa = PBXFileReference; fileEncoding = 4; lastKnownFileType = sourcecode.c.h; path = EGOImageButton.h; sourceTree = "<group>"; };
		7B346721171CE35E00B73449 /* EGOImageButton.m */ = {isa = PBXFileReference; fileEncoding = 4; lastKnownFileType = sourcecode.c.objc; path = EGOImageButton.m; sourceTree = "<group>"; };
		7B346723171CE35E00B73449 /* EGOImageLoadConnection.h */ = {isa = PBXFileReference; fileEncoding = 4; lastKnownFileType = sourcecode.c.h; path = EGOImageLoadConnection.h; sourceTree = "<group>"; };
		7B346724171CE35E00B73449 /* EGOImageLoadConnection.m */ = {isa = PBXFileReference; fileEncoding = 4; lastKnownFileType = sourcecode.c.objc; path = EGOImageLoadConnection.m; sourceTree = "<group>"; };
		7B346725171CE35E00B73449 /* EGOImageLoader.h */ = {isa = PBXFileReference; fileEncoding = 4; lastKnownFileType = sourcecode.c.h; path = EGOImageLoader.h; sourceTree = "<group>"; };
		7B346726171CE35E00B73449 /* EGOImageLoader.m */ = {isa = PBXFileReference; fileEncoding = 4; lastKnownFileType = sourcecode.c.objc; path = EGOImageLoader.m; sourceTree = "<group>"; };
		7B346728171CE35E00B73449 /* EGOImageView.h */ = {isa = PBXFileReference; fileEncoding = 4; lastKnownFileType = sourcecode.c.h; path = EGOImageView.h; sourceTree = "<group>"; };
		7B346729171CE35E00B73449 /* EGOImageView.m */ = {isa = PBXFileReference; fileEncoding = 4; lastKnownFileType = sourcecode.c.objc; path = EGOImageView.m; sourceTree = "<group>"; };
		7B34672F171CE81900B73449 /* QuartzCore.framework */ = {isa = PBXFileReference; lastKnownFileType = wrapper.framework; name = QuartzCore.framework; path = System/Library/Frameworks/QuartzCore.framework; sourceTree = SDKROOT; };
		7B38C658171CA43F00B53A52 /* DataManager.h */ = {isa = PBXFileReference; fileEncoding = 4; lastKnownFileType = sourcecode.c.h; path = DataManager.h; sourceTree = "<group>"; };
		7B38C659171CA43F00B53A52 /* DataManager.m */ = {isa = PBXFileReference; fileEncoding = 4; lastKnownFileType = sourcecode.c.objc; path = DataManager.m; sourceTree = "<group>"; };
		7B41E4821729CADA002157DF /* CPUser.h */ = {isa = PBXFileReference; fileEncoding = 4; lastKnownFileType = sourcecode.c.h; path = CPUser.h; sourceTree = "<group>"; };
		7B41E4831729CADA002157DF /* CPUser.m */ = {isa = PBXFileReference; fileEncoding = 4; lastKnownFileType = sourcecode.c.objc; path = CPUser.m; sourceTree = "<group>"; };
		7B4574E817287D2500675AE5 /* CPMessage.h */ = {isa = PBXFileReference; fileEncoding = 4; lastKnownFileType = sourcecode.c.h; path = CPMessage.h; sourceTree = "<group>"; };
		7B4574E917287D2500675AE5 /* CPMessage.m */ = {isa = PBXFileReference; fileEncoding = 4; lastKnownFileType = sourcecode.c.objc; path = CPMessage.m; sourceTree = "<group>"; };
		7B4574ED172884EE00675AE5 /* GSSUtils.h */ = {isa = PBXFileReference; fileEncoding = 4; lastKnownFileType = sourcecode.c.h; path = GSSUtils.h; sourceTree = "<group>"; };
		7B4574EE172884EE00675AE5 /* GSSUtils.m */ = {isa = PBXFileReference; fileEncoding = 4; lastKnownFileType = sourcecode.c.objc; path = GSSUtils.m; sourceTree = "<group>"; };
		7B4574F117288AEE00675AE5 /* CPMessageView.h */ = {isa = PBXFileReference; fileEncoding = 4; lastKnownFileType = sourcecode.c.h; path = CPMessageView.h; sourceTree = "<group>"; };
		7B4574F217288AEE00675AE5 /* CPMessageView.m */ = {isa = PBXFileReference; fileEncoding = 4; lastKnownFileType = sourcecode.c.objc; path = CPMessageView.m; sourceTree = "<group>"; };
		7B4574FE1728A72500675AE5 /* popoverArrowDown.png */ = {isa = PBXFileReference; lastKnownFileType = image.png; path = popoverArrowDown.png; sourceTree = "<group>"; };
		7B4574FF1728A72500675AE5 /* popoverArrowDown@2x.png */ = {isa = PBXFileReference; lastKnownFileType = image.png; path = "popoverArrowDown@2x.png"; sourceTree = "<group>"; };
		7B4575001728A72500675AE5 /* popoverArrowDownSimple.png */ = {isa = PBXFileReference; lastKnownFileType = image.png; path = popoverArrowDownSimple.png; sourceTree = "<group>"; };
		7B4575011728A72500675AE5 /* popoverArrowLeft.png */ = {isa = PBXFileReference; lastKnownFileType = image.png; path = popoverArrowLeft.png; sourceTree = "<group>"; };
		7B4575021728A72500675AE5 /* popoverArrowLeft@2x.png */ = {isa = PBXFileReference; lastKnownFileType = image.png; path = "popoverArrowLeft@2x.png"; sourceTree = "<group>"; };
		7B4575031728A72500675AE5 /* popoverArrowLeftSimple.png */ = {isa = PBXFileReference; lastKnownFileType = image.png; path = popoverArrowLeftSimple.png; sourceTree = "<group>"; };
		7B4575041728A72500675AE5 /* popoverArrowRight.png */ = {isa = PBXFileReference; lastKnownFileType = image.png; path = popoverArrowRight.png; sourceTree = "<group>"; };
		7B4575051728A72500675AE5 /* popoverArrowRight@2x.png */ = {isa = PBXFileReference; lastKnownFileType = image.png; path = "popoverArrowRight@2x.png"; sourceTree = "<group>"; };
		7B4575061728A72500675AE5 /* popoverArrowRightSimple.png */ = {isa = PBXFileReference; lastKnownFileType = image.png; path = popoverArrowRightSimple.png; sourceTree = "<group>"; };
		7B4575071728A72500675AE5 /* popoverArrowUp.png */ = {isa = PBXFileReference; lastKnownFileType = image.png; path = popoverArrowUp.png; sourceTree = "<group>"; };
		7B4575081728A72500675AE5 /* popoverArrowUp@2x.png */ = {isa = PBXFileReference; lastKnownFileType = image.png; path = "popoverArrowUp@2x.png"; sourceTree = "<group>"; };
		7B4575091728A72500675AE5 /* popoverArrowUpSimple.png */ = {isa = PBXFileReference; lastKnownFileType = image.png; path = popoverArrowUpSimple.png; sourceTree = "<group>"; };
		7B45750A1728A72500675AE5 /* popoverBg.png */ = {isa = PBXFileReference; lastKnownFileType = image.png; path = popoverBg.png; sourceTree = "<group>"; };
		7B45750B1728A72500675AE5 /* popoverBg@2x.png */ = {isa = PBXFileReference; lastKnownFileType = image.png; path = "popoverBg@2x.png"; sourceTree = "<group>"; };
		7B45750C1728A72500675AE5 /* popoverBgSimple.png */ = {isa = PBXFileReference; lastKnownFileType = image.png; path = popoverBgSimple.png; sourceTree = "<group>"; };
		7B45750D1728A72500675AE5 /* UIBarButtonItem+WEPopover.h */ = {isa = PBXFileReference; fileEncoding = 4; lastKnownFileType = sourcecode.c.h; path = "UIBarButtonItem+WEPopover.h"; sourceTree = "<group>"; };
		7B45750E1728A72500675AE5 /* UIBarButtonItem+WEPopover.m */ = {isa = PBXFileReference; fileEncoding = 4; lastKnownFileType = sourcecode.c.objc; path = "UIBarButtonItem+WEPopover.m"; sourceTree = "<group>"; };
		7B45750F1728A72500675AE5 /* WEPopoverContainerView.h */ = {isa = PBXFileReference; fileEncoding = 4; lastKnownFileType = sourcecode.c.h; path = WEPopoverContainerView.h; sourceTree = "<group>"; };
		7B4575101728A72500675AE5 /* WEPopoverContainerView.m */ = {isa = PBXFileReference; fileEncoding = 4; lastKnownFileType = sourcecode.c.objc; path = WEPopoverContainerView.m; sourceTree = "<group>"; };
		7B4575111728A72500675AE5 /* WEPopoverController.h */ = {isa = PBXFileReference; fileEncoding = 4; lastKnownFileType = sourcecode.c.h; path = WEPopoverController.h; sourceTree = "<group>"; };
		7B4575121728A72500675AE5 /* WEPopoverController.m */ = {isa = PBXFileReference; fileEncoding = 4; lastKnownFileType = sourcecode.c.objc; path = WEPopoverController.m; sourceTree = "<group>"; };
		7B4575131728A72500675AE5 /* WEPopoverParentView.h */ = {isa = PBXFileReference; fileEncoding = 4; lastKnownFileType = sourcecode.c.h; path = WEPopoverParentView.h; sourceTree = "<group>"; };
		7B4575141728A72500675AE5 /* WETouchableView.h */ = {isa = PBXFileReference; fileEncoding = 4; lastKnownFileType = sourcecode.c.h; path = WETouchableView.h; sourceTree = "<group>"; };
		7B4575151728A72500675AE5 /* WETouchableView.m */ = {isa = PBXFileReference; fileEncoding = 4; lastKnownFileType = sourcecode.c.objc; path = WETouchableView.m; sourceTree = "<group>"; };
		7B45752A1728A7E000675AE5 /* CPProfileViewController.h */ = {isa = PBXFileReference; fileEncoding = 4; lastKnownFileType = sourcecode.c.h; path = CPProfileViewController.h; sourceTree = "<group>"; };
		7B45752B1728A7E000675AE5 /* CPProfileViewController.m */ = {isa = PBXFileReference; fileEncoding = 4; lastKnownFileType = sourcecode.c.objc; path = CPProfileViewController.m; sourceTree = "<group>"; };
		7B4B76A21727459000B1D810 /* Firebase.framework */ = {isa = PBXFileReference; lastKnownFileType = wrapper.framework; name = Firebase.framework; path = copypaste/SDKs/Firebase.framework; sourceTree = "<group>"; };
		7B4B76A6172745BF00B1D810 /* libicucore.dylib */ = {isa = PBXFileReference; lastKnownFileType = "compiled.mach-o.dylib"; name = libicucore.dylib; path = usr/lib/libicucore.dylib; sourceTree = SDKROOT; };
		7B4B76BA1727628F00B1D810 /* NSData+Base64.h */ = {isa = PBXFileReference; fileEncoding = 4; lastKnownFileType = sourcecode.c.h; path = "NSData+Base64.h"; sourceTree = "<group>"; };
		7B4B76BB1727628F00B1D810 /* NSData+Base64.m */ = {isa = PBXFileReference; fileEncoding = 4; lastKnownFileType = sourcecode.c.objc; path = "NSData+Base64.m"; sourceTree = "<group>"; };
		7B4B76BE1727684400B1D810 /* CPTextView.h */ = {isa = PBXFileReference; fileEncoding = 4; lastKnownFileType = sourcecode.c.h; path = CPTextView.h; sourceTree = "<group>"; };
		7B4B76BF1727684400B1D810 /* CPTextView.m */ = {isa = PBXFileReference; fileEncoding = 4; lastKnownFileType = sourcecode.c.objc; path = CPTextView.m; sourceTree = "<group>"; };
		7B737880171E034E004A16F4 /* FacebookSDK.framework */ = {isa = PBXFileReference; lastKnownFileType = wrapper.framework; path = FacebookSDK.framework; sourceTree = "<group>"; };
		7B737884171E0398004A16F4 /* Social.framework */ = {isa = PBXFileReference; lastKnownFileType = wrapper.framework; name = Social.framework; path = System/Library/Frameworks/Social.framework; sourceTree = SDKROOT; };
		7B737889171E04FC004A16F4 /* FacebookSDKResources.bundle */ = {isa = PBXFileReference; lastKnownFileType = "wrapper.plug-in"; name = FacebookSDKResources.bundle; path = FacebookSDK.framework/Versions/A/Resources/FacebookSDKResources.bundle; sourceTree = "<group>"; };
		7B737894171E109D004A16F4 /* Reachability.h */ = {isa = PBXFileReference; fileEncoding = 4; lastKnownFileType = sourcecode.c.h; path = Reachability.h; sourceTree = "<group>"; };
		7B737895171E109D004A16F4 /* Reachability.m */ = {isa = PBXFileReference; fileEncoding = 4; lastKnownFileType = sourcecode.c.objc; path = Reachability.m; sourceTree = "<group>"; };
		7B737899171E1148004A16F4 /* SystemConfiguration.framework */ = {isa = PBXFileReference; lastKnownFileType = wrapper.framework; name = SystemConfiguration.framework; path = System/Library/Frameworks/SystemConfiguration.framework; sourceTree = SDKROOT; };
		7BA18EEA1721C5E000B88255 /* GSSParseQueryHelper.h */ = {isa = PBXFileReference; fileEncoding = 4; lastKnownFileType = sourcecode.c.h; path = GSSParseQueryHelper.h; sourceTree = "<group>"; };
		7BA18EEB1721C5E000B88255 /* GSSParseQueryHelper.m */ = {isa = PBXFileReference; fileEncoding = 4; lastKnownFileType = sourcecode.c.objc; path = GSSParseQueryHelper.m; sourceTree = "<group>"; };
		7BAD0E67172856D700A474AB /* comment.png */ = {isa = PBXFileReference; lastKnownFileType = image.png; path = comment.png; sourceTree = "<group>"; };
		7BAD0E68172856D700A474AB /* comment@2x.png */ = {isa = PBXFileReference; lastKnownFileType = image.png; path = "comment@2x.png"; sourceTree = "<group>"; };
		7BAD0E69172856D700A474AB /* friend.png */ = {isa = PBXFileReference; lastKnownFileType = image.png; path = friend.png; sourceTree = "<group>"; };
		7BAD0E6A172856D700A474AB /* friend@2x.png */ = {isa = PBXFileReference; lastKnownFileType = image.png; path = "friend@2x.png"; sourceTree = "<group>"; };
		7BAD0E6B172856D700A474AB /* love.png */ = {isa = PBXFileReference; lastKnownFileType = image.png; path = love.png; sourceTree = "<group>"; };
		7BAD0E6C172856D700A474AB /* love@2x.png */ = {isa = PBXFileReference; lastKnownFileType = image.png; path = "love@2x.png"; sourceTree = "<group>"; };
		7BAD0E6D172856D700A474AB /* SVProgressHUD.bundle */ = {isa = PBXFileReference; lastKnownFileType = "wrapper.plug-in"; path = SVProgressHUD.bundle; sourceTree = "<group>"; };
		7BAD0E6E172856D700A474AB /* SVProgressHUD.h */ = {isa = PBXFileReference; fileEncoding = 4; lastKnownFileType = sourcecode.c.h; path = SVProgressHUD.h; sourceTree = "<group>"; };
		7BAD0E6F172856D700A474AB /* SVProgressHUD.m */ = {isa = PBXFileReference; fileEncoding = 4; lastKnownFileType = sourcecode.c.objc; path = SVProgressHUD.m; sourceTree = "<group>"; };
		7BD22206171F324500E66FD5 /* .gitmodules */ = {isa = PBXFileReference; fileEncoding = 4; lastKnownFileType = text; path = .gitmodules; sourceTree = "<group>"; };
		7BD22207171F324500E66FD5 /* OAuth2Client.framework-Info.plist */ = {isa = PBXFileReference; fileEncoding = 4; lastKnownFileType = text.plist.xml; path = "OAuth2Client.framework-Info.plist"; sourceTree = "<group>"; };
		7BD22208171F324500E66FD5 /* OAuth2Client.xcodeproj */ = {isa = PBXFileReference; lastKnownFileType = "wrapper.pb-project"; path = OAuth2Client.xcodeproj; sourceTree = "<group>"; };
		7BD2220B171F324500E66FD5 /* README.md */ = {isa = PBXFileReference; fileEncoding = 4; lastKnownFileType = text; path = README.md; sourceTree = "<group>"; };
		7BD2220D171F324500E66FD5 /* NSString+NXOAuth2.h */ = {isa = PBXFileReference; fileEncoding = 4; lastKnownFileType = sourcecode.c.h; path = "NSString+NXOAuth2.h"; sourceTree = "<group>"; };
		7BD2220E171F324500E66FD5 /* NSString+NXOAuth2.m */ = {isa = PBXFileReference; fileEncoding = 4; lastKnownFileType = sourcecode.c.objc; path = "NSString+NXOAuth2.m"; sourceTree = "<group>"; };
		7BD2220F171F324500E66FD5 /* NSURL+NXOAuth2.h */ = {isa = PBXFileReference; fileEncoding = 4; lastKnownFileType = sourcecode.c.h; path = "NSURL+NXOAuth2.h"; sourceTree = "<group>"; };
		7BD22210171F324500E66FD5 /* NSURL+NXOAuth2.m */ = {isa = PBXFileReference; fileEncoding = 4; lastKnownFileType = sourcecode.c.objc; path = "NSURL+NXOAuth2.m"; sourceTree = "<group>"; };
		7BD22212171F324500E66FD5 /* NXOAuth2.h */ = {isa = PBXFileReference; fileEncoding = 4; lastKnownFileType = sourcecode.c.h; path = NXOAuth2.h; sourceTree = "<group>"; };
		7BD22213171F324500E66FD5 /* NXOAuth2AccessToken.h */ = {isa = PBXFileReference; fileEncoding = 4; lastKnownFileType = sourcecode.c.h; path = NXOAuth2AccessToken.h; sourceTree = "<group>"; };
		7BD22214171F324500E66FD5 /* NXOAuth2AccessToken.m */ = {isa = PBXFileReference; fileEncoding = 4; lastKnownFileType = sourcecode.c.objc; path = NXOAuth2AccessToken.m; sourceTree = "<group>"; };
		7BD22215171F324500E66FD5 /* NXOAuth2Client.h */ = {isa = PBXFileReference; fileEncoding = 4; lastKnownFileType = sourcecode.c.h; path = NXOAuth2Client.h; sourceTree = "<group>"; };
		7BD22216171F324500E66FD5 /* NXOAuth2Client.m */ = {isa = PBXFileReference; fileEncoding = 4; lastKnownFileType = sourcecode.c.objc; path = NXOAuth2Client.m; sourceTree = "<group>"; };
		7BD22217171F324500E66FD5 /* NXOAuth2ClientAuthDelegate.h */ = {isa = PBXFileReference; fileEncoding = 4; lastKnownFileType = sourcecode.c.h; path = NXOAuth2ClientAuthDelegate.h; sourceTree = "<group>"; };
		7BD22218171F324500E66FD5 /* NXOAuth2ClientDelegate.h */ = {isa = PBXFileReference; fileEncoding = 4; lastKnownFileType = sourcecode.c.h; path = NXOAuth2ClientDelegate.h; sourceTree = "<group>"; };
		7BD22219171F324500E66FD5 /* NXOAuth2Connection.h */ = {isa = PBXFileReference; fileEncoding = 4; lastKnownFileType = sourcecode.c.h; path = NXOAuth2Connection.h; sourceTree = "<group>"; };
		7BD2221A171F324500E66FD5 /* NXOAuth2Connection.m */ = {isa = PBXFileReference; fileEncoding = 4; lastKnownFileType = sourcecode.c.objc; path = NXOAuth2Connection.m; sourceTree = "<group>"; };
		7BD2221B171F324500E66FD5 /* NXOAuth2ConnectionDelegate.h */ = {isa = PBXFileReference; fileEncoding = 4; lastKnownFileType = sourcecode.c.h; path = NXOAuth2ConnectionDelegate.h; sourceTree = "<group>"; };
		7BD2221C171F324500E66FD5 /* NXOAuth2Constants.h */ = {isa = PBXFileReference; fileEncoding = 4; lastKnownFileType = sourcecode.c.h; path = NXOAuth2Constants.h; sourceTree = "<group>"; };
		7BD2221D171F324500E66FD5 /* NXOAuth2Constants.m */ = {isa = PBXFileReference; fileEncoding = 4; lastKnownFileType = sourcecode.c.objc; path = NXOAuth2Constants.m; sourceTree = "<group>"; };
		7BD2221E171F324500E66FD5 /* NXOAuth2FileStreamWrapper.h */ = {isa = PBXFileReference; fileEncoding = 4; lastKnownFileType = sourcecode.c.h; path = NXOAuth2FileStreamWrapper.h; sourceTree = "<group>"; };
		7BD2221F171F324500E66FD5 /* NXOAuth2FileStreamWrapper.m */ = {isa = PBXFileReference; fileEncoding = 4; lastKnownFileType = sourcecode.c.objc; path = NXOAuth2FileStreamWrapper.m; sourceTree = "<group>"; };
		7BD22220171F324500E66FD5 /* NXOAuth2PostBodyPart.h */ = {isa = PBXFileReference; fileEncoding = 4; lastKnownFileType = sourcecode.c.h; path = NXOAuth2PostBodyPart.h; sourceTree = "<group>"; };
		7BD22221171F324500E66FD5 /* NXOAuth2PostBodyPart.m */ = {isa = PBXFileReference; fileEncoding = 4; lastKnownFileType = sourcecode.c.objc; path = NXOAuth2PostBodyPart.m; sourceTree = "<group>"; };
		7BD22222171F324500E66FD5 /* NXOAuth2PostBodyStream.h */ = {isa = PBXFileReference; fileEncoding = 4; lastKnownFileType = sourcecode.c.h; path = NXOAuth2PostBodyStream.h; sourceTree = "<group>"; };
		7BD22223171F324500E66FD5 /* NXOAuth2PostBodyStream.m */ = {isa = PBXFileReference; fileEncoding = 4; lastKnownFileType = sourcecode.c.objc; path = NXOAuth2PostBodyStream.m; sourceTree = "<group>"; };
		7BD22224171F324500E66FD5 /* OAuth2Client_Prefix.pch */ = {isa = PBXFileReference; fileEncoding = 4; lastKnownFileType = sourcecode.c.h; path = OAuth2Client_Prefix.pch; sourceTree = "<group>"; };
		7BD22237171F33ED00E66FD5 /* Security.framework */ = {isa = PBXFileReference; lastKnownFileType = wrapper.framework; name = Security.framework; path = System/Library/Frameworks/Security.framework; sourceTree = SDKROOT; };
		7BD2224B171F396100E66FD5 /* GSSUser.h */ = {isa = PBXFileReference; fileEncoding = 4; lastKnownFileType = sourcecode.c.h; path = GSSUser.h; sourceTree = "<group>"; };
		7BD2224C171F396100E66FD5 /* GSSUser.m */ = {isa = PBXFileReference; fileEncoding = 4; lastKnownFileType = sourcecode.c.objc; path = GSSUser.m; sourceTree = "<group>"; };
		7BD2224F171F40E900E66FD5 /* NSObject+SBJson.h */ = {isa = PBXFileReference; fileEncoding = 4; lastKnownFileType = sourcecode.c.h; path = "NSObject+SBJson.h"; sourceTree = "<group>"; };
		7BD22250171F40E900E66FD5 /* NSObject+SBJson.m */ = {isa = PBXFileReference; fileEncoding = 4; lastKnownFileType = sourcecode.c.objc; path = "NSObject+SBJson.m"; sourceTree = "<group>"; };
		7BD22251171F40E900E66FD5 /* SBJson.h */ = {isa = PBXFileReference; fileEncoding = 4; lastKnownFileType = sourcecode.c.h; path = SBJson.h; sourceTree = "<group>"; };
		7BD22252171F40E900E66FD5 /* SBJsonParser.h */ = {isa = PBXFileReference; fileEncoding = 4; lastKnownFileType = sourcecode.c.h; path = SBJsonParser.h; sourceTree = "<group>"; };
		7BD22253171F40E900E66FD5 /* SBJsonParser.m */ = {isa = PBXFileReference; fileEncoding = 4; lastKnownFileType = sourcecode.c.objc; path = SBJsonParser.m; sourceTree = "<group>"; };
		7BD22254171F40E900E66FD5 /* SBJsonStreamParser.h */ = {isa = PBXFileReference; fileEncoding = 4; lastKnownFileType = sourcecode.c.h; path = SBJsonStreamParser.h; sourceTree = "<group>"; };
		7BD22255171F40E900E66FD5 /* SBJsonStreamParser.m */ = {isa = PBXFileReference; fileEncoding = 4; lastKnownFileType = sourcecode.c.objc; path = SBJsonStreamParser.m; sourceTree = "<group>"; };
		7BD22256171F40E900E66FD5 /* SBJsonStreamParserAccumulator.h */ = {isa = PBXFileReference; fileEncoding = 4; lastKnownFileType = sourcecode.c.h; path = SBJsonStreamParserAccumulator.h; sourceTree = "<group>"; };
		7BD22257171F40E900E66FD5 /* SBJsonStreamParserAccumulator.m */ = {isa = PBXFileReference; fileEncoding = 4; lastKnownFileType = sourcecode.c.objc; path = SBJsonStreamParserAccumulator.m; sourceTree = "<group>"; };
		7BD22258171F40E900E66FD5 /* SBJsonStreamParserAdapter.h */ = {isa = PBXFileReference; fileEncoding = 4; lastKnownFileType = sourcecode.c.h; path = SBJsonStreamParserAdapter.h; sourceTree = "<group>"; };
		7BD22259171F40E900E66FD5 /* SBJsonStreamParserAdapter.m */ = {isa = PBXFileReference; fileEncoding = 4; lastKnownFileType = sourcecode.c.objc; path = SBJsonStreamParserAdapter.m; sourceTree = "<group>"; };
		7BD2225A171F40E900E66FD5 /* SBJsonStreamParserState.h */ = {isa = PBXFileReference; fileEncoding = 4; lastKnownFileType = sourcecode.c.h; path = SBJsonStreamParserState.h; sourceTree = "<group>"; };
		7BD2225B171F40E900E66FD5 /* SBJsonStreamParserState.m */ = {isa = PBXFileReference; fileEncoding = 4; lastKnownFileType = sourcecode.c.objc; path = SBJsonStreamParserState.m; sourceTree = "<group>"; };
		7BD2225C171F40E900E66FD5 /* SBJsonStreamWriter.h */ = {isa = PBXFileReference; fileEncoding = 4; lastKnownFileType = sourcecode.c.h; path = SBJsonStreamWriter.h; sourceTree = "<group>"; };
		7BD2225D171F40E900E66FD5 /* SBJsonStreamWriter.m */ = {isa = PBXFileReference; fileEncoding = 4; lastKnownFileType = sourcecode.c.objc; path = SBJsonStreamWriter.m; sourceTree = "<group>"; };
		7BD2225E171F40E900E66FD5 /* SBJsonStreamWriterAccumulator.h */ = {isa = PBXFileReference; fileEncoding = 4; lastKnownFileType = sourcecode.c.h; path = SBJsonStreamWriterAccumulator.h; sourceTree = "<group>"; };
		7BD2225F171F40E900E66FD5 /* SBJsonStreamWriterAccumulator.m */ = {isa = PBXFileReference; fileEncoding = 4; lastKnownFileType = sourcecode.c.objc; path = SBJsonStreamWriterAccumulator.m; sourceTree = "<group>"; };
		7BD22260171F40E900E66FD5 /* SBJsonStreamWriterState.h */ = {isa = PBXFileReference; fileEncoding = 4; lastKnownFileType = sourcecode.c.h; path = SBJsonStreamWriterState.h; sourceTree = "<group>"; };
		7BD22261171F40E900E66FD5 /* SBJsonStreamWriterState.m */ = {isa = PBXFileReference; fileEncoding = 4; lastKnownFileType = sourcecode.c.objc; path = SBJsonStreamWriterState.m; sourceTree = "<group>"; };
		7BD22262171F40E900E66FD5 /* SBJsonTokeniser.h */ = {isa = PBXFileReference; fileEncoding = 4; lastKnownFileType = sourcecode.c.h; path = SBJsonTokeniser.h; sourceTree = "<group>"; };
		7BD22263171F40E900E66FD5 /* SBJsonTokeniser.m */ = {isa = PBXFileReference; fileEncoding = 4; lastKnownFileType = sourcecode.c.objc; path = SBJsonTokeniser.m; sourceTree = "<group>"; };
		7BD22264171F40E900E66FD5 /* SBJsonUTF8Stream.h */ = {isa = PBXFileReference; fileEncoding = 4; lastKnownFileType = sourcecode.c.h; path = SBJsonUTF8Stream.h; sourceTree = "<group>"; };
		7BD22265171F40E900E66FD5 /* SBJsonUTF8Stream.m */ = {isa = PBXFileReference; fileEncoding = 4; lastKnownFileType = sourcecode.c.objc; path = SBJsonUTF8Stream.m; sourceTree = "<group>"; };
		7BD22266171F40E900E66FD5 /* SBJsonWriter.h */ = {isa = PBXFileReference; fileEncoding = 4; lastKnownFileType = sourcecode.c.h; path = SBJsonWriter.h; sourceTree = "<group>"; };
		7BD22267171F40E900E66FD5 /* SBJsonWriter.m */ = {isa = PBXFileReference; fileEncoding = 4; lastKnownFileType = sourcecode.c.objc; path = SBJsonWriter.m; sourceTree = "<group>"; };
		7BD2227A171F435600E66FD5 /* GSSSession.h */ = {isa = PBXFileReference; fileEncoding = 4; lastKnownFileType = sourcecode.c.h; path = GSSSession.h; sourceTree = "<group>"; };
		7BD2227B171F435600E66FD5 /* GSSSession.m */ = {isa = PBXFileReference; fileEncoding = 4; lastKnownFileType = sourcecode.c.objc; path = GSSSession.m; sourceTree = "<group>"; };
		A9130A76172874D90079A261 /* pastebutton.png */ = {isa = PBXFileReference; lastKnownFileType = image.png; path = pastebutton.png; sourceTree = "<group>"; };
		A9130A77172874D90079A261 /* pastebutton@2x.png */ = {isa = PBXFileReference; lastKnownFileType = image.png; path = "pastebutton@2x.png"; sourceTree = "<group>"; };
		A9130A7A17288AD30079A261 /* header-clipboard3.png */ = {isa = PBXFileReference; lastKnownFileType = image.png; path = "header-clipboard3.png"; sourceTree = "<group>"; };
		A9130A7B17288AD30079A261 /* header-clipboard3@2x.png */ = {isa = PBXFileReference; lastKnownFileType = image.png; path = "header-clipboard3@2x.png"; sourceTree = "<group>"; };
		A945DFD017260B7900F69D40 /* background-548h@2x.png */ = {isa = PBXFileReference; lastKnownFileType = image.png; path = "background-548h@2x.png"; sourceTree = "<group>"; };
		A99F71C81717535000172B13 /* copypaste.app */ = {isa = PBXFileReference; explicitFileType = wrapper.application; includeInIndex = 0; path = copypaste.app; sourceTree = BUILT_PRODUCTS_DIR; };
		A99F71CB1717535000172B13 /* UIKit.framework */ = {isa = PBXFileReference; lastKnownFileType = wrapper.framework; name = UIKit.framework; path = System/Library/Frameworks/UIKit.framework; sourceTree = SDKROOT; };
		A99F71CD1717535000172B13 /* Foundation.framework */ = {isa = PBXFileReference; lastKnownFileType = wrapper.framework; name = Foundation.framework; path = System/Library/Frameworks/Foundation.framework; sourceTree = SDKROOT; };
		A99F71CF1717535000172B13 /* CoreGraphics.framework */ = {isa = PBXFileReference; lastKnownFileType = wrapper.framework; name = CoreGraphics.framework; path = System/Library/Frameworks/CoreGraphics.framework; sourceTree = SDKROOT; };
		A99F71D31717535000172B13 /* copypaste-Info.plist */ = {isa = PBXFileReference; lastKnownFileType = text.plist.xml; path = "copypaste-Info.plist"; sourceTree = "<group>"; };
		A99F71D51717535000172B13 /* en */ = {isa = PBXFileReference; lastKnownFileType = text.plist.strings; name = en; path = en.lproj/InfoPlist.strings; sourceTree = "<group>"; };
		A99F71D71717535000172B13 /* main.m */ = {isa = PBXFileReference; lastKnownFileType = sourcecode.c.objc; path = main.m; sourceTree = "<group>"; };
		A99F71D91717535000172B13 /* copypaste-Prefix.pch */ = {isa = PBXFileReference; lastKnownFileType = sourcecode.c.h; path = "copypaste-Prefix.pch"; sourceTree = "<group>"; };
		A99F71DA1717535000172B13 /* CPAppDelegate.h */ = {isa = PBXFileReference; lastKnownFileType = sourcecode.c.h; path = CPAppDelegate.h; sourceTree = "<group>"; };
		A99F71DB1717535000172B13 /* CPAppDelegate.m */ = {isa = PBXFileReference; lastKnownFileType = sourcecode.c.objc; path = CPAppDelegate.m; sourceTree = "<group>"; };
		A99F71DD1717535000172B13 /* Default.png */ = {isa = PBXFileReference; lastKnownFileType = image.png; path = Default.png; sourceTree = "<group>"; };
		A99F71DF1717535000172B13 /* Default@2x.png */ = {isa = PBXFileReference; lastKnownFileType = image.png; path = "Default@2x.png"; sourceTree = "<group>"; };
		A99F71E11717535000172B13 /* Default-568h@2x.png */ = {isa = PBXFileReference; lastKnownFileType = image.png; path = "Default-568h@2x.png"; sourceTree = "<group>"; };
		A99F71E41717535000172B13 /* en */ = {isa = PBXFileReference; lastKnownFileType = file.storyboard; name = en; path = en.lproj/MainStoryboard_iPhone.storyboard; sourceTree = "<group>"; };
		A99F71E71717535000172B13 /* en */ = {isa = PBXFileReference; lastKnownFileType = file.storyboard; name = en; path = en.lproj/MainStoryboard_iPad.storyboard; sourceTree = "<group>"; };
		A99F71E91717535000172B13 /* CPViewController.h */ = {isa = PBXFileReference; lastKnownFileType = sourcecode.c.h; path = CPViewController.h; sourceTree = "<group>"; };
		A99F71EA1717535000172B13 /* CPViewController.m */ = {isa = PBXFileReference; lastKnownFileType = sourcecode.c.objc; path = CPViewController.m; sourceTree = "<group>"; };
		A99F71F11717535000172B13 /* copypasteTests.octest */ = {isa = PBXFileReference; explicitFileType = wrapper.cfbundle; includeInIndex = 0; path = copypasteTests.octest; sourceTree = BUILT_PRODUCTS_DIR; };
		A99F71F21717535000172B13 /* SenTestingKit.framework */ = {isa = PBXFileReference; lastKnownFileType = wrapper.framework; name = SenTestingKit.framework; path = Library/Frameworks/SenTestingKit.framework; sourceTree = DEVELOPER_DIR; };
		A99F71FA1717535000172B13 /* copypasteTests-Info.plist */ = {isa = PBXFileReference; lastKnownFileType = text.plist.xml; path = "copypasteTests-Info.plist"; sourceTree = "<group>"; };
		A99F71FC1717535000172B13 /* en */ = {isa = PBXFileReference; lastKnownFileType = text.plist.strings; name = en; path = en.lproj/InfoPlist.strings; sourceTree = "<group>"; };
		A99F71FE1717535000172B13 /* copypasteTests.h */ = {isa = PBXFileReference; lastKnownFileType = sourcecode.c.h; path = copypasteTests.h; sourceTree = "<group>"; };
		A99F71FF1717535000172B13 /* copypasteTests.m */ = {isa = PBXFileReference; lastKnownFileType = sourcecode.c.objc; path = copypasteTests.m; sourceTree = "<group>"; };
		A99F720917177F0100172B13 /* Parse.framework */ = {isa = PBXFileReference; lastKnownFileType = wrapper.framework; name = Parse.framework; path = copypaste/SDKs/Parse.framework; sourceTree = "<group>"; };
		A99F720B17179B2E00172B13 /* AudioToolbox.framework */ = {isa = PBXFileReference; lastKnownFileType = wrapper.framework; name = AudioToolbox.framework; path = System/Library/Frameworks/AudioToolbox.framework; sourceTree = SDKROOT; };
/* End PBXFileReference section */

/* Begin PBXFrameworksBuildPhase section */
		A99F71C51717535000172B13 /* Frameworks */ = {
			isa = PBXFrameworksBuildPhase;
			buildActionMask = 2147483647;
			files = (
				7B4B76A7172745BF00B1D810 /* libicucore.dylib in Frameworks */,
				7B0B98D61720EADC006B4EBA /* AdSupport.framework in Frameworks */,
				7B0B98D51720EA9B006B4EBA /* CoreLocation.framework in Frameworks */,
				7B0B98D31720EA86006B4EBA /* StoreKit.framework in Frameworks */,
				7B0B98D11720EA61006B4EBA /* MobileCoreServices.framework in Frameworks */,
				7B0B98CF1720E9C3006B4EBA /* Accounts.framework in Frameworks */,
				7B0B98CB1720E9B4006B4EBA /* CFNetwork.framework in Frameworks */,
				7BD22238171F33ED00E66FD5 /* Security.framework in Frameworks */,
				7B73789A171E1148004A16F4 /* SystemConfiguration.framework in Frameworks */,
				7B737885171E0398004A16F4 /* Social.framework in Frameworks */,
				7B346730171CE81900B73449 /* QuartzCore.framework in Frameworks */,
				A99F720C17179B2E00172B13 /* AudioToolbox.framework in Frameworks */,
				A99F71CC1717535000172B13 /* UIKit.framework in Frameworks */,
				A99F71CE1717535000172B13 /* Foundation.framework in Frameworks */,
				A99F71D01717535000172B13 /* CoreGraphics.framework in Frameworks */,
				A99F720A17177F0100172B13 /* Parse.framework in Frameworks */,
				7B0B98C71720E985006B4EBA /* FacebookSDK.framework in Frameworks */,
				7B4B76A31727459000B1D810 /* Firebase.framework in Frameworks */,
			);
			runOnlyForDeploymentPostprocessing = 0;
		};
		A99F71ED1717535000172B13 /* Frameworks */ = {
			isa = PBXFrameworksBuildPhase;
			buildActionMask = 2147483647;
			files = (
				A99F71F31717535000172B13 /* SenTestingKit.framework in Frameworks */,
				A99F71F41717535000172B13 /* UIKit.framework in Frameworks */,
				A99F71F51717535000172B13 /* Foundation.framework in Frameworks */,
			);
			runOnlyForDeploymentPostprocessing = 0;
		};
/* End PBXFrameworksBuildPhase section */

/* Begin PBXGroup section */
		7B2CD38C1725B865006380F3 /* Resources */ = {
			isa = PBXGroup;
			children = (
				A9130A7A17288AD30079A261 /* header-clipboard3.png */,
				A9130A7B17288AD30079A261 /* header-clipboard3@2x.png */,
				A9130A76172874D90079A261 /* pastebutton.png */,
				A9130A77172874D90079A261 /* pastebutton@2x.png */,
				A945DFD017260B7900F69D40 /* background-548h@2x.png */,
				7B2CD38F1725B865006380F3 /* background@2x.png */,
				7B2CD38E1725B865006380F3 /* background.png */,
				7B2CD3901725B865006380F3 /* gear.png */,
				7B2CD3911725B865006380F3 /* gear@2x.png */,
				7B2CD3921725B865006380F3 /* header.png */,
				7B2CD3931725B865006380F3 /* header@2x.png */,
				7B2CD3961725B865006380F3 /* pasteboard.png */,
				7B2CD3971725B865006380F3 /* pasteboard@2x.png */,
				7B2CD3981725B865006380F3 /* person-background.png */,
				7B2CD3991725B865006380F3 /* person-background@2x.png */,
			);
			path = Resources;
			sourceTree = "<group>";
		};
		7B346705171CDA0A00B73449 /* Support */ = {
			isa = PBXGroup;
			children = (
				7B34671B171CE35E00B73449 /* EGOImageLoading */,
				7B737888171E04EB004A16F4 /* FacebookSDK */,
				7B346706171CDA0A00B73449 /* GMGridView */,
				7BD22205171F324500E66FD5 /* OAuth2Client */,
				7B737893171E109D004A16F4 /* Reachability */,
				7BAD0E65172856D700A474AB /* SVProgressHUD */,
				7B4B76B91727628F00B1D810 /* Utils */,
				7B4574FC1728A72500675AE5 /* WEPopover */,
			);
			path = Support;
			sourceTree = "<group>";
		};
		7B346706171CDA0A00B73449 /* GMGridView */ = {
			isa = PBXGroup;
			children = (
				7B346707171CDA0A00B73449 /* GMGridView-Constants.h */,
				7B346708171CDA0A00B73449 /* GMGridView.h */,
				7B346709171CDA0A00B73449 /* GMGridView.m */,
				7B34670A171CDA0A00B73449 /* GMGridViewCell+Extended.h */,
				7B34670B171CDA0A00B73449 /* GMGridViewCell.h */,
				7B34670C171CDA0A00B73449 /* GMGridViewCell.m */,
				7B34670D171CDA0A00B73449 /* GMGridViewLayoutStrategies.h */,
				7B34670E171CDA0A00B73449 /* GMGridViewLayoutStrategies.m */,
				7B34670F171CDA0A00B73449 /* UIGestureRecognizer+GMGridViewAdditions.h */,
				7B346710171CDA0A00B73449 /* UIGestureRecognizer+GMGridViewAdditions.m */,
				7B346711171CDA0A00B73449 /* UIView+GMGridViewAdditions.h */,
				7B346712171CDA0A00B73449 /* UIView+GMGridViewAdditions.m */,
			);
			path = GMGridView;
			sourceTree = "<group>";
		};
		7B34671B171CE35E00B73449 /* EGOImageLoading */ = {
			isa = PBXGroup;
			children = (
				7B34671C171CE35E00B73449 /* EGOCache */,
				7B34671F171CE35E00B73449 /* EGOImageButton */,
				7B346722171CE35E00B73449 /* EGOImageLoader */,
				7B346727171CE35E00B73449 /* EGOImageView */,
			);
			path = EGOImageLoading;
			sourceTree = "<group>";
		};
		7B34671C171CE35E00B73449 /* EGOCache */ = {
			isa = PBXGroup;
			children = (
				7B34671D171CE35E00B73449 /* EGOCache.h */,
				7B34671E171CE35E00B73449 /* EGOCache.m */,
			);
			path = EGOCache;
			sourceTree = "<group>";
		};
		7B34671F171CE35E00B73449 /* EGOImageButton */ = {
			isa = PBXGroup;
			children = (
				7B346720171CE35E00B73449 /* EGOImageButton.h */,
				7B346721171CE35E00B73449 /* EGOImageButton.m */,
			);
			path = EGOImageButton;
			sourceTree = "<group>";
		};
		7B346722171CE35E00B73449 /* EGOImageLoader */ = {
			isa = PBXGroup;
			children = (
				7B346723171CE35E00B73449 /* EGOImageLoadConnection.h */,
				7B346724171CE35E00B73449 /* EGOImageLoadConnection.m */,
				7B346725171CE35E00B73449 /* EGOImageLoader.h */,
				7B346726171CE35E00B73449 /* EGOImageLoader.m */,
			);
			path = EGOImageLoader;
			sourceTree = "<group>";
		};
		7B346727171CE35E00B73449 /* EGOImageView */ = {
			isa = PBXGroup;
			children = (
				7B346728171CE35E00B73449 /* EGOImageView.h */,
				7B346729171CE35E00B73449 /* EGOImageView.m */,
			);
			path = EGOImageView;
			sourceTree = "<group>";
		};
		7B4574FC1728A72500675AE5 /* WEPopover */ = {
			isa = PBXGroup;
			children = (
				7B4574FD1728A72500675AE5 /* resources */,
				7B45750D1728A72500675AE5 /* UIBarButtonItem+WEPopover.h */,
				7B45750E1728A72500675AE5 /* UIBarButtonItem+WEPopover.m */,
				7B45750F1728A72500675AE5 /* WEPopoverContainerView.h */,
				7B4575101728A72500675AE5 /* WEPopoverContainerView.m */,
				7B4575111728A72500675AE5 /* WEPopoverController.h */,
				7B4575121728A72500675AE5 /* WEPopoverController.m */,
				7B4575131728A72500675AE5 /* WEPopoverParentView.h */,
				7B4575141728A72500675AE5 /* WETouchableView.h */,
				7B4575151728A72500675AE5 /* WETouchableView.m */,
			);
			path = WEPopover;
			sourceTree = "<group>";
		};
		7B4574FD1728A72500675AE5 /* resources */ = {
			isa = PBXGroup;
			children = (
				7B4574FE1728A72500675AE5 /* popoverArrowDown.png */,
				7B4574FF1728A72500675AE5 /* popoverArrowDown@2x.png */,
				7B4575001728A72500675AE5 /* popoverArrowDownSimple.png */,
				7B4575011728A72500675AE5 /* popoverArrowLeft.png */,
				7B4575021728A72500675AE5 /* popoverArrowLeft@2x.png */,
				7B4575031728A72500675AE5 /* popoverArrowLeftSimple.png */,
				7B4575041728A72500675AE5 /* popoverArrowRight.png */,
				7B4575051728A72500675AE5 /* popoverArrowRight@2x.png */,
				7B4575061728A72500675AE5 /* popoverArrowRightSimple.png */,
				7B4575071728A72500675AE5 /* popoverArrowUp.png */,
				7B4575081728A72500675AE5 /* popoverArrowUp@2x.png */,
				7B4575091728A72500675AE5 /* popoverArrowUpSimple.png */,
				7B45750A1728A72500675AE5 /* popoverBg.png */,
				7B45750B1728A72500675AE5 /* popoverBg@2x.png */,
				7B45750C1728A72500675AE5 /* popoverBgSimple.png */,
			);
			path = resources;
			sourceTree = "<group>";
		};
		7B4575291728A7BF00675AE5 /* Controller */ = {
			isa = PBXGroup;
			children = (
				A99F71E91717535000172B13 /* CPViewController.h */,
				A99F71EA1717535000172B13 /* CPViewController.m */,
				7B45752A1728A7E000675AE5 /* CPProfileViewController.h */,
				7B45752B1728A7E000675AE5 /* CPProfileViewController.m */,
			);
			name = Controller;
			sourceTree = "<group>";
		};
		7B4B76B91727628F00B1D810 /* Utils */ = {
			isa = PBXGroup;
			children = (
				7B4B76BA1727628F00B1D810 /* NSData+Base64.h */,
				7B4B76BB1727628F00B1D810 /* NSData+Base64.m */,
			);
			path = Utils;
			sourceTree = "<group>";
		};
		7B4B76BD1727683200B1D810 /* View */ = {
			isa = PBXGroup;
			children = (
				7B2CD3A817260F9B006380F3 /* CPPasteboardView.h */,
				7B2CD3A917260F9B006380F3 /* CPPasteboardView.m */,
				7B4574F117288AEE00675AE5 /* CPMessageView.h */,
				7B4574F217288AEE00675AE5 /* CPMessageView.m */,
				7B4B76BE1727684400B1D810 /* CPTextView.h */,
				7B4B76BF1727684400B1D810 /* CPTextView.m */,
			);
			name = View;
			sourceTree = "<group>";
		};
		7B737888171E04EB004A16F4 /* FacebookSDK */ = {
			isa = PBXGroup;
			children = (
				7B737880171E034E004A16F4 /* FacebookSDK.framework */,
				7B737889171E04FC004A16F4 /* FacebookSDKResources.bundle */,
			);
			name = FacebookSDK;
			sourceTree = "<group>";
		};
		7B737893171E109D004A16F4 /* Reachability */ = {
			isa = PBXGroup;
			children = (
				7B737894171E109D004A16F4 /* Reachability.h */,
				7B737895171E109D004A16F4 /* Reachability.m */,
			);
			path = Reachability;
			sourceTree = "<group>";
		};
		7BAD0E65172856D700A474AB /* SVProgressHUD */ = {
			isa = PBXGroup;
			children = (
				7BAD0E66172856D700A474AB /* Additional Image */,
				7BAD0E6D172856D700A474AB /* SVProgressHUD.bundle */,
				7BAD0E6E172856D700A474AB /* SVProgressHUD.h */,
				7BAD0E6F172856D700A474AB /* SVProgressHUD.m */,
			);
			path = SVProgressHUD;
			sourceTree = "<group>";
		};
		7BAD0E66172856D700A474AB /* Additional Image */ = {
			isa = PBXGroup;
			children = (
				7BAD0E67172856D700A474AB /* comment.png */,
				7BAD0E68172856D700A474AB /* comment@2x.png */,
				7BAD0E69172856D700A474AB /* friend.png */,
				7BAD0E6A172856D700A474AB /* friend@2x.png */,
				7BAD0E6B172856D700A474AB /* love.png */,
				7BAD0E6C172856D700A474AB /* love@2x.png */,
			);
			path = "Additional Image";
			sourceTree = "<group>";
		};
		7BD22205171F324500E66FD5 /* OAuth2Client */ = {
			isa = PBXGroup;
			children = (
				7BD22206171F324500E66FD5 /* .gitmodules */,
				7BD22207171F324500E66FD5 /* OAuth2Client.framework-Info.plist */,
				7BD22208171F324500E66FD5 /* OAuth2Client.xcodeproj */,
				7BD2220B171F324500E66FD5 /* README.md */,
				7BD2220C171F324500E66FD5 /* Sources */,
			);
			path = OAuth2Client;
			sourceTree = "<group>";
		};
		7BD22209171F324500E66FD5 /* Products */ = {
			isa = PBXGroup;
			children = (
				7BD22234171F324600E66FD5 /* OAuth2Client.framework */,
				7BD22236171F324600E66FD5 /* libOAuth2Client.a */,
			);
			name = Products;
			sourceTree = "<group>";
		};
		7BD2220C171F324500E66FD5 /* Sources */ = {
			isa = PBXGroup;
			children = (
				7BD2220D171F324500E66FD5 /* NSString+NXOAuth2.h */,
				7BD2220E171F324500E66FD5 /* NSString+NXOAuth2.m */,
				7BD2220F171F324500E66FD5 /* NSURL+NXOAuth2.h */,
				7BD22210171F324500E66FD5 /* NSURL+NXOAuth2.m */,
				7BD22211171F324500E66FD5 /* OAuth2Client */,
				7BD22224171F324500E66FD5 /* OAuth2Client_Prefix.pch */,
			);
			path = Sources;
			sourceTree = "<group>";
		};
		7BD22211171F324500E66FD5 /* OAuth2Client */ = {
			isa = PBXGroup;
			children = (
				7BD22212171F324500E66FD5 /* NXOAuth2.h */,
				7BD22213171F324500E66FD5 /* NXOAuth2AccessToken.h */,
				7BD22214171F324500E66FD5 /* NXOAuth2AccessToken.m */,
				7BD22215171F324500E66FD5 /* NXOAuth2Client.h */,
				7BD22216171F324500E66FD5 /* NXOAuth2Client.m */,
				7BD22217171F324500E66FD5 /* NXOAuth2ClientAuthDelegate.h */,
				7BD22218171F324500E66FD5 /* NXOAuth2ClientDelegate.h */,
				7BD22219171F324500E66FD5 /* NXOAuth2Connection.h */,
				7BD2221A171F324500E66FD5 /* NXOAuth2Connection.m */,
				7BD2221B171F324500E66FD5 /* NXOAuth2ConnectionDelegate.h */,
				7BD2221C171F324500E66FD5 /* NXOAuth2Constants.h */,
				7BD2221D171F324500E66FD5 /* NXOAuth2Constants.m */,
				7BD2221E171F324500E66FD5 /* NXOAuth2FileStreamWrapper.h */,
				7BD2221F171F324500E66FD5 /* NXOAuth2FileStreamWrapper.m */,
				7BD22220171F324500E66FD5 /* NXOAuth2PostBodyPart.h */,
				7BD22221171F324500E66FD5 /* NXOAuth2PostBodyPart.m */,
				7BD22222171F324500E66FD5 /* NXOAuth2PostBodyStream.h */,
				7BD22223171F324500E66FD5 /* NXOAuth2PostBodyStream.m */,
			);
			path = OAuth2Client;
			sourceTree = "<group>";
		};
		7BD2223C171F359600E66FD5 /* ViewController */ = {
			isa = PBXGroup;
			children = (
				7B4575291728A7BF00675AE5 /* Controller */,
				7B4B76BD1727683200B1D810 /* View */,
			);
			name = ViewController;
			sourceTree = "<group>";
		};
		7BD2223D171F35B200E66FD5 /* Model */ = {
			isa = PBXGroup;
			children = (
				7B38C658171CA43F00B53A52 /* DataManager.h */,
				7B38C659171CA43F00B53A52 /* DataManager.m */,
				7B4574E817287D2500675AE5 /* CPMessage.h */,
				7B4574E917287D2500675AE5 /* CPMessage.m */,
				7B41E4821729CADA002157DF /* CPUser.h */,
				7B41E4831729CADA002157DF /* CPUser.m */,
			);
			name = Model;
			sourceTree = "<group>";
		};
		7BD22241171F365E00E66FD5 /* SmartboardAPI */ = {
			isa = PBXGroup;
			children = (
				7BD2227D171F539100E66FD5 /* ViewController */,
				7BD2224E171F40E900E66FD5 /* SBJSON */,
				7BD2224B171F396100E66FD5 /* GSSUser.h */,
				7BD2224C171F396100E66FD5 /* GSSUser.m */,
				7BD2227A171F435600E66FD5 /* GSSSession.h */,
				7BD2227B171F435600E66FD5 /* GSSSession.m */,
				7BA18EEA1721C5E000B88255 /* GSSParseQueryHelper.h */,
				7BA18EEB1721C5E000B88255 /* GSSParseQueryHelper.m */,
				7B4574ED172884EE00675AE5 /* GSSUtils.h */,
				7B4574EE172884EE00675AE5 /* GSSUtils.m */,
			);
			path = SmartboardAPI;
			sourceTree = "<group>";
		};
		7BD2224E171F40E900E66FD5 /* SBJSON */ = {
			isa = PBXGroup;
			children = (
				7BD2224F171F40E900E66FD5 /* NSObject+SBJson.h */,
				7BD22250171F40E900E66FD5 /* NSObject+SBJson.m */,
				7BD22251171F40E900E66FD5 /* SBJson.h */,
				7BD22252171F40E900E66FD5 /* SBJsonParser.h */,
				7BD22253171F40E900E66FD5 /* SBJsonParser.m */,
				7BD22254171F40E900E66FD5 /* SBJsonStreamParser.h */,
				7BD22255171F40E900E66FD5 /* SBJsonStreamParser.m */,
				7BD22256171F40E900E66FD5 /* SBJsonStreamParserAccumulator.h */,
				7BD22257171F40E900E66FD5 /* SBJsonStreamParserAccumulator.m */,
				7BD22258171F40E900E66FD5 /* SBJsonStreamParserAdapter.h */,
				7BD22259171F40E900E66FD5 /* SBJsonStreamParserAdapter.m */,
				7BD2225A171F40E900E66FD5 /* SBJsonStreamParserState.h */,
				7BD2225B171F40E900E66FD5 /* SBJsonStreamParserState.m */,
				7BD2225C171F40E900E66FD5 /* SBJsonStreamWriter.h */,
				7BD2225D171F40E900E66FD5 /* SBJsonStreamWriter.m */,
				7BD2225E171F40E900E66FD5 /* SBJsonStreamWriterAccumulator.h */,
				7BD2225F171F40E900E66FD5 /* SBJsonStreamWriterAccumulator.m */,
				7BD22260171F40E900E66FD5 /* SBJsonStreamWriterState.h */,
				7BD22261171F40E900E66FD5 /* SBJsonStreamWriterState.m */,
				7BD22262171F40E900E66FD5 /* SBJsonTokeniser.h */,
				7BD22263171F40E900E66FD5 /* SBJsonTokeniser.m */,
				7BD22264171F40E900E66FD5 /* SBJsonUTF8Stream.h */,
				7BD22265171F40E900E66FD5 /* SBJsonUTF8Stream.m */,
				7BD22266171F40E900E66FD5 /* SBJsonWriter.h */,
				7BD22267171F40E900E66FD5 /* SBJsonWriter.m */,
			);
			path = SBJSON;
			sourceTree = "<group>";
		};
		7BD2227D171F539100E66FD5 /* ViewController */ = {
			isa = PBXGroup;
			children = (
				7B2CD3871725AADB006380F3 /* CPLogInViewController.h */,
				7B2CD3881725AADB006380F3 /* CPLogInViewController.m */,
			);
			name = ViewController;
			sourceTree = "<group>";
		};
		A99F71BF1717534F00172B13 = {
			isa = PBXGroup;
			children = (
				A99F71D11717535000172B13 /* copypaste */,
				A99F71F81717535000172B13 /* copypasteTests */,
				A99F71CA1717535000172B13 /* Frameworks */,
				A99F71C91717535000172B13 /* Products */,
			);
			sourceTree = "<group>";
		};
		A99F71C91717535000172B13 /* Products */ = {
			isa = PBXGroup;
			children = (
				A99F71C81717535000172B13 /* copypaste.app */,
				A99F71F11717535000172B13 /* copypasteTests.octest */,
			);
			name = Products;
			sourceTree = "<group>";
		};
		A99F71CA1717535000172B13 /* Frameworks */ = {
			isa = PBXGroup;
			children = (
				7B0B98CE1720E9C3006B4EBA /* Accounts.framework */,
				7B0B98CC1720E9BB006B4EBA /* AdSupport.framework */,
				A99F720B17179B2E00172B13 /* AudioToolbox.framework */,
				7B0B98CA1720E9B4006B4EBA /* CFNetwork.framework */,
				A99F71CF1717535000172B13 /* CoreGraphics.framework */,
				7B0B98D41720EA9B006B4EBA /* CoreLocation.framework */,
				7B4B76A21727459000B1D810 /* Firebase.framework */,
				A99F71CD1717535000172B13 /* Foundation.framework */,
				7B4B76A6172745BF00B1D810 /* libicucore.dylib */,
				7B0B98D01720EA61006B4EBA /* MobileCoreServices.framework */,
				A99F720917177F0100172B13 /* Parse.framework */,
				7B34672F171CE81900B73449 /* QuartzCore.framework */,
				7BD22237171F33ED00E66FD5 /* Security.framework */,
				A99F71F21717535000172B13 /* SenTestingKit.framework */,
				7B737884171E0398004A16F4 /* Social.framework */,
				7B0B98D21720EA86006B4EBA /* StoreKit.framework */,
				7B737899171E1148004A16F4 /* SystemConfiguration.framework */,
				A99F71CB1717535000172B13 /* UIKit.framework */,
				A99F71CD1717535000172B13 /* Foundation.framework */,
				7B34672F171CE81900B73449 /* QuartzCore.framework */,
				A99F71CB1717535000172B13 /* UIKit.framework */,
			);
			name = Frameworks;
			sourceTree = "<group>";
		};
		A99F71D11717535000172B13 /* copypaste */ = {
			isa = PBXGroup;
			children = (
				7BD22241171F365E00E66FD5 /* SmartboardAPI */,
				A99F71DA1717535000172B13 /* CPAppDelegate.h */,
				A99F71DB1717535000172B13 /* CPAppDelegate.m */,
				A99F71E31717535000172B13 /* MainStoryboard_iPhone.storyboard */,
				A99F71E61717535000172B13 /* MainStoryboard_iPad.storyboard */,
				7BD2223C171F359600E66FD5 /* ViewController */,
				7BD2223D171F35B200E66FD5 /* Model */,
				7B346705171CDA0A00B73449 /* Support */,
				7B2CD38C1725B865006380F3 /* Resources */,
				A99F71D21717535000172B13 /* Supporting Files */,
			);
			path = copypaste;
			sourceTree = "<group>";
		};
		A99F71D21717535000172B13 /* Supporting Files */ = {
			isa = PBXGroup;
			children = (
				A99F71D31717535000172B13 /* copypaste-Info.plist */,
				A99F71D41717535000172B13 /* InfoPlist.strings */,
				A99F71D71717535000172B13 /* main.m */,
				A99F71D91717535000172B13 /* copypaste-Prefix.pch */,
				A99F71DD1717535000172B13 /* Default.png */,
				A99F71DF1717535000172B13 /* Default@2x.png */,
				A99F71E11717535000172B13 /* Default-568h@2x.png */,
			);
			name = "Supporting Files";
			sourceTree = "<group>";
		};
		A99F71F81717535000172B13 /* copypasteTests */ = {
			isa = PBXGroup;
			children = (
				A99F71FE1717535000172B13 /* copypasteTests.h */,
				A99F71FF1717535000172B13 /* copypasteTests.m */,
				A99F71F91717535000172B13 /* Supporting Files */,
			);
			path = copypasteTests;
			sourceTree = "<group>";
		};
		A99F71F91717535000172B13 /* Supporting Files */ = {
			isa = PBXGroup;
			children = (
				A99F71FA1717535000172B13 /* copypasteTests-Info.plist */,
				A99F71FB1717535000172B13 /* InfoPlist.strings */,
			);
			name = "Supporting Files";
			sourceTree = "<group>";
		};
/* End PBXGroup section */

/* Begin PBXNativeTarget section */
		A99F71C71717535000172B13 /* copypaste */ = {
			isa = PBXNativeTarget;
			buildConfigurationList = A99F72031717535000172B13 /* Build configuration list for PBXNativeTarget "copypaste" */;
			buildPhases = (
				A99F71C41717535000172B13 /* Sources */,
				A99F71C51717535000172B13 /* Frameworks */,
				A99F71C61717535000172B13 /* Resources */,
			);
			buildRules = (
			);
			dependencies = (
			);
			name = copypaste;
			productName = copypaste;
			productReference = A99F71C81717535000172B13 /* copypaste.app */;
			productType = "com.apple.product-type.application";
		};
		A99F71F01717535000172B13 /* copypasteTests */ = {
			isa = PBXNativeTarget;
			buildConfigurationList = A99F72061717535000172B13 /* Build configuration list for PBXNativeTarget "copypasteTests" */;
			buildPhases = (
				A99F71EC1717535000172B13 /* Sources */,
				A99F71ED1717535000172B13 /* Frameworks */,
				A99F71EE1717535000172B13 /* Resources */,
				A99F71EF1717535000172B13 /* ShellScript */,
			);
			buildRules = (
			);
			dependencies = (
				A99F71F71717535000172B13 /* PBXTargetDependency */,
			);
			name = copypasteTests;
			productName = copypasteTests;
			productReference = A99F71F11717535000172B13 /* copypasteTests.octest */;
			productType = "com.apple.product-type.bundle";
		};
/* End PBXNativeTarget section */

/* Begin PBXProject section */
		A99F71C01717534F00172B13 /* Project object */ = {
			isa = PBXProject;
			attributes = {
				CLASSPREFIX = CP;
				LastUpgradeCheck = 0460;
				ORGANIZATIONNAME = Greengar;
			};
			buildConfigurationList = A99F71C31717534F00172B13 /* Build configuration list for PBXProject "copypaste" */;
			compatibilityVersion = "Xcode 3.2";
			developmentRegion = English;
			hasScannedForEncodings = 0;
			knownRegions = (
				en,
			);
			mainGroup = A99F71BF1717534F00172B13;
			productRefGroup = A99F71C91717535000172B13 /* Products */;
			projectDirPath = "";
			projectReferences = (
				{
					ProductGroup = 7BD22209171F324500E66FD5 /* Products */;
					ProjectRef = 7BD22208171F324500E66FD5 /* OAuth2Client.xcodeproj */;
				},
			);
			projectRoot = "";
			targets = (
				A99F71C71717535000172B13 /* copypaste */,
				A99F71F01717535000172B13 /* copypasteTests */,
			);
		};
/* End PBXProject section */

/* Begin PBXReferenceProxy section */
		7BD22234171F324600E66FD5 /* OAuth2Client.framework */ = {
			isa = PBXReferenceProxy;
			fileType = wrapper.framework;
			path = OAuth2Client.framework;
			remoteRef = 7BD22233171F324600E66FD5 /* PBXContainerItemProxy */;
			sourceTree = BUILT_PRODUCTS_DIR;
		};
		7BD22236171F324600E66FD5 /* libOAuth2Client.a */ = {
			isa = PBXReferenceProxy;
			fileType = archive.ar;
			path = libOAuth2Client.a;
			remoteRef = 7BD22235171F324600E66FD5 /* PBXContainerItemProxy */;
			sourceTree = BUILT_PRODUCTS_DIR;
		};
/* End PBXReferenceProxy section */

/* Begin PBXResourcesBuildPhase section */
		A99F71C61717535000172B13 /* Resources */ = {
			isa = PBXResourcesBuildPhase;
			buildActionMask = 2147483647;
			files = (
				A99F71D61717535000172B13 /* InfoPlist.strings in Resources */,
				A99F71DE1717535000172B13 /* Default.png in Resources */,
				A99F71E01717535000172B13 /* Default@2x.png in Resources */,
				A99F71E21717535000172B13 /* Default-568h@2x.png in Resources */,
				A99F71E51717535000172B13 /* MainStoryboard_iPhone.storyboard in Resources */,
				A99F71E81717535000172B13 /* MainStoryboard_iPad.storyboard in Resources */,
				7B73788A171E04FC004A16F4 /* FacebookSDKResources.bundle in Resources */,
				7BD22225171F324500E66FD5 /* .gitmodules in Resources */,
				7BD22226171F324500E66FD5 /* OAuth2Client.framework-Info.plist in Resources */,
				7BD22227171F324500E66FD5 /* README.md in Resources */,
				7B2CD39B1725B865006380F3 /* background.png in Resources */,
				7B2CD39C1725B865006380F3 /* background@2x.png in Resources */,
				7B2CD39D1725B865006380F3 /* gear.png in Resources */,
				7B2CD39E1725B865006380F3 /* gear@2x.png in Resources */,
				7B2CD39F1725B865006380F3 /* header.png in Resources */,
				7B2CD3A01725B865006380F3 /* header@2x.png in Resources */,
				7B2CD3A31725B865006380F3 /* pasteboard.png in Resources */,
				7B2CD3A41725B865006380F3 /* pasteboard@2x.png in Resources */,
				7B2CD3A51725B865006380F3 /* person-background.png in Resources */,
				7B2CD3A61725B865006380F3 /* person-background@2x.png in Resources */,
				A945DFD117260B7900F69D40 /* background-548h@2x.png in Resources */,
				7BAD0E70172856D700A474AB /* comment.png in Resources */,
				7BAD0E71172856D700A474AB /* comment@2x.png in Resources */,
				7BAD0E72172856D700A474AB /* friend.png in Resources */,
				7BAD0E73172856D700A474AB /* friend@2x.png in Resources */,
				7BAD0E74172856D700A474AB /* love.png in Resources */,
				7BAD0E75172856D700A474AB /* love@2x.png in Resources */,
				7BAD0E76172856D700A474AB /* SVProgressHUD.bundle in Resources */,
				A9130A78172874D90079A261 /* pastebutton.png in Resources */,
				A9130A79172874D90079A261 /* pastebutton@2x.png in Resources */,
				A9130A7C17288AD30079A261 /* header-clipboard3.png in Resources */,
				A9130A7D17288AD30079A261 /* header-clipboard3@2x.png in Resources */,
				7B4575161728A72500675AE5 /* popoverArrowDown.png in Resources */,
				7B4575171728A72500675AE5 /* popoverArrowDown@2x.png in Resources */,
				7B4575181728A72500675AE5 /* popoverArrowDownSimple.png in Resources */,
				7B4575191728A72500675AE5 /* popoverArrowLeft.png in Resources */,
				7B45751A1728A72500675AE5 /* popoverArrowLeft@2x.png in Resources */,
				7B45751B1728A72500675AE5 /* popoverArrowLeftSimple.png in Resources */,
				7B45751C1728A72500675AE5 /* popoverArrowRight.png in Resources */,
				7B45751D1728A72500675AE5 /* popoverArrowRight@2x.png in Resources */,
				7B45751E1728A72500675AE5 /* popoverArrowRightSimple.png in Resources */,
				7B45751F1728A72500675AE5 /* popoverArrowUp.png in Resources */,
				7B4575201728A72500675AE5 /* popoverArrowUp@2x.png in Resources */,
				7B4575211728A72500675AE5 /* popoverArrowUpSimple.png in Resources */,
				7B4575221728A72500675AE5 /* popoverBg.png in Resources */,
				7B4575231728A72500675AE5 /* popoverBg@2x.png in Resources */,
				7B4575241728A72500675AE5 /* popoverBgSimple.png in Resources */,
			);
			runOnlyForDeploymentPostprocessing = 0;
		};
		A99F71EE1717535000172B13 /* Resources */ = {
			isa = PBXResourcesBuildPhase;
			buildActionMask = 2147483647;
			files = (
				A99F71FD1717535000172B13 /* InfoPlist.strings in Resources */,
			);
			runOnlyForDeploymentPostprocessing = 0;
		};
/* End PBXResourcesBuildPhase section */

/* Begin PBXShellScriptBuildPhase section */
		A99F71EF1717535000172B13 /* ShellScript */ = {
			isa = PBXShellScriptBuildPhase;
			buildActionMask = 2147483647;
			files = (
			);
			inputPaths = (
			);
			outputPaths = (
			);
			runOnlyForDeploymentPostprocessing = 0;
			shellPath = /bin/sh;
			shellScript = "# Run the unit tests in this test bundle.\n\"${SYSTEM_DEVELOPER_DIR}/Tools/RunUnitTests\"\n";
		};
/* End PBXShellScriptBuildPhase section */

/* Begin PBXSourcesBuildPhase section */
		A99F71C41717535000172B13 /* Sources */ = {
			isa = PBXSourcesBuildPhase;
			buildActionMask = 2147483647;
			files = (
				A99F71D81717535000172B13 /* main.m in Sources */,
				A99F71DC1717535000172B13 /* CPAppDelegate.m in Sources */,
				A99F71EB1717535000172B13 /* CPViewController.m in Sources */,
				7B38C65A171CA43F00B53A52 /* DataManager.m in Sources */,
				7B346713171CDA0A00B73449 /* GMGridView.m in Sources */,
				7B346714171CDA0A00B73449 /* GMGridViewCell.m in Sources */,
				7B346715171CDA0A00B73449 /* GMGridViewLayoutStrategies.m in Sources */,
				7B346716171CDA0A00B73449 /* UIGestureRecognizer+GMGridViewAdditions.m in Sources */,
				7B346717171CDA0A00B73449 /* UIView+GMGridViewAdditions.m in Sources */,
				7B34672A171CE35E00B73449 /* EGOCache.m in Sources */,
				7B34672B171CE35E00B73449 /* EGOImageButton.m in Sources */,
				7B34672C171CE35E00B73449 /* EGOImageLoadConnection.m in Sources */,
				7B34672D171CE35E00B73449 /* EGOImageLoader.m in Sources */,
				7B34672E171CE35E00B73449 /* EGOImageView.m in Sources */,
				7B737896171E109D004A16F4 /* Reachability.m in Sources */,
				7BD22228171F324500E66FD5 /* NSString+NXOAuth2.m in Sources */,
				7BD22229171F324500E66FD5 /* NSURL+NXOAuth2.m in Sources */,
				7BD2222A171F324500E66FD5 /* NXOAuth2AccessToken.m in Sources */,
				7BD2222B171F324500E66FD5 /* NXOAuth2Client.m in Sources */,
				7BD2222C171F324500E66FD5 /* NXOAuth2Connection.m in Sources */,
				7BD2222D171F324500E66FD5 /* NXOAuth2Constants.m in Sources */,
				7BD2222E171F324500E66FD5 /* NXOAuth2FileStreamWrapper.m in Sources */,
				7BD2222F171F324500E66FD5 /* NXOAuth2PostBodyPart.m in Sources */,
				7BD22230171F324500E66FD5 /* NXOAuth2PostBodyStream.m in Sources */,
				7BD2224D171F396100E66FD5 /* GSSUser.m in Sources */,
				7BD22268171F40E900E66FD5 /* NSObject+SBJson.m in Sources */,
				7BD22269171F40E900E66FD5 /* SBJsonParser.m in Sources */,
				7BD2226A171F40E900E66FD5 /* SBJsonStreamParser.m in Sources */,
				7BD2226B171F40E900E66FD5 /* SBJsonStreamParserAccumulator.m in Sources */,
				7BD2226C171F40E900E66FD5 /* SBJsonStreamParserAdapter.m in Sources */,
				7BD2226D171F40E900E66FD5 /* SBJsonStreamParserState.m in Sources */,
				7BD2226E171F40E900E66FD5 /* SBJsonStreamWriter.m in Sources */,
				7BD2226F171F40E900E66FD5 /* SBJsonStreamWriterAccumulator.m in Sources */,
				7BD22270171F40E900E66FD5 /* SBJsonStreamWriterState.m in Sources */,
				7BD22271171F40E900E66FD5 /* SBJsonTokeniser.m in Sources */,
				7BD22272171F40E900E66FD5 /* SBJsonUTF8Stream.m in Sources */,
				7BD22273171F40E900E66FD5 /* SBJsonWriter.m in Sources */,
				7BD2227C171F435600E66FD5 /* GSSSession.m in Sources */,
				7BA18EEC1721C5E000B88255 /* GSSParseQueryHelper.m in Sources */,
				7B2CD3891725AADB006380F3 /* CPLogInViewController.m in Sources */,
				7B2CD3AA17260F9B006380F3 /* CPPasteboardView.m in Sources */,
				7B4B76BC1727628F00B1D810 /* NSData+Base64.m in Sources */,
				7B4B76C01727684400B1D810 /* CPTextView.m in Sources */,
				7BAD0E77172856D700A474AB /* SVProgressHUD.m in Sources */,
				7B4574EA17287D2500675AE5 /* CPMessage.m in Sources */,
				7B4574EF172884EE00675AE5 /* GSSUtils.m in Sources */,
				7B4574F317288AEE00675AE5 /* CPMessageView.m in Sources */,
				7B4575251728A72500675AE5 /* UIBarButtonItem+WEPopover.m in Sources */,
				7B4575261728A72500675AE5 /* WEPopoverContainerView.m in Sources */,
				7B4575271728A72500675AE5 /* WEPopoverController.m in Sources */,
				7B4575281728A72500675AE5 /* WETouchableView.m in Sources */,
				7B45752C1728A7E000675AE5 /* CPProfileViewController.m in Sources */,
				7B41E4841729CADA002157DF /* CPUser.m in Sources */,
			);
			runOnlyForDeploymentPostprocessing = 0;
		};
		A99F71EC1717535000172B13 /* Sources */ = {
			isa = PBXSourcesBuildPhase;
			buildActionMask = 2147483647;
			files = (
				A99F72001717535000172B13 /* copypasteTests.m in Sources */,
			);
			runOnlyForDeploymentPostprocessing = 0;
		};
/* End PBXSourcesBuildPhase section */

/* Begin PBXTargetDependency section */
		A99F71F71717535000172B13 /* PBXTargetDependency */ = {
			isa = PBXTargetDependency;
			target = A99F71C71717535000172B13 /* copypaste */;
			targetProxy = A99F71F61717535000172B13 /* PBXContainerItemProxy */;
		};
/* End PBXTargetDependency section */

/* Begin PBXVariantGroup section */
		A99F71D41717535000172B13 /* InfoPlist.strings */ = {
			isa = PBXVariantGroup;
			children = (
				A99F71D51717535000172B13 /* en */,
			);
			name = InfoPlist.strings;
			sourceTree = "<group>";
		};
		A99F71E31717535000172B13 /* MainStoryboard_iPhone.storyboard */ = {
			isa = PBXVariantGroup;
			children = (
				A99F71E41717535000172B13 /* en */,
			);
			name = MainStoryboard_iPhone.storyboard;
			sourceTree = "<group>";
		};
		A99F71E61717535000172B13 /* MainStoryboard_iPad.storyboard */ = {
			isa = PBXVariantGroup;
			children = (
				A99F71E71717535000172B13 /* en */,
			);
			name = MainStoryboard_iPad.storyboard;
			sourceTree = "<group>";
		};
		A99F71FB1717535000172B13 /* InfoPlist.strings */ = {
			isa = PBXVariantGroup;
			children = (
				A99F71FC1717535000172B13 /* en */,
			);
			name = InfoPlist.strings;
			sourceTree = "<group>";
		};
/* End PBXVariantGroup section */

/* Begin XCBuildConfiguration section */
		A99F72011717535000172B13 /* Debug */ = {
			isa = XCBuildConfiguration;
			buildSettings = {
				ALWAYS_SEARCH_USER_PATHS = NO;
				CLANG_CXX_LANGUAGE_STANDARD = "gnu++0x";
				CLANG_CXX_LIBRARY = "libc++";
				CLANG_ENABLE_OBJC_ARC = YES;
				CLANG_WARN_CONSTANT_CONVERSION = YES;
				CLANG_WARN_EMPTY_BODY = YES;
				CLANG_WARN_ENUM_CONVERSION = YES;
				CLANG_WARN_INT_CONVERSION = YES;
				CLANG_WARN__DUPLICATE_METHOD_MATCH = YES;
				"CODE_SIGN_IDENTITY[sdk=iphoneos*]" = "iPhone Developer";
				COPY_PHASE_STRIP = NO;
				GCC_C_LANGUAGE_STANDARD = gnu99;
				GCC_DYNAMIC_NO_PIC = NO;
				GCC_OPTIMIZATION_LEVEL = 0;
				GCC_PREPROCESSOR_DEFINITIONS = (
					"DEBUG=1",
					"$(inherited)",
				);
				GCC_SYMBOLS_PRIVATE_EXTERN = NO;
				GCC_WARN_ABOUT_RETURN_TYPE = YES;
				GCC_WARN_UNINITIALIZED_AUTOS = YES;
				GCC_WARN_UNUSED_VARIABLE = YES;
				IPHONEOS_DEPLOYMENT_TARGET = 5.0;
				ONLY_ACTIVE_ARCH = YES;
				SDKROOT = iphoneos;
				TARGETED_DEVICE_FAMILY = "1,2";
			};
			name = Debug;
		};
		A99F72021717535000172B13 /* Release */ = {
			isa = XCBuildConfiguration;
			buildSettings = {
				ALWAYS_SEARCH_USER_PATHS = NO;
				CLANG_CXX_LANGUAGE_STANDARD = "gnu++0x";
				CLANG_CXX_LIBRARY = "libc++";
				CLANG_ENABLE_OBJC_ARC = YES;
				CLANG_WARN_CONSTANT_CONVERSION = YES;
				CLANG_WARN_EMPTY_BODY = YES;
				CLANG_WARN_ENUM_CONVERSION = YES;
				CLANG_WARN_INT_CONVERSION = YES;
				CLANG_WARN__DUPLICATE_METHOD_MATCH = YES;
				"CODE_SIGN_IDENTITY[sdk=iphoneos*]" = "iPhone Developer";
				COPY_PHASE_STRIP = YES;
				GCC_C_LANGUAGE_STANDARD = gnu99;
				GCC_WARN_ABOUT_RETURN_TYPE = YES;
				GCC_WARN_UNINITIALIZED_AUTOS = YES;
				GCC_WARN_UNUSED_VARIABLE = YES;
				IPHONEOS_DEPLOYMENT_TARGET = 5.0;
				OTHER_CFLAGS = "-DNS_BLOCK_ASSERTIONS=1";
				SDKROOT = iphoneos;
				TARGETED_DEVICE_FAMILY = "1,2";
				VALIDATE_PRODUCT = YES;
			};
			name = Release;
		};
		A99F72041717535000172B13 /* Debug */ = {
			isa = XCBuildConfiguration;
			buildSettings = {
				FRAMEWORK_SEARCH_PATHS = (
					"$(inherited)",
					"\"$(SRCROOT)/copypaste/SDKs\"",
					"\"$(SRCROOT)/copypaste/Support\"",
				);
				GCC_PRECOMPILE_PREFIX_HEADER = YES;
				GCC_PREFIX_HEADER = "copypaste/copypaste-Prefix.pch";
				INFOPLIST_FILE = "copypaste/copypaste-Info.plist";
				OTHER_LDFLAGS = (
					"-lsqlite3.0",
					"-ObjC",
				);
				PRODUCT_NAME = "$(TARGET_NAME)";
				WRAPPER_EXTENSION = app;
			};
			name = Debug;
		};
		A99F72051717535000172B13 /* Release */ = {
			isa = XCBuildConfiguration;
			buildSettings = {
				FRAMEWORK_SEARCH_PATHS = (
					"$(inherited)",
					"\"$(SRCROOT)/copypaste/SDKs\"",
					"\"$(SRCROOT)/copypaste/Support\"",
				);
				GCC_PRECOMPILE_PREFIX_HEADER = YES;
				GCC_PREFIX_HEADER = "copypaste/copypaste-Prefix.pch";
				INFOPLIST_FILE = "copypaste/copypaste-Info.plist";
				OTHER_LDFLAGS = (
					"-lsqlite3.0",
					"-ObjC",
				);
				PRODUCT_NAME = "$(TARGET_NAME)";
				WRAPPER_EXTENSION = app;
			};
			name = Release;
		};
		A99F72071717535000172B13 /* Debug */ = {
			isa = XCBuildConfiguration;
			buildSettings = {
				BUNDLE_LOADER = "$(BUILT_PRODUCTS_DIR)/copypaste.app/copypaste";
				FRAMEWORK_SEARCH_PATHS = (
					"\"$(SDKROOT)/Developer/Library/Frameworks\"",
					"\"$(DEVELOPER_LIBRARY_DIR)/Frameworks\"",
				);
				GCC_PRECOMPILE_PREFIX_HEADER = YES;
				GCC_PREFIX_HEADER = "copypaste/copypaste-Prefix.pch";
				INFOPLIST_FILE = "copypasteTests/copypasteTests-Info.plist";
				PRODUCT_NAME = "$(TARGET_NAME)";
				TEST_HOST = "$(BUNDLE_LOADER)";
				WRAPPER_EXTENSION = octest;
			};
			name = Debug;
		};
		A99F72081717535000172B13 /* Release */ = {
			isa = XCBuildConfiguration;
			buildSettings = {
				BUNDLE_LOADER = "$(BUILT_PRODUCTS_DIR)/copypaste.app/copypaste";
				FRAMEWORK_SEARCH_PATHS = (
					"\"$(SDKROOT)/Developer/Library/Frameworks\"",
					"\"$(DEVELOPER_LIBRARY_DIR)/Frameworks\"",
				);
				GCC_PRECOMPILE_PREFIX_HEADER = YES;
				GCC_PREFIX_HEADER = "copypaste/copypaste-Prefix.pch";
				INFOPLIST_FILE = "copypasteTests/copypasteTests-Info.plist";
				PRODUCT_NAME = "$(TARGET_NAME)";
				TEST_HOST = "$(BUNDLE_LOADER)";
				WRAPPER_EXTENSION = octest;
			};
			name = Release;
		};
/* End XCBuildConfiguration section */

/* Begin XCConfigurationList section */
		A99F71C31717534F00172B13 /* Build configuration list for PBXProject "copypaste" */ = {
			isa = XCConfigurationList;
			buildConfigurations = (
				A99F72011717535000172B13 /* Debug */,
				A99F72021717535000172B13 /* Release */,
			);
			defaultConfigurationIsVisible = 0;
			defaultConfigurationName = Release;
		};
		A99F72031717535000172B13 /* Build configuration list for PBXNativeTarget "copypaste" */ = {
			isa = XCConfigurationList;
			buildConfigurations = (
				A99F72041717535000172B13 /* Debug */,
				A99F72051717535000172B13 /* Release */,
			);
			defaultConfigurationIsVisible = 0;
			defaultConfigurationName = Release;
		};
		A99F72061717535000172B13 /* Build configuration list for PBXNativeTarget "copypasteTests" */ = {
			isa = XCConfigurationList;
			buildConfigurations = (
				A99F72071717535000172B13 /* Debug */,
				A99F72081717535000172B13 /* Release */,
			);
			defaultConfigurationIsVisible = 0;
			defaultConfigurationName = Release;
		};
/* End XCConfigurationList section */
	};
	rootObject = A99F71C01717534F00172B13 /* Project object */;
}
